Microsoft Visual Studio Solution File, Format Version 8.00
Project("{FAE04EC0-301F-11D3-BF4B-00C04F79EFBC}") = "ConsoleApplication1", "Samples\Sample1\ConsoleApplication1.csproj", "{747F9F66-4C99-491A-B83E-42E782DDEC8D}"
	ProjectSection(ProjectDependencies) = postProject
	EndProjectSection
EndProject
Project("{FAE04EC0-301F-11D3-BF4B-00C04F79EFBC}") = "DesignByContract1", "Samples\DesignByContract1\DesignByContract1.csproj", "{36470D20-F4B1-4C05-B989-BB6F4573F0DB}"
	ProjectSection(ProjectDependencies) = postProject
	EndProjectSection
EndProject
Project("{FAE04EC0-301F-11D3-BF4B-00C04F79EFBC}") = "OneWayAsyncCalls", "Samples\OneWayAsyncCalls\OneWayAsyncCalls.csproj", "{E73C1A11-1610-4A17-AFBD-3458C87C77B5}"
	ProjectSection(ProjectDependencies) = postProject
	EndProjectSection
EndProject
Project("{FAE04EC0-301F-11D3-BF4B-00C04F79EFBC}") = "Puzzle.NAspect.Framework", "Framework\Puzzle.NAspect.Framework.csproj", "{D08F9A33-6D4E-43E9-86F2-8E79EC115B9E}"
	ProjectSection(ProjectDependencies) = postProject
	EndProjectSection
EndProject
Project("{FAE04EC0-301F-11D3-BF4B-00C04F79EFBC}") = "Test1", "Tests\Test1\Test1.csproj", "{28B33D1D-21E2-49F5-B586-A2C86B19FE09}"
	ProjectSection(ProjectDependencies) = postProject
	EndProjectSection
EndProject
Project("{FAE04EC0-301F-11D3-BF4B-00C04F79EFBC}") = "Puzzle.NCore.Framework", "..\NCore\Framework\Puzzle.NCore.Framework.csproj", "{5FB1569E-253E-42A7-A4E8-B4651FC6DCA2}"
	ProjectSection(ProjectDependencies) = postProject
	EndProjectSection
EndProject
Global
	GlobalSection(SolutionConfiguration) = preSolution
		Debug = Debug
		Release = Release
	EndGlobalSection
	GlobalSection(ProjectConfiguration) = postSolution
		{747F9F66-4C99-491A-B83E-42E782DDEC8D}.Debug.ActiveCfg = Debug|.NET
		{747F9F66-4C99-491A-B83E-42E782DDEC8D}.Debug.Build.0 = Debug|.NET
		{747F9F66-4C99-491A-B83E-42E782DDEC8D}.Release.ActiveCfg = Release|.NET
		{747F9F66-4C99-491A-B83E-42E782DDEC8D}.Release.Build.0 = Release|.NET
		{36470D20-F4B1-4C05-B989-BB6F4573F0DB}.Debug.ActiveCfg = Debug|.NET
		{36470D20-F4B1-4C05-B989-BB6F4573F0DB}.Debug.Build.0 = Debug|.NET
		{36470D20-F4B1-4C05-B989-BB6F4573F0DB}.Release.ActiveCfg = Release|.NET
		{36470D20-F4B1-4C05-B989-BB6F4573F0DB}.Release.Build.0 = Release|.NET
		{E73C1A11-1610-4A17-AFBD-3458C87C77B5}.Debug.ActiveCfg = Debug|.NET
		{E73C1A11-1610-4A17-AFBD-3458C87C77B5}.Debug.Build.0 = Debug|.NET
		{E73C1A11-1610-4A17-AFBD-3458C87C77B5}.Release.ActiveCfg = Release|.NET
		{E73C1A11-1610-4A17-AFBD-3458C87C77B5}.Release.Build.0 = Release|.NET
		{D08F9A33-6D4E-43E9-86F2-8E79EC115B9E}.Debug.ActiveCfg = Debug|.NET
		{D08F9A33-6D4E-43E9-86F2-8E79EC115B9E}.Debug.Build.0 = Debug|.NET
		{D08F9A33-6D4E-43E9-86F2-8E79EC115B9E}.Release.ActiveCfg = Release|.NET
		{D08F9A33-6D4E-43E9-86F2-8E79EC115B9E}.Release.Build.0 = Release|.NET
		{28B33D1D-21E2-49F5-B586-A2C86B19FE09}.Debug.ActiveCfg = Debug|.NET
		{28B33D1D-21E2-49F5-B586-A2C86B19FE09}.Release.ActiveCfg = Release|.NET
		{28B33D1D-21E2-49F5-B586-A2C86B19FE09}.Release.Build.0 = Release|.NET
		{5FB1569E-253E-42A7-A4E8-B4651FC6DCA2}.Debug.ActiveCfg = Debug|.NET
		{5FB1569E-253E-42A7-A4E8-B4651FC6DCA2}.Debug.Build.0 = Debug|.NET
		{5FB1569E-253E-42A7-A4E8-B4651FC6DCA2}.Release.ActiveCfg = Release|.NET
		{5FB1569E-253E-42A7-A4E8-B4651FC6DCA2}.Release.Build.0 = Release|.NET
	EndGlobalSection
	GlobalSection(ExtensibilityGlobals) = postSolution
	EndGlobalSection
	GlobalSection(ExtensibilityAddIns) = postSolution
	EndGlobalSection
	GlobalSection(DPCodeReviewSolutionGUID) = preSolution
		DPCodeReviewSolutionGUID = {00000000-0000-0000-0000-000000000000}
	EndGlobalSection
EndGlobal
