
Microsoft Visual Studio Solution File, Format Version 9.00
# Visual Studio 2005
Project("{FAE04EC0-301F-11D3-BF4B-00C04F79EFBC}") = "Puzzle.NAspect.Framework.NET 2.0", "Framework\Puzzle.NAspect.Framework.NET 2.0.csproj", "{D08F9A33-6D4E-43E9-86F2-8E79EC115B9E}"
EndProject
Project("{FAE04EC0-301F-11D3-BF4B-00C04F79EFBC}") = "Puzzle.NCore.Framework NET 2.0", "..\NCore\Framework\Puzzle.NCore.Framework NET 2.0.csproj", "{5FB1569E-253E-42A7-A4E8-B4651FC6DCA2}"
EndProject
Project("{FAE04EC0-301F-11D3-BF4B-00C04F79EFBC}") = "TestProject1", "Tests\NET 2.0\TestProject1\TestProject1\TestProject1.csproj", "{CCAD4EE0-C75F-48AE-9F71-72D01B8F7192}"
EndProject
Project("{2150E333-8FDC-42A3-9474-1A3956D46DE8}") = "Solution items", "Solution items", "{99A257AC-985B-4817-AFB8-3A33F9CC2333}"
	ProjectSection(SolutionItems) = preProject
		Puzzle.NAspect.Framework.NET 2.0.vsmdi = Puzzle.NAspect.Framework.NET 2.0.vsmdi
		TestRunConfig1.testrunconfig = TestRunConfig1.testrunconfig
	EndProjectSection
EndProject
Project("{2150E333-8FDC-42A3-9474-1A3956D46DE8}") = "DebuggerVisualizer", "DebuggerVisualizer", "{66010D44-F7A6-414C-AE9B-E9218B2BF4F2}"
EndProject
Project("{2150E333-8FDC-42A3-9474-1A3956D46DE8}") = "UnitTests", "UnitTests", "{981884B9-FBE6-4275-AD4A-1888D9EAB87E}"
EndProject
Project("{FAE04EC0-301F-11D3-BF4B-00C04F79EFBC}") = "Puzzle.Naspect.Debug", "Debugger\Puzzle.Naspect.Debug\Puzzle.Naspect.Debug.csproj", "{D50AB15F-D86B-4BA5-8E8C-95D4E9608B66}"
EndProject
Project("{2150E333-8FDC-42A3-9474-1A3956D46DE8}") = "Samples", "Samples", "{D4C26F7D-0E7B-4055-B845-93E60727D830}"
EndProject
Project("{FAE04EC0-301F-11D3-BF4B-00C04F79EFBC}") = "CacheSample", "Samples\NET2\CacheSample\CacheSample.csproj", "{92EEDA64-66CF-49FD-AFD9-2C404B360C55}"
EndProject
Project("{FAE04EC0-301F-11D3-BF4B-00C04F79EFBC}") = "StandardAspects", "StandardAspects\StandardAspects.csproj", "{7D005BEB-DAFD-4299-A092-46938977B145}"
EndProject
Global
	GlobalSection(TestCaseManagementSettings) = postSolution
		CategoryFile = Puzzle.NAspect.Framework.NET 2.0.vsmdi
	EndGlobalSection
	GlobalSection(SolutionConfigurationPlatforms) = preSolution
		Debug|Any CPU = Debug|Any CPU
		Release|Any CPU = Release|Any CPU
	EndGlobalSection
	GlobalSection(ProjectConfigurationPlatforms) = postSolution
		{D08F9A33-6D4E-43E9-86F2-8E79EC115B9E}.Debug|Any CPU.ActiveCfg = Debug|Any CPU
		{D08F9A33-6D4E-43E9-86F2-8E79EC115B9E}.Debug|Any CPU.Build.0 = Debug|Any CPU
		{D08F9A33-6D4E-43E9-86F2-8E79EC115B9E}.Release|Any CPU.ActiveCfg = Release|Any CPU
		{D08F9A33-6D4E-43E9-86F2-8E79EC115B9E}.Release|Any CPU.Build.0 = Release|Any CPU
		{5FB1569E-253E-42A7-A4E8-B4651FC6DCA2}.Debug|Any CPU.ActiveCfg = Debug|Any CPU
		{5FB1569E-253E-42A7-A4E8-B4651FC6DCA2}.Debug|Any CPU.Build.0 = Debug|Any CPU
		{5FB1569E-253E-42A7-A4E8-B4651FC6DCA2}.Release|Any CPU.ActiveCfg = Release|Any CPU
		{5FB1569E-253E-42A7-A4E8-B4651FC6DCA2}.Release|Any CPU.Build.0 = Release|Any CPU
		{CCAD4EE0-C75F-48AE-9F71-72D01B8F7192}.Debug|Any CPU.ActiveCfg = Debug|Any CPU
		{CCAD4EE0-C75F-48AE-9F71-72D01B8F7192}.Debug|Any CPU.Build.0 = Debug|Any CPU
		{CCAD4EE0-C75F-48AE-9F71-72D01B8F7192}.Release|Any CPU.ActiveCfg = Release|Any CPU
		{CCAD4EE0-C75F-48AE-9F71-72D01B8F7192}.Release|Any CPU.Build.0 = Release|Any CPU
		{D50AB15F-D86B-4BA5-8E8C-95D4E9608B66}.Debug|Any CPU.ActiveCfg = Debug|Any CPU
		{D50AB15F-D86B-4BA5-8E8C-95D4E9608B66}.Debug|Any CPU.Build.0 = Debug|Any CPU
		{D50AB15F-D86B-4BA5-8E8C-95D4E9608B66}.Release|Any CPU.ActiveCfg = Release|Any CPU
		{D50AB15F-D86B-4BA5-8E8C-95D4E9608B66}.Release|Any CPU.Build.0 = Release|Any CPU
		{92EEDA64-66CF-49FD-AFD9-2C404B360C55}.Debug|Any CPU.ActiveCfg = Debug|Any CPU
		{92EEDA64-66CF-49FD-AFD9-2C404B360C55}.Debug|Any CPU.Build.0 = Debug|Any CPU
		{92EEDA64-66CF-49FD-AFD9-2C404B360C55}.Release|Any CPU.ActiveCfg = Release|Any CPU
		{92EEDA64-66CF-49FD-AFD9-2C404B360C55}.Release|Any CPU.Build.0 = Release|Any CPU
		{7D005BEB-DAFD-4299-A092-46938977B145}.Debug|Any CPU.ActiveCfg = Debug|Any CPU
		{7D005BEB-DAFD-4299-A092-46938977B145}.Debug|Any CPU.Build.0 = Debug|Any CPU
		{7D005BEB-DAFD-4299-A092-46938977B145}.Release|Any CPU.ActiveCfg = Release|Any CPU
		{7D005BEB-DAFD-4299-A092-46938977B145}.Release|Any CPU.Build.0 = Release|Any CPU
	EndGlobalSection
	GlobalSection(SolutionProperties) = preSolution
		HideSolutionNode = FALSE
	EndGlobalSection
	GlobalSection(NestedProjects) = preSolution
		{CCAD4EE0-C75F-48AE-9F71-72D01B8F7192} = {981884B9-FBE6-4275-AD4A-1888D9EAB87E}
		{D50AB15F-D86B-4BA5-8E8C-95D4E9608B66} = {66010D44-F7A6-414C-AE9B-E9218B2BF4F2}
		{92EEDA64-66CF-49FD-AFD9-2C404B360C55} = {D4C26F7D-0E7B-4055-B845-93E60727D830}
	EndGlobalSection
EndGlobal
