
Microsoft Visual Studio Solution File, Format Version 12.00
# Visual Studio Version 16
VisualStudioVersion = 16.0.30804.86
MinimumVisualStudioVersion = 10.0.40219.1
Project("{FAE04EC0-301F-11D3-BF4B-00C04F79EFBC}") = "JJ.Demos.CollectionConversion", "Demos\CollectionConversion\JJ.Demos.CollectionConversion.csproj", "{1FA22B2B-4B50-415C-9204-E5A3F8C9A97F}"
EndProject
Project("{FAE04EC0-301F-11D3-BF4B-00C04F79EFBC}") = "JJ.Demos.JavaScript", "Demos\JavaScript\JJ.Demos.JavaScript.csproj", "{E836A5E1-6D7B-497A-A6F3-D6D6117D2EBC}"
EndProject
Project("{FAE04EC0-301F-11D3-BF4B-00C04F79EFBC}") = "JJ.Demos.Misc", "Demos\Misc\JJ.Demos.Misc.csproj", "{62CA5AED-85D7-43CA-9410-7C6E7CDB4A34}"
EndProject
Project("{FAE04EC0-301F-11D3-BF4B-00C04F79EFBC}") = "JJ.Demos.IndexersProposal", "Demos\IndexersProposal\JJ.Demos.IndexersProposal.csproj", "{ECA34D4E-CA6B-4000-AB52-3316126D2F02}"
EndProject
Project("{2150E333-8FDC-42A3-9474-1A3956D46DE8}") = "Solution Items", "Solution Items", "{AFD0666D-284B-462F-A029-26226B86E3AB}"
	ProjectSection(SolutionItems) = preProject
		LICENSE.TXT = LICENSE.TXT
		THIRD PARTY LICENSE.TXT = THIRD PARTY LICENSE.TXT
	EndProjectSection
EndProject
Global
	GlobalSection(SolutionConfigurationPlatforms) = preSolution
		Debug|Any CPU = Debug|Any CPU
		Debug|Mixed Platforms = Debug|Mixed Platforms
		Debug|x64 = Debug|x64
		Debug|x86 = Debug|x86
		NPDebug|Any CPU = NPDebug|Any CPU
		NPDebug|Mixed Platforms = NPDebug|Mixed Platforms
		NPDebug|x64 = NPDebug|x64
		NPDebug|x86 = NPDebug|x86
		Release|Any CPU = Release|Any CPU
		Release|Mixed Platforms = Release|Mixed Platforms
		Release|x64 = Release|x64
		Release|x86 = Release|x86
	EndGlobalSection
	GlobalSection(ProjectConfigurationPlatforms) = postSolution
		{1FA22B2B-4B50-415C-9204-E5A3F8C9A97F}.Debug|Any CPU.ActiveCfg = Debug|Any CPU
		{1FA22B2B-4B50-415C-9204-E5A3F8C9A97F}.Debug|Any CPU.Build.0 = Debug|Any CPU
		{1FA22B2B-4B50-415C-9204-E5A3F8C9A97F}.Debug|Mixed Platforms.ActiveCfg = Debug|Any CPU
		{1FA22B2B-4B50-415C-9204-E5A3F8C9A97F}.Debug|Mixed Platforms.Build.0 = Debug|Any CPU
		{1FA22B2B-4B50-415C-9204-E5A3F8C9A97F}.Debug|x64.ActiveCfg = Debug|Any CPU
		{1FA22B2B-4B50-415C-9204-E5A3F8C9A97F}.Debug|x86.ActiveCfg = Debug|Any CPU
		{1FA22B2B-4B50-415C-9204-E5A3F8C9A97F}.NPDebug|Any CPU.ActiveCfg = Debug|Any CPU
		{1FA22B2B-4B50-415C-9204-E5A3F8C9A97F}.NPDebug|Any CPU.Build.0 = Debug|Any CPU
		{1FA22B2B-4B50-415C-9204-E5A3F8C9A97F}.NPDebug|Mixed Platforms.ActiveCfg = Release|Any CPU
		{1FA22B2B-4B50-415C-9204-E5A3F8C9A97F}.NPDebug|Mixed Platforms.Build.0 = Release|Any CPU
		{1FA22B2B-4B50-415C-9204-E5A3F8C9A97F}.NPDebug|x64.ActiveCfg = Debug|Any CPU
		{1FA22B2B-4B50-415C-9204-E5A3F8C9A97F}.NPDebug|x86.ActiveCfg = Debug|Any CPU
		{1FA22B2B-4B50-415C-9204-E5A3F8C9A97F}.Release|Any CPU.ActiveCfg = Release|Any CPU
		{1FA22B2B-4B50-415C-9204-E5A3F8C9A97F}.Release|Any CPU.Build.0 = Release|Any CPU
		{1FA22B2B-4B50-415C-9204-E5A3F8C9A97F}.Release|Mixed Platforms.ActiveCfg = Release|Any CPU
		{1FA22B2B-4B50-415C-9204-E5A3F8C9A97F}.Release|Mixed Platforms.Build.0 = Release|Any CPU
		{1FA22B2B-4B50-415C-9204-E5A3F8C9A97F}.Release|x64.ActiveCfg = Release|Any CPU
		{1FA22B2B-4B50-415C-9204-E5A3F8C9A97F}.Release|x86.ActiveCfg = Release|Any CPU
		{E836A5E1-6D7B-497A-A6F3-D6D6117D2EBC}.Debug|Any CPU.ActiveCfg = Debug|Any CPU
		{E836A5E1-6D7B-497A-A6F3-D6D6117D2EBC}.Debug|Any CPU.Build.0 = Debug|Any CPU
		{E836A5E1-6D7B-497A-A6F3-D6D6117D2EBC}.Debug|Mixed Platforms.ActiveCfg = Debug|Any CPU
		{E836A5E1-6D7B-497A-A6F3-D6D6117D2EBC}.Debug|Mixed Platforms.Build.0 = Debug|Any CPU
		{E836A5E1-6D7B-497A-A6F3-D6D6117D2EBC}.Debug|x64.ActiveCfg = Debug|Any CPU
		{E836A5E1-6D7B-497A-A6F3-D6D6117D2EBC}.Debug|x86.ActiveCfg = Debug|Any CPU
		{E836A5E1-6D7B-497A-A6F3-D6D6117D2EBC}.NPDebug|Any CPU.ActiveCfg = Debug|Any CPU
		{E836A5E1-6D7B-497A-A6F3-D6D6117D2EBC}.NPDebug|Any CPU.Build.0 = Debug|Any CPU
		{E836A5E1-6D7B-497A-A6F3-D6D6117D2EBC}.NPDebug|Mixed Platforms.ActiveCfg = Release|Any CPU
		{E836A5E1-6D7B-497A-A6F3-D6D6117D2EBC}.NPDebug|Mixed Platforms.Build.0 = Release|Any CPU
		{E836A5E1-6D7B-497A-A6F3-D6D6117D2EBC}.NPDebug|x64.ActiveCfg = Debug|Any CPU
		{E836A5E1-6D7B-497A-A6F3-D6D6117D2EBC}.NPDebug|x86.ActiveCfg = Debug|Any CPU
		{E836A5E1-6D7B-497A-A6F3-D6D6117D2EBC}.Release|Any CPU.ActiveCfg = Release|Any CPU
		{E836A5E1-6D7B-497A-A6F3-D6D6117D2EBC}.Release|Any CPU.Build.0 = Release|Any CPU
		{E836A5E1-6D7B-497A-A6F3-D6D6117D2EBC}.Release|Mixed Platforms.ActiveCfg = Release|Any CPU
		{E836A5E1-6D7B-497A-A6F3-D6D6117D2EBC}.Release|Mixed Platforms.Build.0 = Release|Any CPU
		{E836A5E1-6D7B-497A-A6F3-D6D6117D2EBC}.Release|x64.ActiveCfg = Release|Any CPU
		{E836A5E1-6D7B-497A-A6F3-D6D6117D2EBC}.Release|x86.ActiveCfg = Release|Any CPU
		{62CA5AED-85D7-43CA-9410-7C6E7CDB4A34}.Debug|Any CPU.ActiveCfg = Debug|Any CPU
		{62CA5AED-85D7-43CA-9410-7C6E7CDB4A34}.Debug|Any CPU.Build.0 = Debug|Any CPU
		{62CA5AED-85D7-43CA-9410-7C6E7CDB4A34}.Debug|Mixed Platforms.ActiveCfg = Debug|Any CPU
		{62CA5AED-85D7-43CA-9410-7C6E7CDB4A34}.Debug|Mixed Platforms.Build.0 = Debug|Any CPU
		{62CA5AED-85D7-43CA-9410-7C6E7CDB4A34}.Debug|x64.ActiveCfg = Debug|Any CPU
		{62CA5AED-85D7-43CA-9410-7C6E7CDB4A34}.Debug|x86.ActiveCfg = Debug|Any CPU
		{62CA5AED-85D7-43CA-9410-7C6E7CDB4A34}.NPDebug|Any CPU.ActiveCfg = Debug|Any CPU
		{62CA5AED-85D7-43CA-9410-7C6E7CDB4A34}.NPDebug|Any CPU.Build.0 = Debug|Any CPU
		{62CA5AED-85D7-43CA-9410-7C6E7CDB4A34}.NPDebug|Mixed Platforms.ActiveCfg = Release|Any CPU
		{62CA5AED-85D7-43CA-9410-7C6E7CDB4A34}.NPDebug|Mixed Platforms.Build.0 = Release|Any CPU
		{62CA5AED-85D7-43CA-9410-7C6E7CDB4A34}.NPDebug|x64.ActiveCfg = Debug|Any CPU
		{62CA5AED-85D7-43CA-9410-7C6E7CDB4A34}.NPDebug|x86.ActiveCfg = Debug|Any CPU
		{62CA5AED-85D7-43CA-9410-7C6E7CDB4A34}.Release|Any CPU.ActiveCfg = Release|Any CPU
		{62CA5AED-85D7-43CA-9410-7C6E7CDB4A34}.Release|Any CPU.Build.0 = Release|Any CPU
		{62CA5AED-85D7-43CA-9410-7C6E7CDB4A34}.Release|Mixed Platforms.ActiveCfg = Release|Any CPU
		{62CA5AED-85D7-43CA-9410-7C6E7CDB4A34}.Release|Mixed Platforms.Build.0 = Release|Any CPU
		{62CA5AED-85D7-43CA-9410-7C6E7CDB4A34}.Release|x64.ActiveCfg = Release|Any CPU
		{62CA5AED-85D7-43CA-9410-7C6E7CDB4A34}.Release|x86.ActiveCfg = Release|Any CPU
		{ECA34D4E-CA6B-4000-AB52-3316126D2F02}.Debug|Any CPU.ActiveCfg = Debug|Any CPU
		{ECA34D4E-CA6B-4000-AB52-3316126D2F02}.Debug|Mixed Platforms.ActiveCfg = Debug|Any CPU
		{ECA34D4E-CA6B-4000-AB52-3316126D2F02}.Debug|x64.ActiveCfg = Debug|Any CPU
		{ECA34D4E-CA6B-4000-AB52-3316126D2F02}.Debug|x64.Build.0 = Debug|Any CPU
		{ECA34D4E-CA6B-4000-AB52-3316126D2F02}.Debug|x86.ActiveCfg = Debug|Any CPU
		{ECA34D4E-CA6B-4000-AB52-3316126D2F02}.Debug|x86.Build.0 = Debug|Any CPU
		{ECA34D4E-CA6B-4000-AB52-3316126D2F02}.NPDebug|Any CPU.ActiveCfg = Debug|Any CPU
		{ECA34D4E-CA6B-4000-AB52-3316126D2F02}.NPDebug|Any CPU.Build.0 = Debug|Any CPU
		{ECA34D4E-CA6B-4000-AB52-3316126D2F02}.NPDebug|Mixed Platforms.ActiveCfg = Release|Any CPU
		{ECA34D4E-CA6B-4000-AB52-3316126D2F02}.NPDebug|x64.ActiveCfg = Debug|Any CPU
		{ECA34D4E-CA6B-4000-AB52-3316126D2F02}.NPDebug|x64.Build.0 = Debug|Any CPU
		{ECA34D4E-CA6B-4000-AB52-3316126D2F02}.NPDebug|x86.ActiveCfg = Debug|Any CPU
		{ECA34D4E-CA6B-4000-AB52-3316126D2F02}.NPDebug|x86.Build.0 = Debug|Any CPU
		{ECA34D4E-CA6B-4000-AB52-3316126D2F02}.Release|Any CPU.ActiveCfg = Release|Any CPU
		{ECA34D4E-CA6B-4000-AB52-3316126D2F02}.Release|Mixed Platforms.ActiveCfg = Release|Any CPU
		{ECA34D4E-CA6B-4000-AB52-3316126D2F02}.Release|x64.ActiveCfg = Release|Any CPU
		{ECA34D4E-CA6B-4000-AB52-3316126D2F02}.Release|x64.Build.0 = Release|Any CPU
		{ECA34D4E-CA6B-4000-AB52-3316126D2F02}.Release|x86.ActiveCfg = Release|Any CPU
		{ECA34D4E-CA6B-4000-AB52-3316126D2F02}.Release|x86.Build.0 = Release|Any CPU
	EndGlobalSection
	GlobalSection(SolutionProperties) = preSolution
		HideSolutionNode = FALSE
	EndGlobalSection
	GlobalSection(ExtensibilityGlobals) = postSolution
		SolutionGuid = {548F4A3C-D449-47F5-BDD8-0F7099B17891}
	EndGlobalSection
EndGlobal
