
Microsoft Visual Studio Solution File, Format Version 12.00
# Visual Studio 15
VisualStudioVersion = 15.0.27130.2010
MinimumVisualStudioVersion = 10.0.40219.1
Project("{FAE04EC0-301F-11D3-BF4B-00C04F79EFBC}") = "JJ.Framework.Data", "Framework\Data\JJ.Framework.Data.csproj", "{7ADEDDCE-6903-4A58-94F5-D0B39B21330F}"
EndProject
Project("{FAE04EC0-301F-11D3-BF4B-00C04F79EFBC}") = "JJ.Framework.Data.NHibernate", "Framework\Data.NHibernate\JJ.Framework.Data.NHibernate.csproj", "{DB783ED9-FDE6-458F-A094-457B7F4283A0}"
EndProject
Project("{FAE04EC0-301F-11D3-BF4B-00C04F79EFBC}") = "JJ.Framework.Configuration", "Framework\Configuration\JJ.Framework.Configuration.csproj", "{805A8237-05ED-40AE-8D1A-9288373EA5E0}"
EndProject
Project("{FAE04EC0-301F-11D3-BF4B-00C04F79EFBC}") = "JJ.Framework.Reflection", "Framework\Reflection\JJ.Framework.Reflection.csproj", "{1A8E047C-7893-4918-B415-CE3928E815D8}"
EndProject
Project("{FAE04EC0-301F-11D3-BF4B-00C04F79EFBC}") = "JJ.Framework.Common", "Framework\Common\JJ.Framework.Common.csproj", "{44FD9133-5FE7-4824-BD35-27273706D127}"
EndProject
Project("{2150E333-8FDC-42A3-9474-1A3956D46DE8}") = "Dependencies", "Dependencies", "{E3DC759D-B004-4E6C-8381-D5D5C74A5B92}"
EndProject
Project("{FAE04EC0-301F-11D3-BF4B-00C04F79EFBC}") = "JJ.Framework.Data.EntityFramework5", "Framework\Data.EntityFramework5\JJ.Framework.Data.EntityFramework5.csproj", "{9676E4C3-1A1F-45B8-8FFD-C398F14002E7}"
EndProject
Project("{FAE04EC0-301F-11D3-BF4B-00C04F79EFBC}") = "Puzzle.NCore.Framework NET 3.5", "Third Party\NPersist\Source Code\NCore\Framework\Puzzle.NCore.Framework NET 3.5.csproj", "{5FB1569E-253E-42A7-A4E8-B4651FC6DCA2}"
EndProject
Project("{FAE04EC0-301F-11D3-BF4B-00C04F79EFBC}") = "Puzzle.NAspect.Framework.NET 3.5", "Third Party\NPersist\Source Code\NAspect\Framework\Puzzle.NAspect.Framework.NET 3.5.csproj", "{D08F9A33-6D4E-43E9-86F2-8E79EC115B9E}"
EndProject
Project("{FAE04EC0-301F-11D3-BF4B-00C04F79EFBC}") = "Puzzle.NPath.Framework.NET 3.5", "Third Party\NPersist\Source Code\NPath\Framework\Puzzle.NPath.Framework.NET 3.5.csproj", "{7F415FBF-21FA-4E00-82DE-AAD8CEECC84B}"
EndProject
Project("{FAE04EC0-301F-11D3-BF4B-00C04F79EFBC}") = "Puzzle.NPersist.Framework.NET 3.5", "Third Party\NPersist\Source Code\NPersist\Framework\Puzzle.NPersist.Framework.NET 3.5.csproj", "{E6C03D2A-D150-4473-9439-D300746A1390}"
EndProject
Project("{FAE04EC0-301F-11D3-BF4B-00C04F79EFBC}") = "JJ.Framework.Mvc", "Framework\Mvc\JJ.Framework.Mvc.csproj", "{FED3C829-D92A-4800-9462-A175CCAC4C70}"
EndProject
Project("{FAE04EC0-301F-11D3-BF4B-00C04F79EFBC}") = "JJ.Framework.IO", "Framework\IO\JJ.Framework.IO.csproj", "{C600657B-7E29-44B5-83A1-747FAB30D5D0}"
EndProject
Project("{FAE04EC0-301F-11D3-BF4B-00C04F79EFBC}") = "JJ.Framework.WinForms", "Framework\WinForms\JJ.Framework.WinForms.csproj", "{84A66716-C686-4B8E-A092-CFE38CA7DDE0}"
EndProject
Project("{FAE04EC0-301F-11D3-BF4B-00C04F79EFBC}") = "JJ.Framework.Validation", "Framework\Validation\JJ.Framework.Validation.csproj", "{59DDC853-62AF-4F86-A803-3D4DD491E978}"
EndProject
Project("{FAE04EC0-301F-11D3-BF4B-00C04F79EFBC}") = "JJ.Framework.Xml", "Framework\Xml\JJ.Framework.Xml.csproj", "{F6EA0941-40FF-4679-A1A6-EACD5C9BA42B}"
EndProject
Project("{FAE04EC0-301F-11D3-BF4B-00C04F79EFBC}") = "JJ.Data.Canonical", "Data\Canonical\JJ.Data.Canonical.csproj", "{08EA4A4E-D815-47AE-9277-DA6672D36214}"
EndProject
Project("{FAE04EC0-301F-11D3-BF4B-00C04F79EFBC}") = "JJ.Framework.Presentation", "Framework\Presentation\JJ.Framework.Presentation.csproj", "{79B0EAC3-5159-4FC8-B3D8-53315B205444}"
EndProject
Project("{FAE04EC0-301F-11D3-BF4B-00C04F79EFBC}") = "JJ.Framework.JavaScript", "Framework\JavaScript\JJ.Framework.JavaScript.csproj", "{BD4CF454-BE0B-490F-997D-665DA7EBEC96}"
EndProject
Project("{FAE04EC0-301F-11D3-BF4B-00C04F79EFBC}") = "JJ.Framework.Reflection.Tests", "Framework\Reflection.Tests\JJ.Framework.Reflection.Tests.csproj", "{E150EBF6-16F7-4299-B4BD-791757D6CC9E}"
EndProject
Project("{FAE04EC0-301F-11D3-BF4B-00C04F79EFBC}") = "JJ.Data.SaveText", "Data\SaveText\JJ.Data.SaveText.csproj", "{95449A62-9F9B-42DA-812E-92BC0C2783AA}"
EndProject
Project("{FAE04EC0-301F-11D3-BF4B-00C04F79EFBC}") = "JJ.Data.SaveText.DefaultRepositories", "Data\SaveText.DefaultRepositories\JJ.Data.SaveText.DefaultRepositories.csproj", "{06443309-668F-42FE-8996-D2C3FFA637F5}"
EndProject
Project("{FAE04EC0-301F-11D3-BF4B-00C04F79EFBC}") = "JJ.Data.SaveText.NHibernate", "Data\SaveText.NHibernate\JJ.Data.SaveText.NHibernate.csproj", "{48145ED7-5BB1-4ECB-9FB0-0DBD35B80EA9}"
EndProject
Project("{FAE04EC0-301F-11D3-BF4B-00C04F79EFBC}") = "JJ.Data.SaveText.EntityFramework5", "Data\SaveText.EntityFramework5\JJ.Data.SaveText.EntityFramework5.csproj", "{77AB85CE-6402-4AA3-A9A9-83121D5D9C6D}"
EndProject
Project("{FAE04EC0-301F-11D3-BF4B-00C04F79EFBC}") = "JJ.Data.SaveText.Xml", "Data\SaveText.Xml\JJ.Data.SaveText.Xml.csproj", "{292046BB-5667-4231-B8AA-BAD57CD1B481}"
EndProject
Project("{FAE04EC0-301F-11D3-BF4B-00C04F79EFBC}") = "JJ.Presentation.SaveText", "Presentation\SaveText\JJ.Presentation.SaveText.csproj", "{44B139AB-BDF0-414A-AA01-4B7E62ADCF57}"
EndProject
Project("{FAE04EC0-301F-11D3-BF4B-00C04F79EFBC}") = "JJ.Presentation.SaveText.Mvc", "Presentation\SaveText.Mvc\JJ.Presentation.SaveText.Mvc.csproj", "{93E3A63D-1523-4DE4-9B9D-FC6CE7CD6AC4}"
EndProject
Project("{FAE04EC0-301F-11D3-BF4B-00C04F79EFBC}") = "JJ.Business.SaveText", "Business\SaveText\JJ.Business.SaveText.csproj", "{AE912326-CDA3-4CBA-B8DB-E59B36E403B3}"
EndProject
Project("{FAE04EC0-301F-11D3-BF4B-00C04F79EFBC}") = "JJ.Presentation.SaveText.Html", "Presentation\SaveText.Html\JJ.Presentation.SaveText.Html.csproj", "{26EEC1BC-7E27-4541-8C5C-BA993B703F2C}"
EndProject
Project("{FAE04EC0-301F-11D3-BF4B-00C04F79EFBC}") = "JJ.Presentation.SaveText.AppService", "Presentation\SaveText.AppService\JJ.Presentation.SaveText.AppService.csproj", "{0F59DBC8-E641-496D-9DA6-059E4EFE01EF}"
EndProject
Project("{FAE04EC0-301F-11D3-BF4B-00C04F79EFBC}") = "JJ.Framework.Data.Xml", "Framework\Data.Xml\JJ.Framework.Data.Xml.csproj", "{3EDF4C94-F84A-43B2-95A5-F47DC30F1A5C}"
EndProject
Project("{FAE04EC0-301F-11D3-BF4B-00C04F79EFBC}") = "SgmlReaderDll", "Third Party\SgmlReader\Source Code Adapted\sgmlreaderdll\SgmlReaderDll.csproj", "{499527FF-AE52-450F-B3E3-4AD53E1712AD}"
EndProject
Project("{FAE04EC0-301F-11D3-BF4B-00C04F79EFBC}") = "JJ.Presentation.SaveText.Unity.DotNet.Offline", "Presentation\SaveText.Unity.DotNet.Offline\JJ.Presentation.SaveText.Unity.DotNet.Offline.csproj", "{9BC68E57-61E1-4084-9D12-749123B2B4CB}"
EndProject
Project("{FAE04EC0-301F-11D3-BF4B-00C04F79EFBC}") = "JJ.Framework.Data.Memory", "Framework\Data.Memory\JJ.Framework.Data.Memory.csproj", "{86348B50-ECA9-4849-A221-73F0ED31713B}"
EndProject
Project("{FAE04EC0-301F-11D3-BF4B-00C04F79EFBC}") = "JJ.Data.SaveText.Memory", "Data\SaveText.Memory\JJ.Data.SaveText.Memory.csproj", "{BECFECBE-8EC2-485E-921E-2FB6FE048AAC}"
EndProject
Project("{FAE04EC0-301F-11D3-BF4B-00C04F79EFBC}") = "JJ.Presentation.SaveText.WinForms.Online", "Presentation\SaveText.WinForms.Online\JJ.Presentation.SaveText.WinForms.Online.csproj", "{FBBB9772-A706-4881-AA42-F3EBCA7A272B}"
	ProjectSection(ProjectDependencies) = postProject
		{0F59DBC8-E641-496D-9DA6-059E4EFE01EF} = {0F59DBC8-E641-496D-9DA6-059E4EFE01EF}
	EndProjectSection
EndProject
Project("{FAE04EC0-301F-11D3-BF4B-00C04F79EFBC}") = "JJ.Presentation.SaveText.WinForms.Offline", "Presentation\SaveText.WinForms.Offline\JJ.Presentation.SaveText.WinForms.Offline.csproj", "{C0871BAD-F76E-4EB8-AD78-858B794122AE}"
EndProject
Project("{FAE04EC0-301F-11D3-BF4B-00C04F79EFBC}") = "JJ.Presentation.SaveText.WinForms.OfflineWithSync", "Presentation\SaveText.WinForms.OfflineWithSync\JJ.Presentation.SaveText.WinForms.OfflineWithSync.csproj", "{44CECF36-B1C2-4BDA-BA63-8F66E803EF85}"
EndProject
Project("{FAE04EC0-301F-11D3-BF4B-00C04F79EFBC}") = "JJ.Presentation.SaveText.WinForms.OnlineOfflineSwitched", "Presentation\SaveText.WinForms.OnlineOfflineSwitched\JJ.Presentation.SaveText.WinForms.OnlineOfflineSwitched.csproj", "{59A98F56-001A-4094-B783-E7024768F425}"
EndProject
Project("{FAE04EC0-301F-11D3-BF4B-00C04F79EFBC}") = "JJ.Presentation.SaveText.AppService.Interface", "Presentation\SaveText.AppService.Interface\JJ.Presentation.SaveText.AppService.Interface.csproj", "{4A052265-9896-4D0B-A9B0-14D052BC95D0}"
EndProject
Project("{FAE04EC0-301F-11D3-BF4B-00C04F79EFBC}") = "JJ.Framework.Testing", "Framework\Testing\JJ.Framework.Testing.csproj", "{369D4E9E-4EFF-4699-83B3-C4951EE0A3C3}"
EndProject
Project("{FAE04EC0-301F-11D3-BF4B-00C04F79EFBC}") = "JJ.Framework.Data.Xml.Linq", "Framework\Data.Xml.Linq\JJ.Framework.Data.Xml.Linq.csproj", "{BA423767-A57E-4278-BBA8-5C01F3E8D555}"
EndProject
Project("{FAE04EC0-301F-11D3-BF4B-00C04F79EFBC}") = "JJ.Data.SaveText.Xml.Linq", "Data\SaveText.Xml.Linq\JJ.Data.SaveText.Xml.Linq.csproj", "{6B54E0E9-FF92-4DD9-93A4-262544E74163}"
EndProject
Project("{FAE04EC0-301F-11D3-BF4B-00C04F79EFBC}") = "JJ.Framework.Common.Tests", "Framework\Common.Tests\JJ.Framework.Common.Tests.csproj", "{FF1E5681-3980-429A-87E4-AE0B769595B4}"
EndProject
Project("{FAE04EC0-301F-11D3-BF4B-00C04F79EFBC}") = "JJ.Presentation.SaveText.Unity.DotNet.Online", "Presentation\SaveText.Unity.DotNet.Online\JJ.Presentation.SaveText.Unity.DotNet.Online.csproj", "{BFF2CB2F-C1B7-4DFF-A35B-90038B9F5063}"
EndProject
Project("{FAE04EC0-301F-11D3-BF4B-00C04F79EFBC}") = "JJ.Presentation.SaveText.Unity.DotNet.OfflineWithSync", "Presentation\SaveText.Unity.DotNet.OfflineWithSync\JJ.Presentation.SaveText.Unity.DotNet.OfflineWithSync.csproj", "{C0410B6E-9E98-4341-B54B-7E4D76748D3A}"
EndProject
Project("{FAE04EC0-301F-11D3-BF4B-00C04F79EFBC}") = "JJ.Presentation.SaveText.AppService.Tests", "Presentation\SaveText.AppService.Tests\JJ.Presentation.SaveText.AppService.Tests.csproj", "{80473C02-D43B-483F-9D00-21C64FCCC342}"
EndProject
Project("{FAE04EC0-301F-11D3-BF4B-00C04F79EFBC}") = "JJ.Framework.Xml.Linq", "Framework\Xml.Linq\JJ.Framework.Xml.Linq.csproj", "{8DCBF3F3-B30F-4C11-8957-BEA7F43EE173}"
EndProject
Project("{FAE04EC0-301F-11D3-BF4B-00C04F79EFBC}") = "JJ.Framework.Xml.Linq.Tests", "Framework\Xml.Linq.Tests\JJ.Framework.Xml.Linq.Tests.csproj", "{A247CCEF-12FF-4254-93FC-287366920AB8}"
EndProject
Project("{FAE04EC0-301F-11D3-BF4B-00C04F79EFBC}") = "JJ.Framework.Xml.Tests", "Framework\Xml.Tests\JJ.Framework.Xml.Tests.csproj", "{22AAF27D-B7B6-40E0-BA70-56145DCBA7BB}"
EndProject
Project("{FAE04EC0-301F-11D3-BF4B-00C04F79EFBC}") = "JJ.Framework.Soap", "Framework\Soap\JJ.Framework.Soap.csproj", "{2B86213C-A758-4DB9-BD37-5E7D2F4D7C4D}"
EndProject
Project("{FAE04EC0-301F-11D3-BF4B-00C04F79EFBC}") = "JJ.Framework.Soap.Tests", "Framework\Soap.Tests\JJ.Framework.Soap.Tests.csproj", "{3B1E7DE6-17DD-4140-AD96-21DCF5F0CB25}"
EndProject
Project("{FAE04EC0-301F-11D3-BF4B-00C04F79EFBC}") = "JJ.Framework.Mathematics", "Framework\Mathematics\JJ.Framework.Mathematics.csproj", "{810B90B9-F501-4B91-B019-2AD5AAD63304}"
EndProject
Project("{FAE04EC0-301F-11D3-BF4B-00C04F79EFBC}") = "JJ.Framework.Mathematics.Tests", "Framework\Mathematics.Tests\JJ.Framework.Mathematics.Tests.csproj", "{7AD57E8B-0EC3-443C-877C-E0F4E8DE30F4}"
EndProject
Project("{FAE04EC0-301F-11D3-BF4B-00C04F79EFBC}") = "JJ.Framework.PlatformCompatibility", "Framework\PlatformCompatibility\JJ.Framework.PlatformCompatibility.csproj", "{59622A6E-A9AE-438C-A164-05DEA2FCF8CF}"
EndProject
Project("{FAE04EC0-301F-11D3-BF4B-00C04F79EFBC}") = "JJ.Framework.Logging", "Framework\Logging\JJ.Framework.Logging.csproj", "{CEEB755D-DE12-4E70-816E-546C429B44B7}"
EndProject
Project("{FAE04EC0-301F-11D3-BF4B-00C04F79EFBC}") = "JJ.Presentation.SaveText.AppService.Client", "Presentation\SaveText.AppService.Client\JJ.Presentation.SaveText.AppService.Client.csproj", "{F35C6131-D793-49D3-8044-E8B06F9CB107}"
EndProject
Project("{FAE04EC0-301F-11D3-BF4B-00C04F79EFBC}") = "JJ.Presentation.SaveText.Interface", "Presentation\SaveText.Interface\JJ.Presentation.SaveText.Interface.csproj", "{F074226B-734D-4308-B1C5-30350A228D8B}"
EndProject
Project("{FAE04EC0-301F-11D3-BF4B-00C04F79EFBC}") = "JJ.Presentation.SaveText.WinForms.Online.CustomSoapClient", "Presentation\SaveText.WinForms.Online.CustomSoapClient\JJ.Presentation.SaveText.WinForms.Online.CustomSoapClient.csproj", "{F36B7455-7754-467E-8F64-72A33C687889}"
EndProject
Project("{FAE04EC0-301F-11D3-BF4B-00C04F79EFBC}") = "JJ.Framework.Soap.Tests.Server", "Framework\Soap.Tests.Server\JJ.Framework.Soap.Tests.Server.csproj", "{D3440F56-DBD9-4B17-84E5-532E1D6FFE24}"
EndProject
Project("{FAE04EC0-301F-11D3-BF4B-00C04F79EFBC}") = "JJ.Framework.Soap.Tests.ServiceInterface", "Framework\Soap.Tests.ServiceInterface\JJ.Framework.Soap.Tests.ServiceInterface.csproj", "{9F0128B1-B662-474D-9B73-3FD8E9783B40}"
EndProject
Project("{FAE04EC0-301F-11D3-BF4B-00C04F79EFBC}") = "JJ.Presentation.SaveText.Unity.DotNet.Online.WwwObject", "Presentation\SaveText.Unity.DotNet.Online.WwwObject\JJ.Presentation.SaveText.Unity.DotNet.Online.WwwObject.csproj", "{A233A8F1-5BD3-4BFA-BB4B-8A5E727C353A}"
EndProject
Project("{FAE04EC0-301F-11D3-BF4B-00C04F79EFBC}") = "FluentNHibernate", "Third Party\FluentNHibernate\Source Code\1.3\src\FluentNHibernate\FluentNHibernate.csproj", "{529145D5-6CC3-4016-89B5-826563024AF1}"
EndProject
Project("{FAE04EC0-301F-11D3-BF4B-00C04F79EFBC}") = "NHibernate", "Third Party\NHibernate\Source Code\3.3.1.GA\src\NHibernate\NHibernate.csproj", "{5909BFE7-93CF-4E5F-BE22-6293368AF01D}"
EndProject
Project("{FAE04EC0-301F-11D3-BF4B-00C04F79EFBC}") = "JJ.Business.Canonical", "Business\Canonical\JJ.Business.Canonical.csproj", "{4DBE5E36-4B54-4E5F-9B4F-5BBF33A3CEF1}"
EndProject
Project("{FAE04EC0-301F-11D3-BF4B-00C04F79EFBC}") = "JJ.Framework.Data.SqlClient", "Framework\Data.SqlClient\JJ.Framework.Data.SqlClient.csproj", "{CEB85F8E-D429-4510-95A5-47CC3069D412}"
EndProject
Project("{FAE04EC0-301F-11D3-BF4B-00C04F79EFBC}") = "JJ.Framework.Web", "Framework\Web\JJ.Framework.Web.csproj", "{164520AA-2DB7-4405-9AE5-EB515527A33B}"
EndProject
Project("{FAE04EC0-301F-11D3-BF4B-00C04F79EFBC}") = "JJ.Framework.Drawing", "Framework\Drawing\JJ.Framework.Drawing.csproj", "{21802A52-F4F7-4366-B61D-06E1FB337B86}"
EndProject
Project("{FAE04EC0-301F-11D3-BF4B-00C04F79EFBC}") = "JJ.Framework.VectorGraphics", "Framework\VectorGraphics\JJ.Framework.VectorGraphics.csproj", "{52E03E08-331A-4CA7-8D8F-6F598C94EED4}"
EndProject
Project("{FAE04EC0-301F-11D3-BF4B-00C04F79EFBC}") = "JJ.Framework.Business", "Framework\Business\JJ.Framework.Business.csproj", "{F44D03E8-FEEC-40D4-B866-A87799185B4C}"
EndProject
Project("{FAE04EC0-301F-11D3-BF4B-00C04F79EFBC}") = "JJ.Framework.Exceptions", "Framework\Exceptions\JJ.Framework.Exceptions.csproj", "{FA44ABA2-8E13-402C-A5A0-8D73C74B5181}"
EndProject
Global
	GlobalSection(SolutionConfigurationPlatforms) = preSolution
		Debug|Any CPU = Debug|Any CPU
		NPDebug|Any CPU = NPDebug|Any CPU
		Release|Any CPU = Release|Any CPU
	EndGlobalSection
	GlobalSection(ProjectConfigurationPlatforms) = postSolution
		{7ADEDDCE-6903-4A58-94F5-D0B39B21330F}.Debug|Any CPU.ActiveCfg = Debug|Any CPU
		{7ADEDDCE-6903-4A58-94F5-D0B39B21330F}.Debug|Any CPU.Build.0 = Debug|Any CPU
		{7ADEDDCE-6903-4A58-94F5-D0B39B21330F}.NPDebug|Any CPU.ActiveCfg = Debug|Any CPU
		{7ADEDDCE-6903-4A58-94F5-D0B39B21330F}.NPDebug|Any CPU.Build.0 = Debug|Any CPU
		{7ADEDDCE-6903-4A58-94F5-D0B39B21330F}.Release|Any CPU.ActiveCfg = Release|Any CPU
		{7ADEDDCE-6903-4A58-94F5-D0B39B21330F}.Release|Any CPU.Build.0 = Release|Any CPU
		{DB783ED9-FDE6-458F-A094-457B7F4283A0}.Debug|Any CPU.ActiveCfg = Debug|Any CPU
		{DB783ED9-FDE6-458F-A094-457B7F4283A0}.Debug|Any CPU.Build.0 = Debug|Any CPU
		{DB783ED9-FDE6-458F-A094-457B7F4283A0}.NPDebug|Any CPU.ActiveCfg = Debug|Any CPU
		{DB783ED9-FDE6-458F-A094-457B7F4283A0}.NPDebug|Any CPU.Build.0 = Debug|Any CPU
		{DB783ED9-FDE6-458F-A094-457B7F4283A0}.Release|Any CPU.ActiveCfg = Release|Any CPU
		{DB783ED9-FDE6-458F-A094-457B7F4283A0}.Release|Any CPU.Build.0 = Release|Any CPU
		{805A8237-05ED-40AE-8D1A-9288373EA5E0}.Debug|Any CPU.ActiveCfg = Debug|Any CPU
		{805A8237-05ED-40AE-8D1A-9288373EA5E0}.Debug|Any CPU.Build.0 = Debug|Any CPU
		{805A8237-05ED-40AE-8D1A-9288373EA5E0}.NPDebug|Any CPU.ActiveCfg = Debug|Any CPU
		{805A8237-05ED-40AE-8D1A-9288373EA5E0}.NPDebug|Any CPU.Build.0 = Debug|Any CPU
		{805A8237-05ED-40AE-8D1A-9288373EA5E0}.Release|Any CPU.ActiveCfg = Release|Any CPU
		{805A8237-05ED-40AE-8D1A-9288373EA5E0}.Release|Any CPU.Build.0 = Release|Any CPU
		{1A8E047C-7893-4918-B415-CE3928E815D8}.Debug|Any CPU.ActiveCfg = Debug|Any CPU
		{1A8E047C-7893-4918-B415-CE3928E815D8}.Debug|Any CPU.Build.0 = Debug|Any CPU
		{1A8E047C-7893-4918-B415-CE3928E815D8}.NPDebug|Any CPU.ActiveCfg = Debug|Any CPU
		{1A8E047C-7893-4918-B415-CE3928E815D8}.NPDebug|Any CPU.Build.0 = Debug|Any CPU
		{1A8E047C-7893-4918-B415-CE3928E815D8}.Release|Any CPU.ActiveCfg = Release|Any CPU
		{1A8E047C-7893-4918-B415-CE3928E815D8}.Release|Any CPU.Build.0 = Release|Any CPU
		{44FD9133-5FE7-4824-BD35-27273706D127}.Debug|Any CPU.ActiveCfg = Debug|Any CPU
		{44FD9133-5FE7-4824-BD35-27273706D127}.Debug|Any CPU.Build.0 = Debug|Any CPU
		{44FD9133-5FE7-4824-BD35-27273706D127}.NPDebug|Any CPU.ActiveCfg = Debug|Any CPU
		{44FD9133-5FE7-4824-BD35-27273706D127}.NPDebug|Any CPU.Build.0 = Debug|Any CPU
		{44FD9133-5FE7-4824-BD35-27273706D127}.Release|Any CPU.ActiveCfg = Release|Any CPU
		{44FD9133-5FE7-4824-BD35-27273706D127}.Release|Any CPU.Build.0 = Release|Any CPU
		{9676E4C3-1A1F-45B8-8FFD-C398F14002E7}.Debug|Any CPU.ActiveCfg = Debug|Any CPU
		{9676E4C3-1A1F-45B8-8FFD-C398F14002E7}.Debug|Any CPU.Build.0 = Debug|Any CPU
		{9676E4C3-1A1F-45B8-8FFD-C398F14002E7}.NPDebug|Any CPU.ActiveCfg = Debug|Any CPU
		{9676E4C3-1A1F-45B8-8FFD-C398F14002E7}.NPDebug|Any CPU.Build.0 = Debug|Any CPU
		{9676E4C3-1A1F-45B8-8FFD-C398F14002E7}.Release|Any CPU.ActiveCfg = Release|Any CPU
		{9676E4C3-1A1F-45B8-8FFD-C398F14002E7}.Release|Any CPU.Build.0 = Release|Any CPU
		{5FB1569E-253E-42A7-A4E8-B4651FC6DCA2}.Debug|Any CPU.ActiveCfg = Debug|Any CPU
		{5FB1569E-253E-42A7-A4E8-B4651FC6DCA2}.Debug|Any CPU.Build.0 = Debug|Any CPU
		{5FB1569E-253E-42A7-A4E8-B4651FC6DCA2}.NPDebug|Any CPU.ActiveCfg = Debug|Any CPU
		{5FB1569E-253E-42A7-A4E8-B4651FC6DCA2}.NPDebug|Any CPU.Build.0 = Debug|Any CPU
		{5FB1569E-253E-42A7-A4E8-B4651FC6DCA2}.Release|Any CPU.ActiveCfg = Release|Any CPU
		{5FB1569E-253E-42A7-A4E8-B4651FC6DCA2}.Release|Any CPU.Build.0 = Release|Any CPU
		{D08F9A33-6D4E-43E9-86F2-8E79EC115B9E}.Debug|Any CPU.ActiveCfg = Debug|Any CPU
		{D08F9A33-6D4E-43E9-86F2-8E79EC115B9E}.Debug|Any CPU.Build.0 = Debug|Any CPU
		{D08F9A33-6D4E-43E9-86F2-8E79EC115B9E}.NPDebug|Any CPU.ActiveCfg = Debug|Any CPU
		{D08F9A33-6D4E-43E9-86F2-8E79EC115B9E}.NPDebug|Any CPU.Build.0 = Debug|Any CPU
		{D08F9A33-6D4E-43E9-86F2-8E79EC115B9E}.Release|Any CPU.ActiveCfg = Release|Any CPU
		{D08F9A33-6D4E-43E9-86F2-8E79EC115B9E}.Release|Any CPU.Build.0 = Release|Any CPU
		{7F415FBF-21FA-4E00-82DE-AAD8CEECC84B}.Debug|Any CPU.ActiveCfg = Debug|Any CPU
		{7F415FBF-21FA-4E00-82DE-AAD8CEECC84B}.Debug|Any CPU.Build.0 = Debug|Any CPU
		{7F415FBF-21FA-4E00-82DE-AAD8CEECC84B}.NPDebug|Any CPU.ActiveCfg = Debug|Any CPU
		{7F415FBF-21FA-4E00-82DE-AAD8CEECC84B}.NPDebug|Any CPU.Build.0 = Debug|Any CPU
		{7F415FBF-21FA-4E00-82DE-AAD8CEECC84B}.Release|Any CPU.ActiveCfg = Release|Any CPU
		{7F415FBF-21FA-4E00-82DE-AAD8CEECC84B}.Release|Any CPU.Build.0 = Release|Any CPU
		{E6C03D2A-D150-4473-9439-D300746A1390}.Debug|Any CPU.ActiveCfg = Debug|Any CPU
		{E6C03D2A-D150-4473-9439-D300746A1390}.Debug|Any CPU.Build.0 = Debug|Any CPU
		{E6C03D2A-D150-4473-9439-D300746A1390}.NPDebug|Any CPU.ActiveCfg = NPDebug|Any CPU
		{E6C03D2A-D150-4473-9439-D300746A1390}.NPDebug|Any CPU.Build.0 = NPDebug|Any CPU
		{E6C03D2A-D150-4473-9439-D300746A1390}.Release|Any CPU.ActiveCfg = Release|Any CPU
		{E6C03D2A-D150-4473-9439-D300746A1390}.Release|Any CPU.Build.0 = Release|Any CPU
		{FED3C829-D92A-4800-9462-A175CCAC4C70}.Debug|Any CPU.ActiveCfg = Debug|Any CPU
		{FED3C829-D92A-4800-9462-A175CCAC4C70}.Debug|Any CPU.Build.0 = Debug|Any CPU
		{FED3C829-D92A-4800-9462-A175CCAC4C70}.NPDebug|Any CPU.ActiveCfg = Debug|Any CPU
		{FED3C829-D92A-4800-9462-A175CCAC4C70}.NPDebug|Any CPU.Build.0 = Debug|Any CPU
		{FED3C829-D92A-4800-9462-A175CCAC4C70}.Release|Any CPU.ActiveCfg = Release|Any CPU
		{FED3C829-D92A-4800-9462-A175CCAC4C70}.Release|Any CPU.Build.0 = Release|Any CPU
		{C600657B-7E29-44B5-83A1-747FAB30D5D0}.Debug|Any CPU.ActiveCfg = Debug|Any CPU
		{C600657B-7E29-44B5-83A1-747FAB30D5D0}.Debug|Any CPU.Build.0 = Debug|Any CPU
		{C600657B-7E29-44B5-83A1-747FAB30D5D0}.NPDebug|Any CPU.ActiveCfg = Debug|Any CPU
		{C600657B-7E29-44B5-83A1-747FAB30D5D0}.NPDebug|Any CPU.Build.0 = Debug|Any CPU
		{C600657B-7E29-44B5-83A1-747FAB30D5D0}.Release|Any CPU.ActiveCfg = Release|Any CPU
		{C600657B-7E29-44B5-83A1-747FAB30D5D0}.Release|Any CPU.Build.0 = Release|Any CPU
		{84A66716-C686-4B8E-A092-CFE38CA7DDE0}.Debug|Any CPU.ActiveCfg = Debug|Any CPU
		{84A66716-C686-4B8E-A092-CFE38CA7DDE0}.Debug|Any CPU.Build.0 = Debug|Any CPU
		{84A66716-C686-4B8E-A092-CFE38CA7DDE0}.NPDebug|Any CPU.ActiveCfg = Debug|Any CPU
		{84A66716-C686-4B8E-A092-CFE38CA7DDE0}.NPDebug|Any CPU.Build.0 = Debug|Any CPU
		{84A66716-C686-4B8E-A092-CFE38CA7DDE0}.Release|Any CPU.ActiveCfg = Release|Any CPU
		{84A66716-C686-4B8E-A092-CFE38CA7DDE0}.Release|Any CPU.Build.0 = Release|Any CPU
		{59DDC853-62AF-4F86-A803-3D4DD491E978}.Debug|Any CPU.ActiveCfg = Debug|Any CPU
		{59DDC853-62AF-4F86-A803-3D4DD491E978}.Debug|Any CPU.Build.0 = Debug|Any CPU
		{59DDC853-62AF-4F86-A803-3D4DD491E978}.NPDebug|Any CPU.ActiveCfg = Debug|Any CPU
		{59DDC853-62AF-4F86-A803-3D4DD491E978}.NPDebug|Any CPU.Build.0 = Debug|Any CPU
		{59DDC853-62AF-4F86-A803-3D4DD491E978}.Release|Any CPU.ActiveCfg = Release|Any CPU
		{59DDC853-62AF-4F86-A803-3D4DD491E978}.Release|Any CPU.Build.0 = Release|Any CPU
		{F6EA0941-40FF-4679-A1A6-EACD5C9BA42B}.Debug|Any CPU.ActiveCfg = Debug|Any CPU
		{F6EA0941-40FF-4679-A1A6-EACD5C9BA42B}.Debug|Any CPU.Build.0 = Debug|Any CPU
		{F6EA0941-40FF-4679-A1A6-EACD5C9BA42B}.NPDebug|Any CPU.ActiveCfg = Debug|Any CPU
		{F6EA0941-40FF-4679-A1A6-EACD5C9BA42B}.NPDebug|Any CPU.Build.0 = Debug|Any CPU
		{F6EA0941-40FF-4679-A1A6-EACD5C9BA42B}.Release|Any CPU.ActiveCfg = Release|Any CPU
		{F6EA0941-40FF-4679-A1A6-EACD5C9BA42B}.Release|Any CPU.Build.0 = Release|Any CPU
		{08EA4A4E-D815-47AE-9277-DA6672D36214}.Debug|Any CPU.ActiveCfg = Debug|Any CPU
		{08EA4A4E-D815-47AE-9277-DA6672D36214}.Debug|Any CPU.Build.0 = Debug|Any CPU
		{08EA4A4E-D815-47AE-9277-DA6672D36214}.NPDebug|Any CPU.ActiveCfg = Debug|Any CPU
		{08EA4A4E-D815-47AE-9277-DA6672D36214}.NPDebug|Any CPU.Build.0 = Debug|Any CPU
		{08EA4A4E-D815-47AE-9277-DA6672D36214}.Release|Any CPU.ActiveCfg = Release|Any CPU
		{08EA4A4E-D815-47AE-9277-DA6672D36214}.Release|Any CPU.Build.0 = Release|Any CPU
		{79B0EAC3-5159-4FC8-B3D8-53315B205444}.Debug|Any CPU.ActiveCfg = Debug|Any CPU
		{79B0EAC3-5159-4FC8-B3D8-53315B205444}.Debug|Any CPU.Build.0 = Debug|Any CPU
		{79B0EAC3-5159-4FC8-B3D8-53315B205444}.NPDebug|Any CPU.ActiveCfg = Debug|Any CPU
		{79B0EAC3-5159-4FC8-B3D8-53315B205444}.NPDebug|Any CPU.Build.0 = Debug|Any CPU
		{79B0EAC3-5159-4FC8-B3D8-53315B205444}.Release|Any CPU.ActiveCfg = Release|Any CPU
		{79B0EAC3-5159-4FC8-B3D8-53315B205444}.Release|Any CPU.Build.0 = Release|Any CPU
		{BD4CF454-BE0B-490F-997D-665DA7EBEC96}.Debug|Any CPU.ActiveCfg = Debug|Any CPU
		{BD4CF454-BE0B-490F-997D-665DA7EBEC96}.Debug|Any CPU.Build.0 = Debug|Any CPU
		{BD4CF454-BE0B-490F-997D-665DA7EBEC96}.NPDebug|Any CPU.ActiveCfg = Debug|Any CPU
		{BD4CF454-BE0B-490F-997D-665DA7EBEC96}.NPDebug|Any CPU.Build.0 = Debug|Any CPU
		{BD4CF454-BE0B-490F-997D-665DA7EBEC96}.Release|Any CPU.ActiveCfg = Release|Any CPU
		{BD4CF454-BE0B-490F-997D-665DA7EBEC96}.Release|Any CPU.Build.0 = Release|Any CPU
		{E150EBF6-16F7-4299-B4BD-791757D6CC9E}.Debug|Any CPU.ActiveCfg = Debug|Any CPU
		{E150EBF6-16F7-4299-B4BD-791757D6CC9E}.Debug|Any CPU.Build.0 = Debug|Any CPU
		{E150EBF6-16F7-4299-B4BD-791757D6CC9E}.NPDebug|Any CPU.ActiveCfg = Debug|Any CPU
		{E150EBF6-16F7-4299-B4BD-791757D6CC9E}.NPDebug|Any CPU.Build.0 = Debug|Any CPU
		{E150EBF6-16F7-4299-B4BD-791757D6CC9E}.Release|Any CPU.ActiveCfg = Release|Any CPU
		{E150EBF6-16F7-4299-B4BD-791757D6CC9E}.Release|Any CPU.Build.0 = Release|Any CPU
		{95449A62-9F9B-42DA-812E-92BC0C2783AA}.Debug|Any CPU.ActiveCfg = Debug|Any CPU
		{95449A62-9F9B-42DA-812E-92BC0C2783AA}.Debug|Any CPU.Build.0 = Debug|Any CPU
		{95449A62-9F9B-42DA-812E-92BC0C2783AA}.NPDebug|Any CPU.ActiveCfg = Debug|Any CPU
		{95449A62-9F9B-42DA-812E-92BC0C2783AA}.NPDebug|Any CPU.Build.0 = Debug|Any CPU
		{95449A62-9F9B-42DA-812E-92BC0C2783AA}.Release|Any CPU.ActiveCfg = Release|Any CPU
		{95449A62-9F9B-42DA-812E-92BC0C2783AA}.Release|Any CPU.Build.0 = Release|Any CPU
		{06443309-668F-42FE-8996-D2C3FFA637F5}.Debug|Any CPU.ActiveCfg = Debug|Any CPU
		{06443309-668F-42FE-8996-D2C3FFA637F5}.Debug|Any CPU.Build.0 = Debug|Any CPU
		{06443309-668F-42FE-8996-D2C3FFA637F5}.NPDebug|Any CPU.ActiveCfg = Debug|Any CPU
		{06443309-668F-42FE-8996-D2C3FFA637F5}.NPDebug|Any CPU.Build.0 = Debug|Any CPU
		{06443309-668F-42FE-8996-D2C3FFA637F5}.Release|Any CPU.ActiveCfg = Release|Any CPU
		{06443309-668F-42FE-8996-D2C3FFA637F5}.Release|Any CPU.Build.0 = Release|Any CPU
		{48145ED7-5BB1-4ECB-9FB0-0DBD35B80EA9}.Debug|Any CPU.ActiveCfg = Debug|Any CPU
		{48145ED7-5BB1-4ECB-9FB0-0DBD35B80EA9}.Debug|Any CPU.Build.0 = Debug|Any CPU
		{48145ED7-5BB1-4ECB-9FB0-0DBD35B80EA9}.NPDebug|Any CPU.ActiveCfg = Debug|Any CPU
		{48145ED7-5BB1-4ECB-9FB0-0DBD35B80EA9}.NPDebug|Any CPU.Build.0 = Debug|Any CPU
		{48145ED7-5BB1-4ECB-9FB0-0DBD35B80EA9}.Release|Any CPU.ActiveCfg = Release|Any CPU
		{48145ED7-5BB1-4ECB-9FB0-0DBD35B80EA9}.Release|Any CPU.Build.0 = Release|Any CPU
		{77AB85CE-6402-4AA3-A9A9-83121D5D9C6D}.Debug|Any CPU.ActiveCfg = Debug|Any CPU
		{77AB85CE-6402-4AA3-A9A9-83121D5D9C6D}.Debug|Any CPU.Build.0 = Debug|Any CPU
		{77AB85CE-6402-4AA3-A9A9-83121D5D9C6D}.NPDebug|Any CPU.ActiveCfg = Debug|Any CPU
		{77AB85CE-6402-4AA3-A9A9-83121D5D9C6D}.NPDebug|Any CPU.Build.0 = Debug|Any CPU
		{77AB85CE-6402-4AA3-A9A9-83121D5D9C6D}.Release|Any CPU.ActiveCfg = Release|Any CPU
		{77AB85CE-6402-4AA3-A9A9-83121D5D9C6D}.Release|Any CPU.Build.0 = Release|Any CPU
		{292046BB-5667-4231-B8AA-BAD57CD1B481}.Debug|Any CPU.ActiveCfg = Debug|Any CPU
		{292046BB-5667-4231-B8AA-BAD57CD1B481}.Debug|Any CPU.Build.0 = Debug|Any CPU
		{292046BB-5667-4231-B8AA-BAD57CD1B481}.NPDebug|Any CPU.ActiveCfg = Debug|Any CPU
		{292046BB-5667-4231-B8AA-BAD57CD1B481}.NPDebug|Any CPU.Build.0 = Debug|Any CPU
		{292046BB-5667-4231-B8AA-BAD57CD1B481}.Release|Any CPU.ActiveCfg = Release|Any CPU
		{292046BB-5667-4231-B8AA-BAD57CD1B481}.Release|Any CPU.Build.0 = Release|Any CPU
		{44B139AB-BDF0-414A-AA01-4B7E62ADCF57}.Debug|Any CPU.ActiveCfg = Debug|Any CPU
		{44B139AB-BDF0-414A-AA01-4B7E62ADCF57}.Debug|Any CPU.Build.0 = Debug|Any CPU
		{44B139AB-BDF0-414A-AA01-4B7E62ADCF57}.NPDebug|Any CPU.ActiveCfg = Debug|Any CPU
		{44B139AB-BDF0-414A-AA01-4B7E62ADCF57}.NPDebug|Any CPU.Build.0 = Debug|Any CPU
		{44B139AB-BDF0-414A-AA01-4B7E62ADCF57}.Release|Any CPU.ActiveCfg = Release|Any CPU
		{44B139AB-BDF0-414A-AA01-4B7E62ADCF57}.Release|Any CPU.Build.0 = Release|Any CPU
		{93E3A63D-1523-4DE4-9B9D-FC6CE7CD6AC4}.Debug|Any CPU.ActiveCfg = Debug|Any CPU
		{93E3A63D-1523-4DE4-9B9D-FC6CE7CD6AC4}.Debug|Any CPU.Build.0 = Debug|Any CPU
		{93E3A63D-1523-4DE4-9B9D-FC6CE7CD6AC4}.NPDebug|Any CPU.ActiveCfg = Debug|Any CPU
		{93E3A63D-1523-4DE4-9B9D-FC6CE7CD6AC4}.NPDebug|Any CPU.Build.0 = Debug|Any CPU
		{93E3A63D-1523-4DE4-9B9D-FC6CE7CD6AC4}.Release|Any CPU.ActiveCfg = Release|Any CPU
		{93E3A63D-1523-4DE4-9B9D-FC6CE7CD6AC4}.Release|Any CPU.Build.0 = Release|Any CPU
		{AE912326-CDA3-4CBA-B8DB-E59B36E403B3}.Debug|Any CPU.ActiveCfg = Debug|Any CPU
		{AE912326-CDA3-4CBA-B8DB-E59B36E403B3}.Debug|Any CPU.Build.0 = Debug|Any CPU
		{AE912326-CDA3-4CBA-B8DB-E59B36E403B3}.NPDebug|Any CPU.ActiveCfg = Debug|Any CPU
		{AE912326-CDA3-4CBA-B8DB-E59B36E403B3}.NPDebug|Any CPU.Build.0 = Debug|Any CPU
		{AE912326-CDA3-4CBA-B8DB-E59B36E403B3}.Release|Any CPU.ActiveCfg = Release|Any CPU
		{AE912326-CDA3-4CBA-B8DB-E59B36E403B3}.Release|Any CPU.Build.0 = Release|Any CPU
		{26EEC1BC-7E27-4541-8C5C-BA993B703F2C}.Debug|Any CPU.ActiveCfg = Debug|Any CPU
		{26EEC1BC-7E27-4541-8C5C-BA993B703F2C}.Debug|Any CPU.Build.0 = Debug|Any CPU
		{26EEC1BC-7E27-4541-8C5C-BA993B703F2C}.NPDebug|Any CPU.ActiveCfg = Debug|Any CPU
		{26EEC1BC-7E27-4541-8C5C-BA993B703F2C}.NPDebug|Any CPU.Build.0 = Debug|Any CPU
		{26EEC1BC-7E27-4541-8C5C-BA993B703F2C}.Release|Any CPU.ActiveCfg = Release|Any CPU
		{26EEC1BC-7E27-4541-8C5C-BA993B703F2C}.Release|Any CPU.Build.0 = Release|Any CPU
		{0F59DBC8-E641-496D-9DA6-059E4EFE01EF}.Debug|Any CPU.ActiveCfg = Debug|Any CPU
		{0F59DBC8-E641-496D-9DA6-059E4EFE01EF}.Debug|Any CPU.Build.0 = Debug|Any CPU
		{0F59DBC8-E641-496D-9DA6-059E4EFE01EF}.NPDebug|Any CPU.ActiveCfg = Debug|Any CPU
		{0F59DBC8-E641-496D-9DA6-059E4EFE01EF}.NPDebug|Any CPU.Build.0 = Debug|Any CPU
		{0F59DBC8-E641-496D-9DA6-059E4EFE01EF}.Release|Any CPU.ActiveCfg = Release|Any CPU
		{0F59DBC8-E641-496D-9DA6-059E4EFE01EF}.Release|Any CPU.Build.0 = Release|Any CPU
		{3EDF4C94-F84A-43B2-95A5-F47DC30F1A5C}.Debug|Any CPU.ActiveCfg = Debug|Any CPU
		{3EDF4C94-F84A-43B2-95A5-F47DC30F1A5C}.Debug|Any CPU.Build.0 = Debug|Any CPU
		{3EDF4C94-F84A-43B2-95A5-F47DC30F1A5C}.NPDebug|Any CPU.ActiveCfg = Debug|Any CPU
		{3EDF4C94-F84A-43B2-95A5-F47DC30F1A5C}.NPDebug|Any CPU.Build.0 = Debug|Any CPU
		{3EDF4C94-F84A-43B2-95A5-F47DC30F1A5C}.Release|Any CPU.ActiveCfg = Release|Any CPU
		{3EDF4C94-F84A-43B2-95A5-F47DC30F1A5C}.Release|Any CPU.Build.0 = Release|Any CPU
		{499527FF-AE52-450F-B3E3-4AD53E1712AD}.Debug|Any CPU.ActiveCfg = Debug|Any CPU
		{499527FF-AE52-450F-B3E3-4AD53E1712AD}.Debug|Any CPU.Build.0 = Debug|Any CPU
		{499527FF-AE52-450F-B3E3-4AD53E1712AD}.NPDebug|Any CPU.ActiveCfg = Debug|Any CPU
		{499527FF-AE52-450F-B3E3-4AD53E1712AD}.NPDebug|Any CPU.Build.0 = Debug|Any CPU
		{499527FF-AE52-450F-B3E3-4AD53E1712AD}.Release|Any CPU.ActiveCfg = Release|Any CPU
		{499527FF-AE52-450F-B3E3-4AD53E1712AD}.Release|Any CPU.Build.0 = Release|Any CPU
		{9BC68E57-61E1-4084-9D12-749123B2B4CB}.Debug|Any CPU.ActiveCfg = Debug|Any CPU
		{9BC68E57-61E1-4084-9D12-749123B2B4CB}.Debug|Any CPU.Build.0 = Debug|Any CPU
		{9BC68E57-61E1-4084-9D12-749123B2B4CB}.NPDebug|Any CPU.ActiveCfg = Debug|Any CPU
		{9BC68E57-61E1-4084-9D12-749123B2B4CB}.NPDebug|Any CPU.Build.0 = Debug|Any CPU
		{9BC68E57-61E1-4084-9D12-749123B2B4CB}.Release|Any CPU.ActiveCfg = Release|Any CPU
		{9BC68E57-61E1-4084-9D12-749123B2B4CB}.Release|Any CPU.Build.0 = Release|Any CPU
		{86348B50-ECA9-4849-A221-73F0ED31713B}.Debug|Any CPU.ActiveCfg = Debug|Any CPU
		{86348B50-ECA9-4849-A221-73F0ED31713B}.Debug|Any CPU.Build.0 = Debug|Any CPU
		{86348B50-ECA9-4849-A221-73F0ED31713B}.NPDebug|Any CPU.ActiveCfg = Debug|Any CPU
		{86348B50-ECA9-4849-A221-73F0ED31713B}.NPDebug|Any CPU.Build.0 = Debug|Any CPU
		{86348B50-ECA9-4849-A221-73F0ED31713B}.Release|Any CPU.ActiveCfg = Release|Any CPU
		{86348B50-ECA9-4849-A221-73F0ED31713B}.Release|Any CPU.Build.0 = Release|Any CPU
		{BECFECBE-8EC2-485E-921E-2FB6FE048AAC}.Debug|Any CPU.ActiveCfg = Debug|Any CPU
		{BECFECBE-8EC2-485E-921E-2FB6FE048AAC}.Debug|Any CPU.Build.0 = Debug|Any CPU
		{BECFECBE-8EC2-485E-921E-2FB6FE048AAC}.NPDebug|Any CPU.ActiveCfg = Debug|Any CPU
		{BECFECBE-8EC2-485E-921E-2FB6FE048AAC}.NPDebug|Any CPU.Build.0 = Debug|Any CPU
		{BECFECBE-8EC2-485E-921E-2FB6FE048AAC}.Release|Any CPU.ActiveCfg = Release|Any CPU
		{BECFECBE-8EC2-485E-921E-2FB6FE048AAC}.Release|Any CPU.Build.0 = Release|Any CPU
		{FBBB9772-A706-4881-AA42-F3EBCA7A272B}.Debug|Any CPU.ActiveCfg = Debug|Any CPU
		{FBBB9772-A706-4881-AA42-F3EBCA7A272B}.Debug|Any CPU.Build.0 = Debug|Any CPU
		{FBBB9772-A706-4881-AA42-F3EBCA7A272B}.NPDebug|Any CPU.ActiveCfg = Debug|Any CPU
		{FBBB9772-A706-4881-AA42-F3EBCA7A272B}.NPDebug|Any CPU.Build.0 = Debug|Any CPU
		{FBBB9772-A706-4881-AA42-F3EBCA7A272B}.Release|Any CPU.ActiveCfg = Release|Any CPU
		{FBBB9772-A706-4881-AA42-F3EBCA7A272B}.Release|Any CPU.Build.0 = Release|Any CPU
		{C0871BAD-F76E-4EB8-AD78-858B794122AE}.Debug|Any CPU.ActiveCfg = Debug|Any CPU
		{C0871BAD-F76E-4EB8-AD78-858B794122AE}.Debug|Any CPU.Build.0 = Debug|Any CPU
		{C0871BAD-F76E-4EB8-AD78-858B794122AE}.NPDebug|Any CPU.ActiveCfg = Debug|Any CPU
		{C0871BAD-F76E-4EB8-AD78-858B794122AE}.NPDebug|Any CPU.Build.0 = Debug|Any CPU
		{C0871BAD-F76E-4EB8-AD78-858B794122AE}.Release|Any CPU.ActiveCfg = Release|Any CPU
		{C0871BAD-F76E-4EB8-AD78-858B794122AE}.Release|Any CPU.Build.0 = Release|Any CPU
		{44CECF36-B1C2-4BDA-BA63-8F66E803EF85}.Debug|Any CPU.ActiveCfg = Debug|Any CPU
		{44CECF36-B1C2-4BDA-BA63-8F66E803EF85}.Debug|Any CPU.Build.0 = Debug|Any CPU
		{44CECF36-B1C2-4BDA-BA63-8F66E803EF85}.NPDebug|Any CPU.ActiveCfg = Debug|Any CPU
		{44CECF36-B1C2-4BDA-BA63-8F66E803EF85}.NPDebug|Any CPU.Build.0 = Debug|Any CPU
		{44CECF36-B1C2-4BDA-BA63-8F66E803EF85}.Release|Any CPU.ActiveCfg = Release|Any CPU
		{44CECF36-B1C2-4BDA-BA63-8F66E803EF85}.Release|Any CPU.Build.0 = Release|Any CPU
		{59A98F56-001A-4094-B783-E7024768F425}.Debug|Any CPU.ActiveCfg = Debug|Any CPU
		{59A98F56-001A-4094-B783-E7024768F425}.Debug|Any CPU.Build.0 = Debug|Any CPU
		{59A98F56-001A-4094-B783-E7024768F425}.NPDebug|Any CPU.ActiveCfg = Debug|Any CPU
		{59A98F56-001A-4094-B783-E7024768F425}.NPDebug|Any CPU.Build.0 = Debug|Any CPU
		{59A98F56-001A-4094-B783-E7024768F425}.Release|Any CPU.ActiveCfg = Release|Any CPU
		{59A98F56-001A-4094-B783-E7024768F425}.Release|Any CPU.Build.0 = Release|Any CPU
		{4A052265-9896-4D0B-A9B0-14D052BC95D0}.Debug|Any CPU.ActiveCfg = Debug|Any CPU
		{4A052265-9896-4D0B-A9B0-14D052BC95D0}.Debug|Any CPU.Build.0 = Debug|Any CPU
		{4A052265-9896-4D0B-A9B0-14D052BC95D0}.NPDebug|Any CPU.ActiveCfg = Debug|Any CPU
		{4A052265-9896-4D0B-A9B0-14D052BC95D0}.NPDebug|Any CPU.Build.0 = Debug|Any CPU
		{4A052265-9896-4D0B-A9B0-14D052BC95D0}.Release|Any CPU.ActiveCfg = Release|Any CPU
		{4A052265-9896-4D0B-A9B0-14D052BC95D0}.Release|Any CPU.Build.0 = Release|Any CPU
		{369D4E9E-4EFF-4699-83B3-C4951EE0A3C3}.Debug|Any CPU.ActiveCfg = Debug|Any CPU
		{369D4E9E-4EFF-4699-83B3-C4951EE0A3C3}.Debug|Any CPU.Build.0 = Debug|Any CPU
		{369D4E9E-4EFF-4699-83B3-C4951EE0A3C3}.NPDebug|Any CPU.ActiveCfg = Debug|Any CPU
		{369D4E9E-4EFF-4699-83B3-C4951EE0A3C3}.NPDebug|Any CPU.Build.0 = Debug|Any CPU
		{369D4E9E-4EFF-4699-83B3-C4951EE0A3C3}.Release|Any CPU.ActiveCfg = Release|Any CPU
		{369D4E9E-4EFF-4699-83B3-C4951EE0A3C3}.Release|Any CPU.Build.0 = Release|Any CPU
		{BA423767-A57E-4278-BBA8-5C01F3E8D555}.Debug|Any CPU.ActiveCfg = Debug|Any CPU
		{BA423767-A57E-4278-BBA8-5C01F3E8D555}.Debug|Any CPU.Build.0 = Debug|Any CPU
		{BA423767-A57E-4278-BBA8-5C01F3E8D555}.NPDebug|Any CPU.ActiveCfg = Debug|Any CPU
		{BA423767-A57E-4278-BBA8-5C01F3E8D555}.NPDebug|Any CPU.Build.0 = Debug|Any CPU
		{BA423767-A57E-4278-BBA8-5C01F3E8D555}.Release|Any CPU.ActiveCfg = Release|Any CPU
		{BA423767-A57E-4278-BBA8-5C01F3E8D555}.Release|Any CPU.Build.0 = Release|Any CPU
		{6B54E0E9-FF92-4DD9-93A4-262544E74163}.Debug|Any CPU.ActiveCfg = Debug|Any CPU
		{6B54E0E9-FF92-4DD9-93A4-262544E74163}.Debug|Any CPU.Build.0 = Debug|Any CPU
		{6B54E0E9-FF92-4DD9-93A4-262544E74163}.NPDebug|Any CPU.ActiveCfg = Debug|Any CPU
		{6B54E0E9-FF92-4DD9-93A4-262544E74163}.NPDebug|Any CPU.Build.0 = Debug|Any CPU
		{6B54E0E9-FF92-4DD9-93A4-262544E74163}.Release|Any CPU.ActiveCfg = Release|Any CPU
		{6B54E0E9-FF92-4DD9-93A4-262544E74163}.Release|Any CPU.Build.0 = Release|Any CPU
		{FF1E5681-3980-429A-87E4-AE0B769595B4}.Debug|Any CPU.ActiveCfg = Debug|Any CPU
		{FF1E5681-3980-429A-87E4-AE0B769595B4}.Debug|Any CPU.Build.0 = Debug|Any CPU
		{FF1E5681-3980-429A-87E4-AE0B769595B4}.NPDebug|Any CPU.ActiveCfg = Debug|Any CPU
		{FF1E5681-3980-429A-87E4-AE0B769595B4}.NPDebug|Any CPU.Build.0 = Debug|Any CPU
		{FF1E5681-3980-429A-87E4-AE0B769595B4}.Release|Any CPU.ActiveCfg = Release|Any CPU
		{FF1E5681-3980-429A-87E4-AE0B769595B4}.Release|Any CPU.Build.0 = Release|Any CPU
		{BFF2CB2F-C1B7-4DFF-A35B-90038B9F5063}.Debug|Any CPU.ActiveCfg = Debug|Any CPU
		{BFF2CB2F-C1B7-4DFF-A35B-90038B9F5063}.Debug|Any CPU.Build.0 = Debug|Any CPU
		{BFF2CB2F-C1B7-4DFF-A35B-90038B9F5063}.NPDebug|Any CPU.ActiveCfg = Debug|Any CPU
		{BFF2CB2F-C1B7-4DFF-A35B-90038B9F5063}.NPDebug|Any CPU.Build.0 = Debug|Any CPU
		{BFF2CB2F-C1B7-4DFF-A35B-90038B9F5063}.Release|Any CPU.ActiveCfg = Release|Any CPU
		{BFF2CB2F-C1B7-4DFF-A35B-90038B9F5063}.Release|Any CPU.Build.0 = Release|Any CPU
		{C0410B6E-9E98-4341-B54B-7E4D76748D3A}.Debug|Any CPU.ActiveCfg = Debug|Any CPU
		{C0410B6E-9E98-4341-B54B-7E4D76748D3A}.Debug|Any CPU.Build.0 = Debug|Any CPU
		{C0410B6E-9E98-4341-B54B-7E4D76748D3A}.NPDebug|Any CPU.ActiveCfg = Debug|Any CPU
		{C0410B6E-9E98-4341-B54B-7E4D76748D3A}.NPDebug|Any CPU.Build.0 = Debug|Any CPU
		{C0410B6E-9E98-4341-B54B-7E4D76748D3A}.Release|Any CPU.ActiveCfg = Release|Any CPU
		{C0410B6E-9E98-4341-B54B-7E4D76748D3A}.Release|Any CPU.Build.0 = Release|Any CPU
		{80473C02-D43B-483F-9D00-21C64FCCC342}.Debug|Any CPU.ActiveCfg = Debug|Any CPU
		{80473C02-D43B-483F-9D00-21C64FCCC342}.Debug|Any CPU.Build.0 = Debug|Any CPU
		{80473C02-D43B-483F-9D00-21C64FCCC342}.NPDebug|Any CPU.ActiveCfg = Debug|Any CPU
		{80473C02-D43B-483F-9D00-21C64FCCC342}.NPDebug|Any CPU.Build.0 = Debug|Any CPU
		{80473C02-D43B-483F-9D00-21C64FCCC342}.Release|Any CPU.ActiveCfg = Release|Any CPU
		{80473C02-D43B-483F-9D00-21C64FCCC342}.Release|Any CPU.Build.0 = Release|Any CPU
		{8DCBF3F3-B30F-4C11-8957-BEA7F43EE173}.Debug|Any CPU.ActiveCfg = Debug|Any CPU
		{8DCBF3F3-B30F-4C11-8957-BEA7F43EE173}.Debug|Any CPU.Build.0 = Debug|Any CPU
		{8DCBF3F3-B30F-4C11-8957-BEA7F43EE173}.NPDebug|Any CPU.ActiveCfg = Debug|Any CPU
		{8DCBF3F3-B30F-4C11-8957-BEA7F43EE173}.NPDebug|Any CPU.Build.0 = Debug|Any CPU
		{8DCBF3F3-B30F-4C11-8957-BEA7F43EE173}.Release|Any CPU.ActiveCfg = Release|Any CPU
		{8DCBF3F3-B30F-4C11-8957-BEA7F43EE173}.Release|Any CPU.Build.0 = Release|Any CPU
		{A247CCEF-12FF-4254-93FC-287366920AB8}.Debug|Any CPU.ActiveCfg = Debug|Any CPU
		{A247CCEF-12FF-4254-93FC-287366920AB8}.Debug|Any CPU.Build.0 = Debug|Any CPU
		{A247CCEF-12FF-4254-93FC-287366920AB8}.NPDebug|Any CPU.ActiveCfg = Debug|Any CPU
		{A247CCEF-12FF-4254-93FC-287366920AB8}.NPDebug|Any CPU.Build.0 = Debug|Any CPU
		{A247CCEF-12FF-4254-93FC-287366920AB8}.Release|Any CPU.ActiveCfg = Release|Any CPU
		{A247CCEF-12FF-4254-93FC-287366920AB8}.Release|Any CPU.Build.0 = Release|Any CPU
		{22AAF27D-B7B6-40E0-BA70-56145DCBA7BB}.Debug|Any CPU.ActiveCfg = Debug|Any CPU
		{22AAF27D-B7B6-40E0-BA70-56145DCBA7BB}.Debug|Any CPU.Build.0 = Debug|Any CPU
		{22AAF27D-B7B6-40E0-BA70-56145DCBA7BB}.NPDebug|Any CPU.ActiveCfg = Debug|Any CPU
		{22AAF27D-B7B6-40E0-BA70-56145DCBA7BB}.NPDebug|Any CPU.Build.0 = Debug|Any CPU
		{22AAF27D-B7B6-40E0-BA70-56145DCBA7BB}.Release|Any CPU.ActiveCfg = Release|Any CPU
		{22AAF27D-B7B6-40E0-BA70-56145DCBA7BB}.Release|Any CPU.Build.0 = Release|Any CPU
		{2B86213C-A758-4DB9-BD37-5E7D2F4D7C4D}.Debug|Any CPU.ActiveCfg = Debug|Any CPU
		{2B86213C-A758-4DB9-BD37-5E7D2F4D7C4D}.Debug|Any CPU.Build.0 = Debug|Any CPU
		{2B86213C-A758-4DB9-BD37-5E7D2F4D7C4D}.NPDebug|Any CPU.ActiveCfg = Debug|Any CPU
		{2B86213C-A758-4DB9-BD37-5E7D2F4D7C4D}.NPDebug|Any CPU.Build.0 = Debug|Any CPU
		{2B86213C-A758-4DB9-BD37-5E7D2F4D7C4D}.Release|Any CPU.ActiveCfg = Release|Any CPU
		{2B86213C-A758-4DB9-BD37-5E7D2F4D7C4D}.Release|Any CPU.Build.0 = Release|Any CPU
		{3B1E7DE6-17DD-4140-AD96-21DCF5F0CB25}.Debug|Any CPU.ActiveCfg = Debug|Any CPU
		{3B1E7DE6-17DD-4140-AD96-21DCF5F0CB25}.Debug|Any CPU.Build.0 = Debug|Any CPU
		{3B1E7DE6-17DD-4140-AD96-21DCF5F0CB25}.NPDebug|Any CPU.ActiveCfg = Debug|Any CPU
		{3B1E7DE6-17DD-4140-AD96-21DCF5F0CB25}.NPDebug|Any CPU.Build.0 = Debug|Any CPU
		{3B1E7DE6-17DD-4140-AD96-21DCF5F0CB25}.Release|Any CPU.ActiveCfg = Release|Any CPU
		{3B1E7DE6-17DD-4140-AD96-21DCF5F0CB25}.Release|Any CPU.Build.0 = Release|Any CPU
		{810B90B9-F501-4B91-B019-2AD5AAD63304}.Debug|Any CPU.ActiveCfg = Debug|Any CPU
		{810B90B9-F501-4B91-B019-2AD5AAD63304}.Debug|Any CPU.Build.0 = Debug|Any CPU
		{810B90B9-F501-4B91-B019-2AD5AAD63304}.NPDebug|Any CPU.ActiveCfg = Debug|Any CPU
		{810B90B9-F501-4B91-B019-2AD5AAD63304}.NPDebug|Any CPU.Build.0 = Debug|Any CPU
		{810B90B9-F501-4B91-B019-2AD5AAD63304}.Release|Any CPU.ActiveCfg = Release|Any CPU
		{810B90B9-F501-4B91-B019-2AD5AAD63304}.Release|Any CPU.Build.0 = Release|Any CPU
		{7AD57E8B-0EC3-443C-877C-E0F4E8DE30F4}.Debug|Any CPU.ActiveCfg = Debug|Any CPU
		{7AD57E8B-0EC3-443C-877C-E0F4E8DE30F4}.Debug|Any CPU.Build.0 = Debug|Any CPU
		{7AD57E8B-0EC3-443C-877C-E0F4E8DE30F4}.NPDebug|Any CPU.ActiveCfg = Debug|Any CPU
		{7AD57E8B-0EC3-443C-877C-E0F4E8DE30F4}.NPDebug|Any CPU.Build.0 = Debug|Any CPU
		{7AD57E8B-0EC3-443C-877C-E0F4E8DE30F4}.Release|Any CPU.ActiveCfg = Release|Any CPU
		{7AD57E8B-0EC3-443C-877C-E0F4E8DE30F4}.Release|Any CPU.Build.0 = Release|Any CPU
		{59622A6E-A9AE-438C-A164-05DEA2FCF8CF}.Debug|Any CPU.ActiveCfg = Debug|Any CPU
		{59622A6E-A9AE-438C-A164-05DEA2FCF8CF}.Debug|Any CPU.Build.0 = Debug|Any CPU
		{59622A6E-A9AE-438C-A164-05DEA2FCF8CF}.NPDebug|Any CPU.ActiveCfg = Debug|Any CPU
		{59622A6E-A9AE-438C-A164-05DEA2FCF8CF}.NPDebug|Any CPU.Build.0 = Debug|Any CPU
		{59622A6E-A9AE-438C-A164-05DEA2FCF8CF}.Release|Any CPU.ActiveCfg = Release|Any CPU
		{59622A6E-A9AE-438C-A164-05DEA2FCF8CF}.Release|Any CPU.Build.0 = Release|Any CPU
		{CEEB755D-DE12-4E70-816E-546C429B44B7}.Debug|Any CPU.ActiveCfg = Debug|Any CPU
		{CEEB755D-DE12-4E70-816E-546C429B44B7}.Debug|Any CPU.Build.0 = Debug|Any CPU
		{CEEB755D-DE12-4E70-816E-546C429B44B7}.NPDebug|Any CPU.ActiveCfg = Debug|Any CPU
		{CEEB755D-DE12-4E70-816E-546C429B44B7}.NPDebug|Any CPU.Build.0 = Debug|Any CPU
		{CEEB755D-DE12-4E70-816E-546C429B44B7}.Release|Any CPU.ActiveCfg = Release|Any CPU
		{CEEB755D-DE12-4E70-816E-546C429B44B7}.Release|Any CPU.Build.0 = Release|Any CPU
		{F35C6131-D793-49D3-8044-E8B06F9CB107}.Debug|Any CPU.ActiveCfg = Debug|Any CPU
		{F35C6131-D793-49D3-8044-E8B06F9CB107}.Debug|Any CPU.Build.0 = Debug|Any CPU
		{F35C6131-D793-49D3-8044-E8B06F9CB107}.NPDebug|Any CPU.ActiveCfg = Debug|Any CPU
		{F35C6131-D793-49D3-8044-E8B06F9CB107}.NPDebug|Any CPU.Build.0 = Debug|Any CPU
		{F35C6131-D793-49D3-8044-E8B06F9CB107}.Release|Any CPU.ActiveCfg = Release|Any CPU
		{F35C6131-D793-49D3-8044-E8B06F9CB107}.Release|Any CPU.Build.0 = Release|Any CPU
		{F074226B-734D-4308-B1C5-30350A228D8B}.Debug|Any CPU.ActiveCfg = Debug|Any CPU
		{F074226B-734D-4308-B1C5-30350A228D8B}.Debug|Any CPU.Build.0 = Debug|Any CPU
		{F074226B-734D-4308-B1C5-30350A228D8B}.NPDebug|Any CPU.ActiveCfg = Debug|Any CPU
		{F074226B-734D-4308-B1C5-30350A228D8B}.NPDebug|Any CPU.Build.0 = Debug|Any CPU
		{F074226B-734D-4308-B1C5-30350A228D8B}.Release|Any CPU.ActiveCfg = Release|Any CPU
		{F074226B-734D-4308-B1C5-30350A228D8B}.Release|Any CPU.Build.0 = Release|Any CPU
		{F36B7455-7754-467E-8F64-72A33C687889}.Debug|Any CPU.ActiveCfg = Debug|Any CPU
		{F36B7455-7754-467E-8F64-72A33C687889}.Debug|Any CPU.Build.0 = Debug|Any CPU
		{F36B7455-7754-467E-8F64-72A33C687889}.NPDebug|Any CPU.ActiveCfg = Debug|Any CPU
		{F36B7455-7754-467E-8F64-72A33C687889}.NPDebug|Any CPU.Build.0 = Debug|Any CPU
		{F36B7455-7754-467E-8F64-72A33C687889}.Release|Any CPU.ActiveCfg = Release|Any CPU
		{F36B7455-7754-467E-8F64-72A33C687889}.Release|Any CPU.Build.0 = Release|Any CPU
		{D3440F56-DBD9-4B17-84E5-532E1D6FFE24}.Debug|Any CPU.ActiveCfg = Debug|Any CPU
		{D3440F56-DBD9-4B17-84E5-532E1D6FFE24}.Debug|Any CPU.Build.0 = Debug|Any CPU
		{D3440F56-DBD9-4B17-84E5-532E1D6FFE24}.NPDebug|Any CPU.ActiveCfg = Debug|Any CPU
		{D3440F56-DBD9-4B17-84E5-532E1D6FFE24}.NPDebug|Any CPU.Build.0 = Debug|Any CPU
		{D3440F56-DBD9-4B17-84E5-532E1D6FFE24}.Release|Any CPU.ActiveCfg = Release|Any CPU
		{D3440F56-DBD9-4B17-84E5-532E1D6FFE24}.Release|Any CPU.Build.0 = Release|Any CPU
		{9F0128B1-B662-474D-9B73-3FD8E9783B40}.Debug|Any CPU.ActiveCfg = Debug|Any CPU
		{9F0128B1-B662-474D-9B73-3FD8E9783B40}.Debug|Any CPU.Build.0 = Debug|Any CPU
		{9F0128B1-B662-474D-9B73-3FD8E9783B40}.NPDebug|Any CPU.ActiveCfg = Debug|Any CPU
		{9F0128B1-B662-474D-9B73-3FD8E9783B40}.NPDebug|Any CPU.Build.0 = Debug|Any CPU
		{9F0128B1-B662-474D-9B73-3FD8E9783B40}.Release|Any CPU.ActiveCfg = Release|Any CPU
		{9F0128B1-B662-474D-9B73-3FD8E9783B40}.Release|Any CPU.Build.0 = Release|Any CPU
		{A233A8F1-5BD3-4BFA-BB4B-8A5E727C353A}.Debug|Any CPU.ActiveCfg = Debug|Any CPU
		{A233A8F1-5BD3-4BFA-BB4B-8A5E727C353A}.Debug|Any CPU.Build.0 = Debug|Any CPU
		{A233A8F1-5BD3-4BFA-BB4B-8A5E727C353A}.NPDebug|Any CPU.ActiveCfg = Debug|Any CPU
		{A233A8F1-5BD3-4BFA-BB4B-8A5E727C353A}.NPDebug|Any CPU.Build.0 = Debug|Any CPU
		{A233A8F1-5BD3-4BFA-BB4B-8A5E727C353A}.Release|Any CPU.ActiveCfg = Release|Any CPU
		{A233A8F1-5BD3-4BFA-BB4B-8A5E727C353A}.Release|Any CPU.Build.0 = Release|Any CPU
		{529145D5-6CC3-4016-89B5-826563024AF1}.Debug|Any CPU.ActiveCfg = Debug|Any CPU
		{529145D5-6CC3-4016-89B5-826563024AF1}.Debug|Any CPU.Build.0 = Debug|Any CPU
		{529145D5-6CC3-4016-89B5-826563024AF1}.NPDebug|Any CPU.ActiveCfg = Debug|Any CPU
		{529145D5-6CC3-4016-89B5-826563024AF1}.NPDebug|Any CPU.Build.0 = Debug|Any CPU
		{529145D5-6CC3-4016-89B5-826563024AF1}.Release|Any CPU.ActiveCfg = Release|Any CPU
		{529145D5-6CC3-4016-89B5-826563024AF1}.Release|Any CPU.Build.0 = Release|Any CPU
		{5909BFE7-93CF-4E5F-BE22-6293368AF01D}.Debug|Any CPU.ActiveCfg = Debug|Any CPU
		{5909BFE7-93CF-4E5F-BE22-6293368AF01D}.Debug|Any CPU.Build.0 = Debug|Any CPU
		{5909BFE7-93CF-4E5F-BE22-6293368AF01D}.NPDebug|Any CPU.ActiveCfg = Debug|Any CPU
		{5909BFE7-93CF-4E5F-BE22-6293368AF01D}.NPDebug|Any CPU.Build.0 = Debug|Any CPU
		{5909BFE7-93CF-4E5F-BE22-6293368AF01D}.Release|Any CPU.ActiveCfg = Release|Any CPU
		{5909BFE7-93CF-4E5F-BE22-6293368AF01D}.Release|Any CPU.Build.0 = Release|Any CPU
		{4DBE5E36-4B54-4E5F-9B4F-5BBF33A3CEF1}.Debug|Any CPU.ActiveCfg = Debug|Any CPU
		{4DBE5E36-4B54-4E5F-9B4F-5BBF33A3CEF1}.Debug|Any CPU.Build.0 = Debug|Any CPU
		{4DBE5E36-4B54-4E5F-9B4F-5BBF33A3CEF1}.NPDebug|Any CPU.ActiveCfg = Debug|Any CPU
		{4DBE5E36-4B54-4E5F-9B4F-5BBF33A3CEF1}.NPDebug|Any CPU.Build.0 = Debug|Any CPU
		{4DBE5E36-4B54-4E5F-9B4F-5BBF33A3CEF1}.Release|Any CPU.ActiveCfg = Release|Any CPU
		{4DBE5E36-4B54-4E5F-9B4F-5BBF33A3CEF1}.Release|Any CPU.Build.0 = Release|Any CPU
		{CEB85F8E-D429-4510-95A5-47CC3069D412}.Debug|Any CPU.ActiveCfg = Debug|Any CPU
		{CEB85F8E-D429-4510-95A5-47CC3069D412}.Debug|Any CPU.Build.0 = Debug|Any CPU
		{CEB85F8E-D429-4510-95A5-47CC3069D412}.NPDebug|Any CPU.ActiveCfg = Debug|Any CPU
		{CEB85F8E-D429-4510-95A5-47CC3069D412}.NPDebug|Any CPU.Build.0 = Debug|Any CPU
		{CEB85F8E-D429-4510-95A5-47CC3069D412}.Release|Any CPU.ActiveCfg = Release|Any CPU
		{CEB85F8E-D429-4510-95A5-47CC3069D412}.Release|Any CPU.Build.0 = Release|Any CPU
		{164520AA-2DB7-4405-9AE5-EB515527A33B}.Debug|Any CPU.ActiveCfg = Debug|Any CPU
		{164520AA-2DB7-4405-9AE5-EB515527A33B}.Debug|Any CPU.Build.0 = Debug|Any CPU
		{164520AA-2DB7-4405-9AE5-EB515527A33B}.NPDebug|Any CPU.ActiveCfg = Debug|Any CPU
		{164520AA-2DB7-4405-9AE5-EB515527A33B}.NPDebug|Any CPU.Build.0 = Debug|Any CPU
		{164520AA-2DB7-4405-9AE5-EB515527A33B}.Release|Any CPU.ActiveCfg = Release|Any CPU
		{164520AA-2DB7-4405-9AE5-EB515527A33B}.Release|Any CPU.Build.0 = Release|Any CPU
		{21802A52-F4F7-4366-B61D-06E1FB337B86}.Debug|Any CPU.ActiveCfg = Debug|Any CPU
		{21802A52-F4F7-4366-B61D-06E1FB337B86}.Debug|Any CPU.Build.0 = Debug|Any CPU
		{21802A52-F4F7-4366-B61D-06E1FB337B86}.NPDebug|Any CPU.ActiveCfg = Debug|Any CPU
		{21802A52-F4F7-4366-B61D-06E1FB337B86}.NPDebug|Any CPU.Build.0 = Debug|Any CPU
		{21802A52-F4F7-4366-B61D-06E1FB337B86}.Release|Any CPU.ActiveCfg = Release|Any CPU
		{21802A52-F4F7-4366-B61D-06E1FB337B86}.Release|Any CPU.Build.0 = Release|Any CPU
		{52E03E08-331A-4CA7-8D8F-6F598C94EED4}.Debug|Any CPU.ActiveCfg = Debug|Any CPU
		{52E03E08-331A-4CA7-8D8F-6F598C94EED4}.Debug|Any CPU.Build.0 = Debug|Any CPU
		{52E03E08-331A-4CA7-8D8F-6F598C94EED4}.NPDebug|Any CPU.ActiveCfg = Debug|Any CPU
		{52E03E08-331A-4CA7-8D8F-6F598C94EED4}.NPDebug|Any CPU.Build.0 = Debug|Any CPU
		{52E03E08-331A-4CA7-8D8F-6F598C94EED4}.Release|Any CPU.ActiveCfg = Release|Any CPU
		{52E03E08-331A-4CA7-8D8F-6F598C94EED4}.Release|Any CPU.Build.0 = Release|Any CPU
		{F44D03E8-FEEC-40D4-B866-A87799185B4C}.Debug|Any CPU.ActiveCfg = Debug|Any CPU
		{F44D03E8-FEEC-40D4-B866-A87799185B4C}.Debug|Any CPU.Build.0 = Debug|Any CPU
		{F44D03E8-FEEC-40D4-B866-A87799185B4C}.NPDebug|Any CPU.ActiveCfg = Debug|Any CPU
		{F44D03E8-FEEC-40D4-B866-A87799185B4C}.NPDebug|Any CPU.Build.0 = Debug|Any CPU
		{F44D03E8-FEEC-40D4-B866-A87799185B4C}.Release|Any CPU.ActiveCfg = Release|Any CPU
		{F44D03E8-FEEC-40D4-B866-A87799185B4C}.Release|Any CPU.Build.0 = Release|Any CPU
		{FA44ABA2-8E13-402C-A5A0-8D73C74B5181}.Debug|Any CPU.ActiveCfg = Debug|Any CPU
		{FA44ABA2-8E13-402C-A5A0-8D73C74B5181}.Debug|Any CPU.Build.0 = Debug|Any CPU
		{FA44ABA2-8E13-402C-A5A0-8D73C74B5181}.NPDebug|Any CPU.ActiveCfg = Debug|Any CPU
		{FA44ABA2-8E13-402C-A5A0-8D73C74B5181}.NPDebug|Any CPU.Build.0 = Debug|Any CPU
		{FA44ABA2-8E13-402C-A5A0-8D73C74B5181}.Release|Any CPU.ActiveCfg = Release|Any CPU
		{FA44ABA2-8E13-402C-A5A0-8D73C74B5181}.Release|Any CPU.Build.0 = Release|Any CPU
	EndGlobalSection
	GlobalSection(SolutionProperties) = preSolution
		HideSolutionNode = FALSE
	EndGlobalSection
	GlobalSection(NestedProjects) = preSolution
		{7ADEDDCE-6903-4A58-94F5-D0B39B21330F} = {E3DC759D-B004-4E6C-8381-D5D5C74A5B92}
		{DB783ED9-FDE6-458F-A094-457B7F4283A0} = {E3DC759D-B004-4E6C-8381-D5D5C74A5B92}
		{805A8237-05ED-40AE-8D1A-9288373EA5E0} = {E3DC759D-B004-4E6C-8381-D5D5C74A5B92}
		{1A8E047C-7893-4918-B415-CE3928E815D8} = {E3DC759D-B004-4E6C-8381-D5D5C74A5B92}
		{44FD9133-5FE7-4824-BD35-27273706D127} = {E3DC759D-B004-4E6C-8381-D5D5C74A5B92}
		{9676E4C3-1A1F-45B8-8FFD-C398F14002E7} = {E3DC759D-B004-4E6C-8381-D5D5C74A5B92}
		{5FB1569E-253E-42A7-A4E8-B4651FC6DCA2} = {E3DC759D-B004-4E6C-8381-D5D5C74A5B92}
		{D08F9A33-6D4E-43E9-86F2-8E79EC115B9E} = {E3DC759D-B004-4E6C-8381-D5D5C74A5B92}
		{7F415FBF-21FA-4E00-82DE-AAD8CEECC84B} = {E3DC759D-B004-4E6C-8381-D5D5C74A5B92}
		{E6C03D2A-D150-4473-9439-D300746A1390} = {E3DC759D-B004-4E6C-8381-D5D5C74A5B92}
		{FED3C829-D92A-4800-9462-A175CCAC4C70} = {E3DC759D-B004-4E6C-8381-D5D5C74A5B92}
		{C600657B-7E29-44B5-83A1-747FAB30D5D0} = {E3DC759D-B004-4E6C-8381-D5D5C74A5B92}
		{84A66716-C686-4B8E-A092-CFE38CA7DDE0} = {E3DC759D-B004-4E6C-8381-D5D5C74A5B92}
		{59DDC853-62AF-4F86-A803-3D4DD491E978} = {E3DC759D-B004-4E6C-8381-D5D5C74A5B92}
		{F6EA0941-40FF-4679-A1A6-EACD5C9BA42B} = {E3DC759D-B004-4E6C-8381-D5D5C74A5B92}
		{08EA4A4E-D815-47AE-9277-DA6672D36214} = {E3DC759D-B004-4E6C-8381-D5D5C74A5B92}
		{79B0EAC3-5159-4FC8-B3D8-53315B205444} = {E3DC759D-B004-4E6C-8381-D5D5C74A5B92}
		{BD4CF454-BE0B-490F-997D-665DA7EBEC96} = {E3DC759D-B004-4E6C-8381-D5D5C74A5B92}
		{E150EBF6-16F7-4299-B4BD-791757D6CC9E} = {E3DC759D-B004-4E6C-8381-D5D5C74A5B92}
		{3EDF4C94-F84A-43B2-95A5-F47DC30F1A5C} = {E3DC759D-B004-4E6C-8381-D5D5C74A5B92}
		{499527FF-AE52-450F-B3E3-4AD53E1712AD} = {E3DC759D-B004-4E6C-8381-D5D5C74A5B92}
		{86348B50-ECA9-4849-A221-73F0ED31713B} = {E3DC759D-B004-4E6C-8381-D5D5C74A5B92}
		{369D4E9E-4EFF-4699-83B3-C4951EE0A3C3} = {E3DC759D-B004-4E6C-8381-D5D5C74A5B92}
		{BA423767-A57E-4278-BBA8-5C01F3E8D555} = {E3DC759D-B004-4E6C-8381-D5D5C74A5B92}
		{FF1E5681-3980-429A-87E4-AE0B769595B4} = {E3DC759D-B004-4E6C-8381-D5D5C74A5B92}
		{8DCBF3F3-B30F-4C11-8957-BEA7F43EE173} = {E3DC759D-B004-4E6C-8381-D5D5C74A5B92}
		{A247CCEF-12FF-4254-93FC-287366920AB8} = {E3DC759D-B004-4E6C-8381-D5D5C74A5B92}
		{22AAF27D-B7B6-40E0-BA70-56145DCBA7BB} = {E3DC759D-B004-4E6C-8381-D5D5C74A5B92}
		{2B86213C-A758-4DB9-BD37-5E7D2F4D7C4D} = {E3DC759D-B004-4E6C-8381-D5D5C74A5B92}
		{3B1E7DE6-17DD-4140-AD96-21DCF5F0CB25} = {E3DC759D-B004-4E6C-8381-D5D5C74A5B92}
		{810B90B9-F501-4B91-B019-2AD5AAD63304} = {E3DC759D-B004-4E6C-8381-D5D5C74A5B92}
		{7AD57E8B-0EC3-443C-877C-E0F4E8DE30F4} = {E3DC759D-B004-4E6C-8381-D5D5C74A5B92}
		{59622A6E-A9AE-438C-A164-05DEA2FCF8CF} = {E3DC759D-B004-4E6C-8381-D5D5C74A5B92}
		{CEEB755D-DE12-4E70-816E-546C429B44B7} = {E3DC759D-B004-4E6C-8381-D5D5C74A5B92}
		{D3440F56-DBD9-4B17-84E5-532E1D6FFE24} = {E3DC759D-B004-4E6C-8381-D5D5C74A5B92}
		{9F0128B1-B662-474D-9B73-3FD8E9783B40} = {E3DC759D-B004-4E6C-8381-D5D5C74A5B92}
		{529145D5-6CC3-4016-89B5-826563024AF1} = {E3DC759D-B004-4E6C-8381-D5D5C74A5B92}
		{5909BFE7-93CF-4E5F-BE22-6293368AF01D} = {E3DC759D-B004-4E6C-8381-D5D5C74A5B92}
		{4DBE5E36-4B54-4E5F-9B4F-5BBF33A3CEF1} = {E3DC759D-B004-4E6C-8381-D5D5C74A5B92}
		{CEB85F8E-D429-4510-95A5-47CC3069D412} = {E3DC759D-B004-4E6C-8381-D5D5C74A5B92}
		{164520AA-2DB7-4405-9AE5-EB515527A33B} = {E3DC759D-B004-4E6C-8381-D5D5C74A5B92}
		{21802A52-F4F7-4366-B61D-06E1FB337B86} = {E3DC759D-B004-4E6C-8381-D5D5C74A5B92}
		{52E03E08-331A-4CA7-8D8F-6F598C94EED4} = {E3DC759D-B004-4E6C-8381-D5D5C74A5B92}
		{F44D03E8-FEEC-40D4-B866-A87799185B4C} = {E3DC759D-B004-4E6C-8381-D5D5C74A5B92}
		{FA44ABA2-8E13-402C-A5A0-8D73C74B5181} = {E3DC759D-B004-4E6C-8381-D5D5C74A5B92}
	EndGlobalSection
	GlobalSection(ExtensibilityGlobals) = postSolution
		SolutionGuid = {61121AD0-E62B-4E2A-8AF5-6956E15AE91E}
	EndGlobalSection
	GlobalSection(TeamFoundationVersionControl) = preSolution
		SccNumberOfProjects = 71
		SccEnterpriseProvider = {4CA58AB2-18FA-4F8D-95D4-32DDF27D184C}
		SccTeamFoundationServer = http://jjs-server:8080/tfs/defaultcollection
		SccProjectUniqueName0 = Framework\\Data.NHibernate\\JJ.Framework.Data.NHibernate.csproj
		SccProjectTopLevelParentUniqueName0 = JJ.SaveText.sln
		SccProjectName0 = Framework/Data.NHibernate
		SccLocalPath0 = Framework\\Data.NHibernate
		SccProjectUniqueName1 = Framework\\Configuration\\JJ.Framework.Configuration.csproj
		SccProjectTopLevelParentUniqueName1 = JJ.SaveText.sln
		SccProjectName1 = Framework/Configuration
		SccLocalPath1 = Framework\\Configuration
		SccProjectUniqueName2 = Framework\\Reflection\\JJ.Framework.Reflection.csproj
		SccProjectTopLevelParentUniqueName2 = JJ.SaveText.sln
		SccProjectName2 = Framework/Reflection
		SccLocalPath2 = Framework\\Reflection
		SccProjectUniqueName3 = Framework\\Common\\JJ.Framework.Common.csproj
		SccProjectTopLevelParentUniqueName3 = JJ.SaveText.sln
		SccProjectName3 = Framework/Common
		SccLocalPath3 = Framework\\Common
		SccProjectUniqueName4 = Framework\\Data\\JJ.Framework.Data.csproj
		SccProjectTopLevelParentUniqueName4 = JJ.SaveText.sln
		SccProjectName4 = Framework/Data
		SccLocalPath4 = Framework\\Data
		SccProjectUniqueName5 = Framework\\Data.EntityFramework5\\JJ.Framework.Data.EntityFramework5.csproj
		SccProjectTopLevelParentUniqueName5 = JJ.SaveText.sln
		SccProjectName5 = Framework/Data.EntityFramework5
		SccLocalPath5 = Framework\\Data.EntityFramework5
		SccProjectUniqueName6 = Third\u0020Party\\NPersist\\Source\u0020Code\\NCore\\Framework\\Puzzle.NCore.Framework\u0020NET\u00203.5.csproj
		SccProjectTopLevelParentUniqueName6 = JJ.SaveText.sln
		SccProjectName6 = Third\u0020Party/NPersist/Source\u0020Code/NCore/Framework
		SccLocalPath6 = Third\u0020Party\\NPersist\\Source\u0020Code\\NCore\\Framework
		SccProjectUniqueName7 = Third\u0020Party\\NPersist\\Source\u0020Code\\NAspect\\Framework\\Puzzle.NAspect.Framework.NET\u00203.5.csproj
		SccProjectTopLevelParentUniqueName7 = JJ.SaveText.sln
		SccProjectName7 = Third\u0020Party/NPersist/Source\u0020Code/NAspect/Framework
		SccLocalPath7 = Third\u0020Party\\NPersist\\Source\u0020Code\\NAspect\\Framework
		SccProjectUniqueName8 = Third\u0020Party\\NPersist\\Source\u0020Code\\NPath\\Framework\\Puzzle.NPath.Framework.NET\u00203.5.csproj
		SccProjectTopLevelParentUniqueName8 = JJ.SaveText.sln
		SccProjectName8 = Third\u0020Party/NPersist/Source\u0020Code/NPath/Framework
		SccLocalPath8 = Third\u0020Party\\NPersist\\Source\u0020Code\\NPath\\Framework
		SccProjectUniqueName9 = Third\u0020Party\\NPersist\\Source\u0020Code\\NPersist\\Framework\\Puzzle.NPersist.Framework.NET\u00203.5.csproj
		SccProjectTopLevelParentUniqueName9 = JJ.SaveText.sln
		SccProjectName9 = Third\u0020Party/NPersist/Source\u0020Code/NPersist/Framework
		SccLocalPath9 = Third\u0020Party\\NPersist\\Source\u0020Code\\NPersist\\Framework
		SccProjectUniqueName10 = Framework\\Mvc\\JJ.Framework.Mvc.csproj
		SccProjectTopLevelParentUniqueName10 = JJ.SaveText.sln
		SccProjectName10 = Framework/Mvc
		SccLocalPath10 = Framework\\Mvc
		SccProjectUniqueName11 = Framework\\IO\\JJ.Framework.IO.csproj
		SccProjectTopLevelParentUniqueName11 = JJ.SaveText.sln
		SccProjectName11 = Framework/IO
		SccLocalPath11 = Framework\\IO
		SccProjectUniqueName12 = Framework\\WinForms\\JJ.Framework.WinForms.csproj
		SccProjectTopLevelParentUniqueName12 = JJ.SaveText.sln
		SccProjectName12 = Framework/WinForms
		SccLocalPath12 = Framework\\WinForms
		SccProjectUniqueName13 = Framework\\Validation\\JJ.Framework.Validation.csproj
		SccProjectTopLevelParentUniqueName13 = JJ.SaveText.sln
		SccProjectName13 = Framework/Validation
		SccLocalPath13 = Framework\\Validation
		SccProjectUniqueName14 = Framework\\Xml\\JJ.Framework.Xml.csproj
		SccProjectTopLevelParentUniqueName14 = JJ.SaveText.sln
		SccProjectName14 = Framework/Xml
		SccLocalPath14 = Framework\\Xml
		SccProjectUniqueName15 = Data\\Canonical\\JJ.Data.Canonical.csproj
		SccProjectTopLevelParentUniqueName15 = JJ.SaveText.sln
		SccProjectName15 = Data/Canonical
		SccLocalPath15 = Data\\Canonical
		SccProjectUniqueName16 = Framework\\Presentation\\JJ.Framework.Presentation.csproj
		SccProjectTopLevelParentUniqueName16 = JJ.SaveText.sln
		SccProjectName16 = Framework/Presentation
		SccLocalPath16 = Framework\\Presentation
		SccProjectUniqueName17 = Framework\\JavaScript\\JJ.Framework.JavaScript.csproj
		SccProjectTopLevelParentUniqueName17 = JJ.SaveText.sln
		SccProjectName17 = Framework/JavaScript
		SccLocalPath17 = Framework\\JavaScript
		SccProjectUniqueName18 = Framework\\Reflection.Tests\\JJ.Framework.Reflection.Tests.csproj
		SccProjectTopLevelParentUniqueName18 = JJ.SaveText.sln
		SccProjectName18 = Framework/Reflection.Tests
		SccLocalPath18 = Framework\\Reflection.Tests
		SccProjectUniqueName19 = Data\\SaveText\\JJ.Data.SaveText.csproj
		SccProjectName19 = Data/SaveText
		SccLocalPath19 = Data\\SaveText
		SccProjectUniqueName20 = Data\\SaveText.DefaultRepositories\\JJ.Data.SaveText.DefaultRepositories.csproj
		SccProjectName20 = Data/SaveText.DefaultRepositories
		SccLocalPath20 = Data\\SaveText.DefaultRepositories
		SccProjectUniqueName21 = Data\\SaveText.NHibernate\\JJ.Data.SaveText.NHibernate.csproj
		SccProjectName21 = Data/SaveText.NHibernate
		SccLocalPath21 = Data\\SaveText.NHibernate
		SccProjectUniqueName22 = Data\\SaveText.EntityFramework5\\JJ.Data.SaveText.EntityFramework5.csproj
		SccProjectName22 = Data/SaveText.EntityFramework5
		SccLocalPath22 = Data\\SaveText.EntityFramework5
		SccProjectUniqueName23 = Data\\SaveText.Xml\\JJ.Data.SaveText.Xml.csproj
		SccProjectName23 = Data/SaveText.Xml
		SccLocalPath23 = Data\\SaveText.Xml
		SccProjectUniqueName24 = Presentation\\SaveText\\JJ.Presentation.SaveText.csproj
		SccProjectName24 = Presentation/SaveText
		SccLocalPath24 = Presentation\\SaveText
		SccProjectUniqueName25 = Presentation\\SaveText.Mvc\\JJ.Presentation.SaveText.Mvc.csproj
		SccProjectName25 = Presentation/SaveText.Mvc
		SccLocalPath25 = Presentation\\SaveText.Mvc
		SccProjectUniqueName26 = Business\\SaveText\\JJ.Business.SaveText.csproj
		SccProjectName26 = Business/SaveText
		SccLocalPath26 = Business\\SaveText
		SccProjectUniqueName27 = Presentation\\SaveText.Html\\JJ.Presentation.SaveText.Html.csproj
		SccProjectName27 = Presentation/SaveText.Html
		SccLocalPath27 = Presentation\\SaveText.Html
		SccProjectUniqueName28 = Presentation\\SaveText.AppService\\JJ.Presentation.SaveText.AppService.csproj
		SccProjectName28 = Presentation/SaveText.AppService
		SccLocalPath28 = Presentation\\SaveText.AppService
		SccProjectUniqueName29 = Framework\\Data.Xml\\JJ.Framework.Data.Xml.csproj
		SccProjectTopLevelParentUniqueName29 = JJ.SaveText.sln
		SccProjectName29 = Framework/Data.Xml
		SccLocalPath29 = Framework\\Data.Xml
		SccProjectUniqueName30 = Third\u0020Party\\SgmlReader\\Source\u0020Code\u0020Adapted\\sgmlreaderdll\\SgmlReaderDll.csproj
		SccProjectTopLevelParentUniqueName30 = JJ.SaveText.sln
		SccProjectName30 = Third\u0020Party/SgmlReader/Source\u0020Code\u0020Adapted/sgmlreaderdll
		SccLocalPath30 = Third\u0020Party\\SgmlReader\\Source\u0020Code\u0020Adapted\\sgmlreaderdll
		SccProjectUniqueName31 = Presentation\\SaveText.Unity.DotNet.Offline\\JJ.Presentation.SaveText.Unity.DotNet.Offline.csproj
		SccProjectName31 = Presentation/SaveText.Unity.DotNet.Offline
		SccLocalPath31 = Presentation\\SaveText.Unity.DotNet.Offline
		SccProjectUniqueName32 = Framework\\Data.Memory\\JJ.Framework.Data.Memory.csproj
		SccProjectTopLevelParentUniqueName32 = JJ.SaveText.sln
		SccProjectName32 = Framework/Data.Memory
		SccLocalPath32 = Framework\\Data.Memory
		SccProjectUniqueName33 = Data\\SaveText.Memory\\JJ.Data.SaveText.Memory.csproj
		SccProjectName33 = Data/SaveText.Memory
		SccLocalPath33 = Data\\SaveText.Memory
		SccProjectUniqueName34 = Presentation\\SaveText.WinForms.Online\\JJ.Presentation.SaveText.WinForms.Online.csproj
		SccProjectName34 = Presentation/SaveText.WinForms.Online
		SccLocalPath34 = Presentation\\SaveText.WinForms.Online
		SccProjectUniqueName35 = Presentation\\SaveText.WinForms.Offline\\JJ.Presentation.SaveText.WinForms.Offline.csproj
		SccProjectName35 = Presentation/SaveText.WinForms.Offline
		SccLocalPath35 = Presentation\\SaveText.WinForms.Offline
		SccProjectUniqueName36 = Presentation\\SaveText.WinForms.OfflineWithSync\\JJ.Presentation.SaveText.WinForms.OfflineWithSync.csproj
		SccProjectName36 = Presentation/SaveText.WinForms.OfflineWithSync
		SccLocalPath36 = Presentation\\SaveText.WinForms.OfflineWithSync
		SccProjectUniqueName37 = Presentation\\SaveText.WinForms.OnlineOfflineSwitched\\JJ.Presentation.SaveText.WinForms.OnlineOfflineSwitched.csproj
		SccProjectName37 = Presentation/SaveText.WinForms.OnlineOfflineSwitched
		SccLocalPath37 = Presentation\\SaveText.WinForms.OnlineOfflineSwitched
		SccProjectUniqueName38 = Presentation\\SaveText.AppService.Interface\\JJ.Presentation.SaveText.AppService.Interface.csproj
		SccProjectName38 = Presentation/SaveText.AppService.Interface
		SccLocalPath38 = Presentation\\SaveText.AppService.Interface
		SccProjectUniqueName39 = Framework\\Testing\\JJ.Framework.Testing.csproj
		SccProjectTopLevelParentUniqueName39 = JJ.SaveText.sln
		SccProjectName39 = Framework/Testing
		SccLocalPath39 = Framework\\Testing
		SccProjectUniqueName40 = Framework\\Data.Xml.Linq\\JJ.Framework.Data.Xml.Linq.csproj
		SccProjectTopLevelParentUniqueName40 = JJ.SaveText.sln
		SccProjectName40 = Framework/Data.Xml.Linq
		SccLocalPath40 = Framework\\Data.Xml.Linq
		SccProjectUniqueName41 = Data\\SaveText.Xml.Linq\\JJ.Data.SaveText.Xml.Linq.csproj
		SccProjectName41 = Data/SaveText.Xml.Linq
		SccLocalPath41 = Data\\SaveText.Xml.Linq
		SccProjectUniqueName42 = Framework\\Common.Tests\\JJ.Framework.Common.Tests.csproj
		SccProjectTopLevelParentUniqueName42 = JJ.SaveText.sln
		SccProjectName42 = Framework/Common.Tests
		SccLocalPath42 = Framework\\Common.Tests
		SccProjectUniqueName43 = Presentation\\SaveText.Unity.DotNet.Online\\JJ.Presentation.SaveText.Unity.DotNet.Online.csproj
		SccProjectName43 = Presentation/SaveText.Unity.DotNet.Online
		SccLocalPath43 = Presentation\\SaveText.Unity.DotNet.Online
		SccProjectUniqueName44 = Presentation\\SaveText.Unity.DotNet.OfflineWithSync\\JJ.Presentation.SaveText.Unity.DotNet.OfflineWithSync.csproj
		SccProjectName44 = Presentation/SaveText.Unity.DotNet.OfflineWithSync
		SccLocalPath44 = Presentation\\SaveText.Unity.DotNet.OfflineWithSync
		SccProjectUniqueName45 = Presentation\\SaveText.AppService.Tests\\JJ.Presentation.SaveText.AppService.Tests.csproj
		SccProjectName45 = Presentation/SaveText.AppService.Tests
		SccLocalPath45 = Presentation\\SaveText.AppService.Tests
		SccProjectUniqueName46 = Framework\\Xml.Linq\\JJ.Framework.Xml.Linq.csproj
		SccProjectTopLevelParentUniqueName46 = JJ.SaveText.sln
		SccProjectName46 = Framework/Xml.Linq
		SccLocalPath46 = Framework\\Xml.Linq
		SccProjectUniqueName47 = Framework\\Xml.Linq.Tests\\JJ.Framework.Xml.Linq.Tests.csproj
		SccProjectTopLevelParentUniqueName47 = JJ.SaveText.sln
		SccProjectName47 = Framework/Xml.Linq.Tests
		SccLocalPath47 = Framework\\Xml.Linq.Tests
		SccProjectUniqueName48 = Framework\\Xml.Tests\\JJ.Framework.Xml.Tests.csproj
		SccProjectTopLevelParentUniqueName48 = JJ.SaveText.sln
		SccProjectName48 = Framework/Xml.Tests
		SccLocalPath48 = Framework\\Xml.Tests
		SccProjectUniqueName49 = Framework\\Soap\\JJ.Framework.Soap.csproj
		SccProjectTopLevelParentUniqueName49 = JJ.SaveText.sln
		SccProjectName49 = Framework/Soap
		SccLocalPath49 = Framework\\Soap
		SccProjectUniqueName50 = Framework\\Soap.Tests\\JJ.Framework.Soap.Tests.csproj
		SccProjectTopLevelParentUniqueName50 = JJ.SaveText.sln
		SccProjectName50 = Framework/Soap.Tests
		SccLocalPath50 = Framework\\Soap.Tests
		SccProjectUniqueName51 = Framework\\Mathematics\\JJ.Framework.Mathematics.csproj
		SccProjectTopLevelParentUniqueName51 = JJ.SaveText.sln
		SccProjectName51 = Framework/Mathematics
		SccLocalPath51 = Framework\\Mathematics
		SccProjectUniqueName52 = Framework\\Mathematics.Tests\\JJ.Framework.Mathematics.Tests.csproj
		SccProjectTopLevelParentUniqueName52 = JJ.SaveText.sln
		SccProjectName52 = Framework/Mathematics.Tests
		SccLocalPath52 = Framework\\Mathematics.Tests
		SccProjectUniqueName53 = Framework\\PlatformCompatibility\\JJ.Framework.PlatformCompatibility.csproj
		SccProjectTopLevelParentUniqueName53 = JJ.SaveText.sln
		SccProjectName53 = Framework/PlatformCompatibility
		SccLocalPath53 = Framework\\PlatformCompatibility
		SccProjectUniqueName54 = Framework\\Logging\\JJ.Framework.Logging.csproj
		SccProjectTopLevelParentUniqueName54 = JJ.SaveText.sln
		SccProjectName54 = Framework/Logging
		SccLocalPath54 = Framework\\Logging
		SccProjectUniqueName55 = Presentation\\SaveText.AppService.Client\\JJ.Presentation.SaveText.AppService.Client.csproj
		SccProjectName55 = Presentation/SaveText.AppService.Client
		SccLocalPath55 = Presentation\\SaveText.AppService.Client
		SccProjectUniqueName56 = Presentation\\SaveText.Interface\\JJ.Presentation.SaveText.Interface.csproj
		SccProjectName56 = Presentation/SaveText.Interface
		SccLocalPath56 = Presentation\\SaveText.Interface
		SccProjectUniqueName57 = Presentation\\SaveText.WinForms.Online.CustomSoapClient\\JJ.Presentation.SaveText.WinForms.Online.CustomSoapClient.csproj
		SccProjectName57 = Presentation/SaveText.WinForms.Online.CustomSoapClient
		SccLocalPath57 = Presentation\\SaveText.WinForms.Online.CustomSoapClient
		SccProjectUniqueName58 = Framework\\Soap.Tests.Server\\JJ.Framework.Soap.Tests.Server.csproj
		SccProjectTopLevelParentUniqueName58 = JJ.SaveText.sln
		SccProjectName58 = Framework/Soap.Tests.Server
		SccLocalPath58 = Framework\\Soap.Tests.Server
		SccProjectUniqueName59 = Framework\\Soap.Tests.ServiceInterface\\JJ.Framework.Soap.Tests.ServiceInterface.csproj
		SccProjectTopLevelParentUniqueName59 = JJ.SaveText.sln
		SccProjectName59 = Framework/Soap.Tests.ServiceInterface
		SccLocalPath59 = Framework\\Soap.Tests.ServiceInterface
		SccProjectUniqueName60 = Presentation\\SaveText.Unity.DotNet.Online.WwwObject\\JJ.Presentation.SaveText.Unity.DotNet.Online.WwwObject.csproj
		SccProjectName60 = Presentation/SaveText.Unity.DotNet.Online.WwwObject
		SccLocalPath60 = Presentation\\SaveText.Unity.DotNet.Online.WwwObject
		SccProjectUniqueName61 = Third\u0020Party\\FluentNHibernate\\Source\u0020Code\\1.3\\src\\FluentNHibernate\\FluentNHibernate.csproj
		SccProjectTopLevelParentUniqueName61 = JJ.SaveText.sln
		SccProjectName61 = Third\u0020Party/FluentNHibernate/Source\u0020Code/1.3/src/FluentNHibernate
		SccLocalPath61 = Third\u0020Party\\FluentNHibernate\\Source\u0020Code\\1.3\\src\\FluentNHibernate
		SccProjectUniqueName62 = Third\u0020Party\\NHibernate\\Source\u0020Code\\3.3.1.GA\\src\\NHibernate\\NHibernate.csproj
		SccProjectTopLevelParentUniqueName62 = JJ.SaveText.sln
		SccProjectName62 = Third\u0020Party/NHibernate/Source\u0020Code/3.3.1.GA/src/NHibernate
		SccLocalPath62 = Third\u0020Party\\NHibernate\\Source\u0020Code\\3.3.1.GA\\src\\NHibernate
		SccProjectUniqueName63 = Business\\Canonical\\JJ.Business.Canonical.csproj
		SccProjectTopLevelParentUniqueName63 = JJ.SaveText.sln
		SccProjectName63 = Business/Canonical
		SccLocalPath63 = Business\\Canonical
		SccProjectUniqueName64 = Framework\\Data.SqlClient\\JJ.Framework.Data.SqlClient.csproj
		SccProjectTopLevelParentUniqueName64 = JJ.SaveText.sln
		SccProjectName64 = Framework/Data.SqlClient
		SccLocalPath64 = Framework\\Data.SqlClient
		SccProjectUniqueName65 = Framework\\Web\\JJ.Framework.Web.csproj
		SccProjectTopLevelParentUniqueName65 = JJ.SaveText.sln
		SccProjectName65 = Framework/Web
		SccLocalPath65 = Framework\\Web
		SccProjectUniqueName66 = Framework\\Drawing\\JJ.Framework.Drawing.csproj
		SccProjectTopLevelParentUniqueName66 = JJ.SaveText.sln
		SccProjectName66 = Framework/Drawing
		SccLocalPath66 = Framework\\Drawing
		SccProjectUniqueName67 = Framework\\VectorGraphics\\JJ.Framework.VectorGraphics.csproj
		SccProjectTopLevelParentUniqueName67 = JJ.SaveText.sln
		SccProjectName67 = Framework/VectorGraphics
		SccLocalPath67 = Framework\\VectorGraphics
		SccProjectUniqueName68 = Framework\\Business\\JJ.Framework.Business.csproj
		SccProjectTopLevelParentUniqueName68 = JJ.SaveText.sln
		SccProjectName68 = Framework/Business
		SccLocalPath68 = Framework\\Business
		SccProjectUniqueName69 = Framework\\Exceptions\\JJ.Framework.Exceptions.csproj
		SccProjectTopLevelParentUniqueName69 = JJ.SaveText.sln
		SccProjectName69 = Framework/Exceptions
		SccLocalPath69 = Framework\\Exceptions
		SccLocalPath70 = .
	EndGlobalSection
EndGlobal
