
Microsoft Visual Studio Solution File, Format Version 12.00
# Visual Studio Version 16
VisualStudioVersion = 16.0.30804.86
MinimumVisualStudioVersion = 10.0.40219.1
Project("{2150E333-8FDC-42A3-9474-1A3956D46DE8}") = "Dependencies", "Dependencies", "{E3DC759D-B004-4E6C-8381-D5D5C74A5B92}"
EndProject
Project("{FAE04EC0-301F-11D3-BF4B-00C04F79EFBC}") = "JJ.Data.Canonical", "Data\Canonical\JJ.Data.Canonical.csproj", "{08EA4A4E-D815-47AE-9277-DA6672D36214}"
EndProject
Project("{FAE04EC0-301F-11D3-BF4B-00C04F79EFBC}") = "JJ.Data.SaveText", "Data\SaveText\JJ.Data.SaveText.csproj", "{95449A62-9F9B-42DA-812E-92BC0C2783AA}"
EndProject
Project("{FAE04EC0-301F-11D3-BF4B-00C04F79EFBC}") = "JJ.Data.SaveText.DefaultRepositories", "Data\SaveText.DefaultRepositories\JJ.Data.SaveText.DefaultRepositories.csproj", "{06443309-668F-42FE-8996-D2C3FFA637F5}"
EndProject
Project("{FAE04EC0-301F-11D3-BF4B-00C04F79EFBC}") = "JJ.Data.SaveText.NHibernate", "Data\SaveText.NHibernate\JJ.Data.SaveText.NHibernate.csproj", "{48145ED7-5BB1-4ECB-9FB0-0DBD35B80EA9}"
EndProject
Project("{FAE04EC0-301F-11D3-BF4B-00C04F79EFBC}") = "JJ.Data.SaveText.EntityFramework", "Data\SaveText.EntityFramework\JJ.Data.SaveText.EntityFramework.csproj", "{77AB85CE-6402-4AA3-A9A9-83121D5D9C6D}"
EndProject
Project("{FAE04EC0-301F-11D3-BF4B-00C04F79EFBC}") = "JJ.Data.SaveText.Xml", "Data\SaveText.Xml\JJ.Data.SaveText.Xml.csproj", "{292046BB-5667-4231-B8AA-BAD57CD1B481}"
EndProject
Project("{FAE04EC0-301F-11D3-BF4B-00C04F79EFBC}") = "JJ.Presentation.SaveText", "Presentation\SaveText\JJ.Presentation.SaveText.csproj", "{44B139AB-BDF0-414A-AA01-4B7E62ADCF57}"
EndProject
Project("{FAE04EC0-301F-11D3-BF4B-00C04F79EFBC}") = "JJ.Presentation.SaveText.Mvc", "Presentation\SaveText.Mvc\JJ.Presentation.SaveText.Mvc.csproj", "{93E3A63D-1523-4DE4-9B9D-FC6CE7CD6AC4}"
EndProject
Project("{FAE04EC0-301F-11D3-BF4B-00C04F79EFBC}") = "JJ.Business.SaveText", "Business\SaveText\JJ.Business.SaveText.csproj", "{AE912326-CDA3-4CBA-B8DB-E59B36E403B3}"
EndProject
Project("{FAE04EC0-301F-11D3-BF4B-00C04F79EFBC}") = "JJ.Presentation.SaveText.Html", "Presentation\SaveText.Html\JJ.Presentation.SaveText.Html.csproj", "{26EEC1BC-7E27-4541-8C5C-BA993B703F2C}"
EndProject
Project("{FAE04EC0-301F-11D3-BF4B-00C04F79EFBC}") = "JJ.Presentation.SaveText.AppService", "Presentation\SaveText.AppService\JJ.Presentation.SaveText.AppService.csproj", "{0F59DBC8-E641-496D-9DA6-059E4EFE01EF}"
EndProject
Project("{FAE04EC0-301F-11D3-BF4B-00C04F79EFBC}") = "JJ.Presentation.SaveText.Unity.DotNet.Offline", "Presentation\SaveText.Unity.DotNet.Offline\JJ.Presentation.SaveText.Unity.DotNet.Offline.csproj", "{9BC68E57-61E1-4084-9D12-749123B2B4CB}"
EndProject
Project("{FAE04EC0-301F-11D3-BF4B-00C04F79EFBC}") = "JJ.Data.SaveText.Memory", "Data\SaveText.Memory\JJ.Data.SaveText.Memory.csproj", "{BECFECBE-8EC2-485E-921E-2FB6FE048AAC}"
EndProject
Project("{FAE04EC0-301F-11D3-BF4B-00C04F79EFBC}") = "JJ.Presentation.SaveText.WinForms.Online", "Presentation\SaveText.WinForms.Online\JJ.Presentation.SaveText.WinForms.Online.csproj", "{FBBB9772-A706-4881-AA42-F3EBCA7A272B}"
	ProjectSection(ProjectDependencies) = postProject
		{0F59DBC8-E641-496D-9DA6-059E4EFE01EF} = {0F59DBC8-E641-496D-9DA6-059E4EFE01EF}
	EndProjectSection
EndProject
Project("{FAE04EC0-301F-11D3-BF4B-00C04F79EFBC}") = "JJ.Presentation.SaveText.WinForms.Offline", "Presentation\SaveText.WinForms.Offline\JJ.Presentation.SaveText.WinForms.Offline.csproj", "{C0871BAD-F76E-4EB8-AD78-858B794122AE}"
EndProject
Project("{FAE04EC0-301F-11D3-BF4B-00C04F79EFBC}") = "JJ.Presentation.SaveText.WinForms.OfflineWithSync", "Presentation\SaveText.WinForms.OfflineWithSync\JJ.Presentation.SaveText.WinForms.OfflineWithSync.csproj", "{44CECF36-B1C2-4BDA-BA63-8F66E803EF85}"
EndProject
Project("{FAE04EC0-301F-11D3-BF4B-00C04F79EFBC}") = "JJ.Presentation.SaveText.WinForms.OnlineOfflineSwitched", "Presentation\SaveText.WinForms.OnlineOfflineSwitched\JJ.Presentation.SaveText.WinForms.OnlineOfflineSwitched.csproj", "{59A98F56-001A-4094-B783-E7024768F425}"
EndProject
Project("{FAE04EC0-301F-11D3-BF4B-00C04F79EFBC}") = "JJ.Presentation.SaveText.AppService.Interface", "Presentation\SaveText.AppService.Interface\JJ.Presentation.SaveText.AppService.Interface.csproj", "{4A052265-9896-4D0B-A9B0-14D052BC95D0}"
EndProject
Project("{FAE04EC0-301F-11D3-BF4B-00C04F79EFBC}") = "JJ.Data.SaveText.Xml.Linq", "Data\SaveText.Xml.Linq\JJ.Data.SaveText.Xml.Linq.csproj", "{6B54E0E9-FF92-4DD9-93A4-262544E74163}"
EndProject
Project("{FAE04EC0-301F-11D3-BF4B-00C04F79EFBC}") = "JJ.Presentation.SaveText.Unity.DotNet.Online", "Presentation\SaveText.Unity.DotNet.Online\JJ.Presentation.SaveText.Unity.DotNet.Online.csproj", "{BFF2CB2F-C1B7-4DFF-A35B-90038B9F5063}"
EndProject
Project("{FAE04EC0-301F-11D3-BF4B-00C04F79EFBC}") = "JJ.Presentation.SaveText.Unity.DotNet.OfflineWithSync", "Presentation\SaveText.Unity.DotNet.OfflineWithSync\JJ.Presentation.SaveText.Unity.DotNet.OfflineWithSync.csproj", "{C0410B6E-9E98-4341-B54B-7E4D76748D3A}"
EndProject
Project("{FAE04EC0-301F-11D3-BF4B-00C04F79EFBC}") = "JJ.Presentation.SaveText.AppService.Tests", "Presentation\SaveText.AppService.Tests\JJ.Presentation.SaveText.AppService.Tests.csproj", "{80473C02-D43B-483F-9D00-21C64FCCC342}"
EndProject
Project("{FAE04EC0-301F-11D3-BF4B-00C04F79EFBC}") = "JJ.Presentation.SaveText.AppService.Client", "Presentation\SaveText.AppService.Client\JJ.Presentation.SaveText.AppService.Client.csproj", "{F35C6131-D793-49D3-8044-E8B06F9CB107}"
EndProject
Project("{FAE04EC0-301F-11D3-BF4B-00C04F79EFBC}") = "JJ.Presentation.SaveText.Interface", "Presentation\SaveText.Interface\JJ.Presentation.SaveText.Interface.csproj", "{F074226B-734D-4308-B1C5-30350A228D8B}"
EndProject
Project("{FAE04EC0-301F-11D3-BF4B-00C04F79EFBC}") = "JJ.Presentation.SaveText.WinForms.Online.CustomSoapClient", "Presentation\SaveText.WinForms.Online.CustomSoapClient\JJ.Presentation.SaveText.WinForms.Online.CustomSoapClient.csproj", "{F36B7455-7754-467E-8F64-72A33C687889}"
EndProject
Project("{FAE04EC0-301F-11D3-BF4B-00C04F79EFBC}") = "JJ.Presentation.SaveText.Unity.DotNet.Online.WwwObject", "Presentation\SaveText.Unity.DotNet.Online.WwwObject\JJ.Presentation.SaveText.Unity.DotNet.Online.WwwObject.csproj", "{A233A8F1-5BD3-4BFA-BB4B-8A5E727C353A}"
EndProject
Project("{FAE04EC0-301F-11D3-BF4B-00C04F79EFBC}") = "JJ.Business.Canonical", "Business\Canonical\JJ.Business.Canonical.csproj", "{4DBE5E36-4B54-4E5F-9B4F-5BBF33A3CEF1}"
EndProject
Global
	GlobalSection(SolutionConfigurationPlatforms) = preSolution
		Debug|Any CPU = Debug|Any CPU
		NPDebug|Any CPU = NPDebug|Any CPU
		Release|Any CPU = Release|Any CPU
	EndGlobalSection
	GlobalSection(ProjectConfigurationPlatforms) = postSolution
		{08EA4A4E-D815-47AE-9277-DA6672D36214}.Debug|Any CPU.ActiveCfg = Debug|Any CPU
		{08EA4A4E-D815-47AE-9277-DA6672D36214}.Debug|Any CPU.Build.0 = Debug|Any CPU
		{08EA4A4E-D815-47AE-9277-DA6672D36214}.NPDebug|Any CPU.ActiveCfg = Debug|Any CPU
		{08EA4A4E-D815-47AE-9277-DA6672D36214}.NPDebug|Any CPU.Build.0 = Debug|Any CPU
		{08EA4A4E-D815-47AE-9277-DA6672D36214}.Release|Any CPU.ActiveCfg = Release|Any CPU
		{08EA4A4E-D815-47AE-9277-DA6672D36214}.Release|Any CPU.Build.0 = Release|Any CPU
		{95449A62-9F9B-42DA-812E-92BC0C2783AA}.Debug|Any CPU.ActiveCfg = Debug|Any CPU
		{95449A62-9F9B-42DA-812E-92BC0C2783AA}.Debug|Any CPU.Build.0 = Debug|Any CPU
		{95449A62-9F9B-42DA-812E-92BC0C2783AA}.NPDebug|Any CPU.ActiveCfg = Debug|Any CPU
		{95449A62-9F9B-42DA-812E-92BC0C2783AA}.NPDebug|Any CPU.Build.0 = Debug|Any CPU
		{95449A62-9F9B-42DA-812E-92BC0C2783AA}.Release|Any CPU.ActiveCfg = Release|Any CPU
		{95449A62-9F9B-42DA-812E-92BC0C2783AA}.Release|Any CPU.Build.0 = Release|Any CPU
		{06443309-668F-42FE-8996-D2C3FFA637F5}.Debug|Any CPU.ActiveCfg = Debug|Any CPU
		{06443309-668F-42FE-8996-D2C3FFA637F5}.Debug|Any CPU.Build.0 = Debug|Any CPU
		{06443309-668F-42FE-8996-D2C3FFA637F5}.NPDebug|Any CPU.ActiveCfg = Debug|Any CPU
		{06443309-668F-42FE-8996-D2C3FFA637F5}.NPDebug|Any CPU.Build.0 = Debug|Any CPU
		{06443309-668F-42FE-8996-D2C3FFA637F5}.Release|Any CPU.ActiveCfg = Release|Any CPU
		{06443309-668F-42FE-8996-D2C3FFA637F5}.Release|Any CPU.Build.0 = Release|Any CPU
		{48145ED7-5BB1-4ECB-9FB0-0DBD35B80EA9}.Debug|Any CPU.ActiveCfg = Debug|Any CPU
		{48145ED7-5BB1-4ECB-9FB0-0DBD35B80EA9}.Debug|Any CPU.Build.0 = Debug|Any CPU
		{48145ED7-5BB1-4ECB-9FB0-0DBD35B80EA9}.NPDebug|Any CPU.ActiveCfg = Debug|Any CPU
		{48145ED7-5BB1-4ECB-9FB0-0DBD35B80EA9}.NPDebug|Any CPU.Build.0 = Debug|Any CPU
		{48145ED7-5BB1-4ECB-9FB0-0DBD35B80EA9}.Release|Any CPU.ActiveCfg = Release|Any CPU
		{48145ED7-5BB1-4ECB-9FB0-0DBD35B80EA9}.Release|Any CPU.Build.0 = Release|Any CPU
		{77AB85CE-6402-4AA3-A9A9-83121D5D9C6D}.Debug|Any CPU.ActiveCfg = Debug|Any CPU
		{77AB85CE-6402-4AA3-A9A9-83121D5D9C6D}.Debug|Any CPU.Build.0 = Debug|Any CPU
		{77AB85CE-6402-4AA3-A9A9-83121D5D9C6D}.NPDebug|Any CPU.ActiveCfg = Debug|Any CPU
		{77AB85CE-6402-4AA3-A9A9-83121D5D9C6D}.NPDebug|Any CPU.Build.0 = Debug|Any CPU
		{77AB85CE-6402-4AA3-A9A9-83121D5D9C6D}.Release|Any CPU.ActiveCfg = Release|Any CPU
		{77AB85CE-6402-4AA3-A9A9-83121D5D9C6D}.Release|Any CPU.Build.0 = Release|Any CPU
		{292046BB-5667-4231-B8AA-BAD57CD1B481}.Debug|Any CPU.ActiveCfg = Debug|Any CPU
		{292046BB-5667-4231-B8AA-BAD57CD1B481}.Debug|Any CPU.Build.0 = Debug|Any CPU
		{292046BB-5667-4231-B8AA-BAD57CD1B481}.NPDebug|Any CPU.ActiveCfg = Debug|Any CPU
		{292046BB-5667-4231-B8AA-BAD57CD1B481}.NPDebug|Any CPU.Build.0 = Debug|Any CPU
		{292046BB-5667-4231-B8AA-BAD57CD1B481}.Release|Any CPU.ActiveCfg = Release|Any CPU
		{292046BB-5667-4231-B8AA-BAD57CD1B481}.Release|Any CPU.Build.0 = Release|Any CPU
		{44B139AB-BDF0-414A-AA01-4B7E62ADCF57}.Debug|Any CPU.ActiveCfg = Debug|Any CPU
		{44B139AB-BDF0-414A-AA01-4B7E62ADCF57}.Debug|Any CPU.Build.0 = Debug|Any CPU
		{44B139AB-BDF0-414A-AA01-4B7E62ADCF57}.NPDebug|Any CPU.ActiveCfg = Debug|Any CPU
		{44B139AB-BDF0-414A-AA01-4B7E62ADCF57}.NPDebug|Any CPU.Build.0 = Debug|Any CPU
		{44B139AB-BDF0-414A-AA01-4B7E62ADCF57}.Release|Any CPU.ActiveCfg = Release|Any CPU
		{44B139AB-BDF0-414A-AA01-4B7E62ADCF57}.Release|Any CPU.Build.0 = Release|Any CPU
		{93E3A63D-1523-4DE4-9B9D-FC6CE7CD6AC4}.Debug|Any CPU.ActiveCfg = Debug|Any CPU
		{93E3A63D-1523-4DE4-9B9D-FC6CE7CD6AC4}.Debug|Any CPU.Build.0 = Debug|Any CPU
		{93E3A63D-1523-4DE4-9B9D-FC6CE7CD6AC4}.NPDebug|Any CPU.ActiveCfg = Debug|Any CPU
		{93E3A63D-1523-4DE4-9B9D-FC6CE7CD6AC4}.NPDebug|Any CPU.Build.0 = Debug|Any CPU
		{93E3A63D-1523-4DE4-9B9D-FC6CE7CD6AC4}.Release|Any CPU.ActiveCfg = Release|Any CPU
		{93E3A63D-1523-4DE4-9B9D-FC6CE7CD6AC4}.Release|Any CPU.Build.0 = Release|Any CPU
		{AE912326-CDA3-4CBA-B8DB-E59B36E403B3}.Debug|Any CPU.ActiveCfg = Debug|Any CPU
		{AE912326-CDA3-4CBA-B8DB-E59B36E403B3}.Debug|Any CPU.Build.0 = Debug|Any CPU
		{AE912326-CDA3-4CBA-B8DB-E59B36E403B3}.NPDebug|Any CPU.ActiveCfg = Debug|Any CPU
		{AE912326-CDA3-4CBA-B8DB-E59B36E403B3}.NPDebug|Any CPU.Build.0 = Debug|Any CPU
		{AE912326-CDA3-4CBA-B8DB-E59B36E403B3}.Release|Any CPU.ActiveCfg = Release|Any CPU
		{AE912326-CDA3-4CBA-B8DB-E59B36E403B3}.Release|Any CPU.Build.0 = Release|Any CPU
		{26EEC1BC-7E27-4541-8C5C-BA993B703F2C}.Debug|Any CPU.ActiveCfg = Debug|Any CPU
		{26EEC1BC-7E27-4541-8C5C-BA993B703F2C}.Debug|Any CPU.Build.0 = Debug|Any CPU
		{26EEC1BC-7E27-4541-8C5C-BA993B703F2C}.NPDebug|Any CPU.ActiveCfg = Debug|Any CPU
		{26EEC1BC-7E27-4541-8C5C-BA993B703F2C}.NPDebug|Any CPU.Build.0 = Debug|Any CPU
		{26EEC1BC-7E27-4541-8C5C-BA993B703F2C}.Release|Any CPU.ActiveCfg = Release|Any CPU
		{26EEC1BC-7E27-4541-8C5C-BA993B703F2C}.Release|Any CPU.Build.0 = Release|Any CPU
		{0F59DBC8-E641-496D-9DA6-059E4EFE01EF}.Debug|Any CPU.ActiveCfg = Debug|Any CPU
		{0F59DBC8-E641-496D-9DA6-059E4EFE01EF}.Debug|Any CPU.Build.0 = Debug|Any CPU
		{0F59DBC8-E641-496D-9DA6-059E4EFE01EF}.NPDebug|Any CPU.ActiveCfg = Debug|Any CPU
		{0F59DBC8-E641-496D-9DA6-059E4EFE01EF}.NPDebug|Any CPU.Build.0 = Debug|Any CPU
		{0F59DBC8-E641-496D-9DA6-059E4EFE01EF}.Release|Any CPU.ActiveCfg = Release|Any CPU
		{0F59DBC8-E641-496D-9DA6-059E4EFE01EF}.Release|Any CPU.Build.0 = Release|Any CPU
		{9BC68E57-61E1-4084-9D12-749123B2B4CB}.Debug|Any CPU.ActiveCfg = Debug|Any CPU
		{9BC68E57-61E1-4084-9D12-749123B2B4CB}.Debug|Any CPU.Build.0 = Debug|Any CPU
		{9BC68E57-61E1-4084-9D12-749123B2B4CB}.NPDebug|Any CPU.ActiveCfg = Debug|Any CPU
		{9BC68E57-61E1-4084-9D12-749123B2B4CB}.NPDebug|Any CPU.Build.0 = Debug|Any CPU
		{9BC68E57-61E1-4084-9D12-749123B2B4CB}.Release|Any CPU.ActiveCfg = Release|Any CPU
		{9BC68E57-61E1-4084-9D12-749123B2B4CB}.Release|Any CPU.Build.0 = Release|Any CPU
		{BECFECBE-8EC2-485E-921E-2FB6FE048AAC}.Debug|Any CPU.ActiveCfg = Debug|Any CPU
		{BECFECBE-8EC2-485E-921E-2FB6FE048AAC}.Debug|Any CPU.Build.0 = Debug|Any CPU
		{BECFECBE-8EC2-485E-921E-2FB6FE048AAC}.NPDebug|Any CPU.ActiveCfg = Debug|Any CPU
		{BECFECBE-8EC2-485E-921E-2FB6FE048AAC}.NPDebug|Any CPU.Build.0 = Debug|Any CPU
		{BECFECBE-8EC2-485E-921E-2FB6FE048AAC}.Release|Any CPU.ActiveCfg = Release|Any CPU
		{BECFECBE-8EC2-485E-921E-2FB6FE048AAC}.Release|Any CPU.Build.0 = Release|Any CPU
		{FBBB9772-A706-4881-AA42-F3EBCA7A272B}.Debug|Any CPU.ActiveCfg = Debug|Any CPU
		{FBBB9772-A706-4881-AA42-F3EBCA7A272B}.Debug|Any CPU.Build.0 = Debug|Any CPU
		{FBBB9772-A706-4881-AA42-F3EBCA7A272B}.NPDebug|Any CPU.ActiveCfg = Debug|Any CPU
		{FBBB9772-A706-4881-AA42-F3EBCA7A272B}.NPDebug|Any CPU.Build.0 = Debug|Any CPU
		{FBBB9772-A706-4881-AA42-F3EBCA7A272B}.Release|Any CPU.ActiveCfg = Release|Any CPU
		{FBBB9772-A706-4881-AA42-F3EBCA7A272B}.Release|Any CPU.Build.0 = Release|Any CPU
		{C0871BAD-F76E-4EB8-AD78-858B794122AE}.Debug|Any CPU.ActiveCfg = Debug|Any CPU
		{C0871BAD-F76E-4EB8-AD78-858B794122AE}.Debug|Any CPU.Build.0 = Debug|Any CPU
		{C0871BAD-F76E-4EB8-AD78-858B794122AE}.NPDebug|Any CPU.ActiveCfg = Debug|Any CPU
		{C0871BAD-F76E-4EB8-AD78-858B794122AE}.NPDebug|Any CPU.Build.0 = Debug|Any CPU
		{C0871BAD-F76E-4EB8-AD78-858B794122AE}.Release|Any CPU.ActiveCfg = Release|Any CPU
		{C0871BAD-F76E-4EB8-AD78-858B794122AE}.Release|Any CPU.Build.0 = Release|Any CPU
		{44CECF36-B1C2-4BDA-BA63-8F66E803EF85}.Debug|Any CPU.ActiveCfg = Debug|Any CPU
		{44CECF36-B1C2-4BDA-BA63-8F66E803EF85}.Debug|Any CPU.Build.0 = Debug|Any CPU
		{44CECF36-B1C2-4BDA-BA63-8F66E803EF85}.NPDebug|Any CPU.ActiveCfg = Debug|Any CPU
		{44CECF36-B1C2-4BDA-BA63-8F66E803EF85}.NPDebug|Any CPU.Build.0 = Debug|Any CPU
		{44CECF36-B1C2-4BDA-BA63-8F66E803EF85}.Release|Any CPU.ActiveCfg = Release|Any CPU
		{44CECF36-B1C2-4BDA-BA63-8F66E803EF85}.Release|Any CPU.Build.0 = Release|Any CPU
		{59A98F56-001A-4094-B783-E7024768F425}.Debug|Any CPU.ActiveCfg = Debug|Any CPU
		{59A98F56-001A-4094-B783-E7024768F425}.Debug|Any CPU.Build.0 = Debug|Any CPU
		{59A98F56-001A-4094-B783-E7024768F425}.NPDebug|Any CPU.ActiveCfg = Debug|Any CPU
		{59A98F56-001A-4094-B783-E7024768F425}.NPDebug|Any CPU.Build.0 = Debug|Any CPU
		{59A98F56-001A-4094-B783-E7024768F425}.Release|Any CPU.ActiveCfg = Release|Any CPU
		{59A98F56-001A-4094-B783-E7024768F425}.Release|Any CPU.Build.0 = Release|Any CPU
		{4A052265-9896-4D0B-A9B0-14D052BC95D0}.Debug|Any CPU.ActiveCfg = Debug|Any CPU
		{4A052265-9896-4D0B-A9B0-14D052BC95D0}.Debug|Any CPU.Build.0 = Debug|Any CPU
		{4A052265-9896-4D0B-A9B0-14D052BC95D0}.NPDebug|Any CPU.ActiveCfg = Debug|Any CPU
		{4A052265-9896-4D0B-A9B0-14D052BC95D0}.NPDebug|Any CPU.Build.0 = Debug|Any CPU
		{4A052265-9896-4D0B-A9B0-14D052BC95D0}.Release|Any CPU.ActiveCfg = Release|Any CPU
		{4A052265-9896-4D0B-A9B0-14D052BC95D0}.Release|Any CPU.Build.0 = Release|Any CPU
		{6B54E0E9-FF92-4DD9-93A4-262544E74163}.Debug|Any CPU.ActiveCfg = Debug|Any CPU
		{6B54E0E9-FF92-4DD9-93A4-262544E74163}.Debug|Any CPU.Build.0 = Debug|Any CPU
		{6B54E0E9-FF92-4DD9-93A4-262544E74163}.NPDebug|Any CPU.ActiveCfg = Debug|Any CPU
		{6B54E0E9-FF92-4DD9-93A4-262544E74163}.NPDebug|Any CPU.Build.0 = Debug|Any CPU
		{6B54E0E9-FF92-4DD9-93A4-262544E74163}.Release|Any CPU.ActiveCfg = Release|Any CPU
		{6B54E0E9-FF92-4DD9-93A4-262544E74163}.Release|Any CPU.Build.0 = Release|Any CPU
		{BFF2CB2F-C1B7-4DFF-A35B-90038B9F5063}.Debug|Any CPU.ActiveCfg = Debug|Any CPU
		{BFF2CB2F-C1B7-4DFF-A35B-90038B9F5063}.Debug|Any CPU.Build.0 = Debug|Any CPU
		{BFF2CB2F-C1B7-4DFF-A35B-90038B9F5063}.NPDebug|Any CPU.ActiveCfg = Debug|Any CPU
		{BFF2CB2F-C1B7-4DFF-A35B-90038B9F5063}.NPDebug|Any CPU.Build.0 = Debug|Any CPU
		{BFF2CB2F-C1B7-4DFF-A35B-90038B9F5063}.Release|Any CPU.ActiveCfg = Release|Any CPU
		{BFF2CB2F-C1B7-4DFF-A35B-90038B9F5063}.Release|Any CPU.Build.0 = Release|Any CPU
		{C0410B6E-9E98-4341-B54B-7E4D76748D3A}.Debug|Any CPU.ActiveCfg = Debug|Any CPU
		{C0410B6E-9E98-4341-B54B-7E4D76748D3A}.Debug|Any CPU.Build.0 = Debug|Any CPU
		{C0410B6E-9E98-4341-B54B-7E4D76748D3A}.NPDebug|Any CPU.ActiveCfg = Debug|Any CPU
		{C0410B6E-9E98-4341-B54B-7E4D76748D3A}.NPDebug|Any CPU.Build.0 = Debug|Any CPU
		{C0410B6E-9E98-4341-B54B-7E4D76748D3A}.Release|Any CPU.ActiveCfg = Release|Any CPU
		{C0410B6E-9E98-4341-B54B-7E4D76748D3A}.Release|Any CPU.Build.0 = Release|Any CPU
		{80473C02-D43B-483F-9D00-21C64FCCC342}.Debug|Any CPU.ActiveCfg = Debug|Any CPU
		{80473C02-D43B-483F-9D00-21C64FCCC342}.Debug|Any CPU.Build.0 = Debug|Any CPU
		{80473C02-D43B-483F-9D00-21C64FCCC342}.NPDebug|Any CPU.ActiveCfg = Debug|Any CPU
		{80473C02-D43B-483F-9D00-21C64FCCC342}.NPDebug|Any CPU.Build.0 = Debug|Any CPU
		{80473C02-D43B-483F-9D00-21C64FCCC342}.Release|Any CPU.ActiveCfg = Release|Any CPU
		{80473C02-D43B-483F-9D00-21C64FCCC342}.Release|Any CPU.Build.0 = Release|Any CPU
		{F35C6131-D793-49D3-8044-E8B06F9CB107}.Debug|Any CPU.ActiveCfg = Debug|Any CPU
		{F35C6131-D793-49D3-8044-E8B06F9CB107}.Debug|Any CPU.Build.0 = Debug|Any CPU
		{F35C6131-D793-49D3-8044-E8B06F9CB107}.NPDebug|Any CPU.ActiveCfg = Debug|Any CPU
		{F35C6131-D793-49D3-8044-E8B06F9CB107}.NPDebug|Any CPU.Build.0 = Debug|Any CPU
		{F35C6131-D793-49D3-8044-E8B06F9CB107}.Release|Any CPU.ActiveCfg = Release|Any CPU
		{F35C6131-D793-49D3-8044-E8B06F9CB107}.Release|Any CPU.Build.0 = Release|Any CPU
		{F074226B-734D-4308-B1C5-30350A228D8B}.Debug|Any CPU.ActiveCfg = Debug|Any CPU
		{F074226B-734D-4308-B1C5-30350A228D8B}.Debug|Any CPU.Build.0 = Debug|Any CPU
		{F074226B-734D-4308-B1C5-30350A228D8B}.NPDebug|Any CPU.ActiveCfg = Debug|Any CPU
		{F074226B-734D-4308-B1C5-30350A228D8B}.NPDebug|Any CPU.Build.0 = Debug|Any CPU
		{F074226B-734D-4308-B1C5-30350A228D8B}.Release|Any CPU.ActiveCfg = Release|Any CPU
		{F074226B-734D-4308-B1C5-30350A228D8B}.Release|Any CPU.Build.0 = Release|Any CPU
		{F36B7455-7754-467E-8F64-72A33C687889}.Debug|Any CPU.ActiveCfg = Debug|Any CPU
		{F36B7455-7754-467E-8F64-72A33C687889}.Debug|Any CPU.Build.0 = Debug|Any CPU
		{F36B7455-7754-467E-8F64-72A33C687889}.NPDebug|Any CPU.ActiveCfg = Debug|Any CPU
		{F36B7455-7754-467E-8F64-72A33C687889}.NPDebug|Any CPU.Build.0 = Debug|Any CPU
		{F36B7455-7754-467E-8F64-72A33C687889}.Release|Any CPU.ActiveCfg = Release|Any CPU
		{F36B7455-7754-467E-8F64-72A33C687889}.Release|Any CPU.Build.0 = Release|Any CPU
		{A233A8F1-5BD3-4BFA-BB4B-8A5E727C353A}.Debug|Any CPU.ActiveCfg = Debug|Any CPU
		{A233A8F1-5BD3-4BFA-BB4B-8A5E727C353A}.Debug|Any CPU.Build.0 = Debug|Any CPU
		{A233A8F1-5BD3-4BFA-BB4B-8A5E727C353A}.NPDebug|Any CPU.ActiveCfg = Debug|Any CPU
		{A233A8F1-5BD3-4BFA-BB4B-8A5E727C353A}.NPDebug|Any CPU.Build.0 = Debug|Any CPU
		{A233A8F1-5BD3-4BFA-BB4B-8A5E727C353A}.Release|Any CPU.ActiveCfg = Release|Any CPU
		{A233A8F1-5BD3-4BFA-BB4B-8A5E727C353A}.Release|Any CPU.Build.0 = Release|Any CPU
		{4DBE5E36-4B54-4E5F-9B4F-5BBF33A3CEF1}.Debug|Any CPU.ActiveCfg = Debug|Any CPU
		{4DBE5E36-4B54-4E5F-9B4F-5BBF33A3CEF1}.Debug|Any CPU.Build.0 = Debug|Any CPU
		{4DBE5E36-4B54-4E5F-9B4F-5BBF33A3CEF1}.NPDebug|Any CPU.ActiveCfg = Debug|Any CPU
		{4DBE5E36-4B54-4E5F-9B4F-5BBF33A3CEF1}.NPDebug|Any CPU.Build.0 = Debug|Any CPU
		{4DBE5E36-4B54-4E5F-9B4F-5BBF33A3CEF1}.Release|Any CPU.ActiveCfg = Release|Any CPU
		{4DBE5E36-4B54-4E5F-9B4F-5BBF33A3CEF1}.Release|Any CPU.Build.0 = Release|Any CPU
	EndGlobalSection
	GlobalSection(SolutionProperties) = preSolution
		HideSolutionNode = FALSE
	EndGlobalSection
	GlobalSection(NestedProjects) = preSolution
		{08EA4A4E-D815-47AE-9277-DA6672D36214} = {E3DC759D-B004-4E6C-8381-D5D5C74A5B92}
		{4DBE5E36-4B54-4E5F-9B4F-5BBF33A3CEF1} = {E3DC759D-B004-4E6C-8381-D5D5C74A5B92}
	EndGlobalSection
	GlobalSection(ExtensibilityGlobals) = postSolution
		SolutionGuid = {61121AD0-E62B-4E2A-8AF5-6956E15AE91E}
	EndGlobalSection
EndGlobal
