Microsoft Visual Studio Solution File, Format Version 8.00
Project("{FAE04EC0-301F-11D3-BF4B-00C04F79EFBC}") = "HelloWorld", "HelloWorld.csproj", "{33163988-4604-43C9-9AA6-D9AEE7E4D422}"
	ProjectSection(ProjectDependencies) = postProject
	EndProjectSection
EndProject
Global
	GlobalSection(SolutionConfiguration) = preSolution
		Debug = Debug
		NPDebug = NPDebug
		Release = Release
	EndGlobalSection
	GlobalSection(ProjectConfiguration) = postSolution
		{33163988-4604-43C9-9AA6-D9AEE7E4D422}.Debug.ActiveCfg = Debug|.NET
		{33163988-4604-43C9-9AA6-D9AEE7E4D422}.Debug.Build.0 = Debug|.NET
		{33163988-4604-43C9-9AA6-D9AEE7E4D422}.NPDebug.ActiveCfg = Debug|.NET
		{33163988-4604-43C9-9AA6-D9AEE7E4D422}.NPDebug.Build.0 = Debug|.NET
		{33163988-4604-43C9-9AA6-D9AEE7E4D422}.Release.ActiveCfg = Release|.NET
		{33163988-4604-43C9-9AA6-D9AEE7E4D422}.Release.Build.0 = Release|.NET
	EndGlobalSection
	GlobalSection(ExtensibilityGlobals) = postSolution
	EndGlobalSection
	GlobalSection(ExtensibilityAddIns) = postSolution
	EndGlobalSection
EndGlobal
