Microsoft Visual Studio Solution File, Format Version 8.00
Project("{FAE04EC0-301F-11D3-BF4B-00C04F79EFBC}") = "Puzzle.NPersist.Tests.Northwind", "Northwind\Puzzle.NPersist.Tests.Northwind.csproj", "{CD5169AB-2A2A-4000-8BC0-892FB90D3CE3}"
	ProjectSection(ProjectDependencies) = postProject
	EndProjectSection
EndProject
Project("{FAE04EC0-301F-11D3-BF4B-00C04F79EFBC}") = "Puzzle.NPersist.Samples.Northwind.Domain", "..\Samples\Northwind\Domain\Puzzle.NPersist.Samples.Northwind.Domain.csproj", "{D1836646-6373-4785-B1B1-AC5C6A4BF50F}"
	ProjectSection(ProjectDependencies) = postProject
	EndProjectSection
EndProject
Project("{FAE04EC0-301F-11D3-BF4B-00C04F79EFBC}") = "Puzzle.NPersist.Framework", "..\Framework\Puzzle.NPersist.Framework.csproj", "{E6C03D2A-D150-4473-9439-D300746A1390}"
	ProjectSection(ProjectDependencies) = postProject
	EndProjectSection
EndProject
Project("{FAE04EC0-301F-11D3-BF4B-00C04F79EFBC}") = "Puzzle.NPersist.Tests.Main", "Main\Puzzle.NPersist.Tests.Main.csproj", "{0E3A28A4-29A0-4677-AB31-BFF6425A525B}"
	ProjectSection(ProjectDependencies) = postProject
	EndProjectSection
EndProject
Project("{FAE04EC0-301F-11D3-BF4B-00C04F79EFBC}") = "Puzzle.NAspect.Framework", "..\..\NAspect\Framework\Puzzle.NAspect.Framework.csproj", "{D08F9A33-6D4E-43E9-86F2-8E79EC115B9E}"
	ProjectSection(ProjectDependencies) = postProject
	EndProjectSection
EndProject
Project("{FAE04EC0-301F-11D3-BF4B-00C04F79EFBC}") = "Puzzle.NPath.Framework", "..\..\NPath\Framework\Puzzle.NPath.Framework.csproj", "{7F415FBF-21FA-4E00-82DE-AAD8CEECC84B}"
	ProjectSection(ProjectDependencies) = postProject
	EndProjectSection
EndProject
Project("{FAE04EC0-301F-11D3-BF4B-00C04F79EFBC}") = "Puzzle.NCore.Framework", "..\..\NCore\Framework\Puzzle.NCore.Framework.csproj", "{5FB1569E-253E-42A7-A4E8-B4651FC6DCA2}"
	ProjectSection(ProjectDependencies) = postProject
	EndProjectSection
EndProject
Project("{FAE04EC0-301F-11D3-BF4B-00C04F79EFBC}") = "ODMappingTests", "ODMappingTests\ODMappingTests.csproj", "{2D4C083C-1761-4357-9EF0-CD2B5F5AD04A}"
	ProjectSection(ProjectDependencies) = postProject
	EndProjectSection
EndProject
Project("{FAE04EC0-301F-11D3-BF4B-00C04F79EFBC}") = "Puzzle.NPersist.Tests.PerfTests", "PerfTests\Puzzle.NPersist.Tests.PerfTests.csproj", "{51734CC6-8B47-47BA-90CE-0539A97ECAD0}"
	ProjectSection(ProjectDependencies) = postProject
	EndProjectSection
EndProject
Global
	GlobalSection(SolutionConfiguration) = preSolution
		Debug = Debug
		NPDebug = NPDebug
		Release = Release
	EndGlobalSection
	GlobalSection(ProjectConfiguration) = postSolution
		{CD5169AB-2A2A-4000-8BC0-892FB90D3CE3}.Debug.ActiveCfg = Debug|.NET
		{CD5169AB-2A2A-4000-8BC0-892FB90D3CE3}.Debug.Build.0 = Debug|.NET
		{CD5169AB-2A2A-4000-8BC0-892FB90D3CE3}.NPDebug.ActiveCfg = Debug|.NET
		{CD5169AB-2A2A-4000-8BC0-892FB90D3CE3}.NPDebug.Build.0 = Debug|.NET
		{CD5169AB-2A2A-4000-8BC0-892FB90D3CE3}.Release.ActiveCfg = Release|.NET
		{CD5169AB-2A2A-4000-8BC0-892FB90D3CE3}.Release.Build.0 = Release|.NET
		{D1836646-6373-4785-B1B1-AC5C6A4BF50F}.Debug.ActiveCfg = Debug|.NET
		{D1836646-6373-4785-B1B1-AC5C6A4BF50F}.Debug.Build.0 = Debug|.NET
		{D1836646-6373-4785-B1B1-AC5C6A4BF50F}.NPDebug.ActiveCfg = Debug|.NET
		{D1836646-6373-4785-B1B1-AC5C6A4BF50F}.NPDebug.Build.0 = Debug|.NET
		{D1836646-6373-4785-B1B1-AC5C6A4BF50F}.Release.ActiveCfg = Release|.NET
		{D1836646-6373-4785-B1B1-AC5C6A4BF50F}.Release.Build.0 = Release|.NET
		{E6C03D2A-D150-4473-9439-D300746A1390}.Debug.ActiveCfg = Debug|.NET
		{E6C03D2A-D150-4473-9439-D300746A1390}.Debug.Build.0 = Debug|.NET
		{E6C03D2A-D150-4473-9439-D300746A1390}.NPDebug.ActiveCfg = NPDebug|.NET
		{E6C03D2A-D150-4473-9439-D300746A1390}.NPDebug.Build.0 = NPDebug|.NET
		{E6C03D2A-D150-4473-9439-D300746A1390}.Release.ActiveCfg = Release|.NET
		{E6C03D2A-D150-4473-9439-D300746A1390}.Release.Build.0 = Release|.NET
		{0E3A28A4-29A0-4677-AB31-BFF6425A525B}.Debug.ActiveCfg = Debug|.NET
		{0E3A28A4-29A0-4677-AB31-BFF6425A525B}.Debug.Build.0 = Debug|.NET
		{0E3A28A4-29A0-4677-AB31-BFF6425A525B}.NPDebug.ActiveCfg = Debug|.NET
		{0E3A28A4-29A0-4677-AB31-BFF6425A525B}.NPDebug.Build.0 = Debug|.NET
		{0E3A28A4-29A0-4677-AB31-BFF6425A525B}.Release.ActiveCfg = Release|.NET
		{0E3A28A4-29A0-4677-AB31-BFF6425A525B}.Release.Build.0 = Release|.NET
		{D08F9A33-6D4E-43E9-86F2-8E79EC115B9E}.Debug.ActiveCfg = Debug|.NET
		{D08F9A33-6D4E-43E9-86F2-8E79EC115B9E}.Debug.Build.0 = Debug|.NET
		{D08F9A33-6D4E-43E9-86F2-8E79EC115B9E}.NPDebug.ActiveCfg = Debug|.NET
		{D08F9A33-6D4E-43E9-86F2-8E79EC115B9E}.NPDebug.Build.0 = Debug|.NET
		{D08F9A33-6D4E-43E9-86F2-8E79EC115B9E}.Release.ActiveCfg = Release|.NET
		{D08F9A33-6D4E-43E9-86F2-8E79EC115B9E}.Release.Build.0 = Release|.NET
		{7F415FBF-21FA-4E00-82DE-AAD8CEECC84B}.Debug.ActiveCfg = Debug|.NET
		{7F415FBF-21FA-4E00-82DE-AAD8CEECC84B}.Debug.Build.0 = Debug|.NET
		{7F415FBF-21FA-4E00-82DE-AAD8CEECC84B}.NPDebug.ActiveCfg = Debug|.NET
		{7F415FBF-21FA-4E00-82DE-AAD8CEECC84B}.NPDebug.Build.0 = Debug|.NET
		{7F415FBF-21FA-4E00-82DE-AAD8CEECC84B}.Release.ActiveCfg = Release|.NET
		{7F415FBF-21FA-4E00-82DE-AAD8CEECC84B}.Release.Build.0 = Release|.NET
		{5FB1569E-253E-42A7-A4E8-B4651FC6DCA2}.Debug.ActiveCfg = Debug|.NET
		{5FB1569E-253E-42A7-A4E8-B4651FC6DCA2}.Debug.Build.0 = Debug|.NET
		{5FB1569E-253E-42A7-A4E8-B4651FC6DCA2}.NPDebug.ActiveCfg = Debug|.NET
		{5FB1569E-253E-42A7-A4E8-B4651FC6DCA2}.NPDebug.Build.0 = Debug|.NET
		{5FB1569E-253E-42A7-A4E8-B4651FC6DCA2}.Release.ActiveCfg = Release|.NET
		{5FB1569E-253E-42A7-A4E8-B4651FC6DCA2}.Release.Build.0 = Release|.NET
		{2D4C083C-1761-4357-9EF0-CD2B5F5AD04A}.Debug.ActiveCfg = Debug|.NET
		{2D4C083C-1761-4357-9EF0-CD2B5F5AD04A}.Debug.Build.0 = Debug|.NET
		{2D4C083C-1761-4357-9EF0-CD2B5F5AD04A}.NPDebug.ActiveCfg = Debug|.NET
		{2D4C083C-1761-4357-9EF0-CD2B5F5AD04A}.NPDebug.Build.0 = Debug|.NET
		{2D4C083C-1761-4357-9EF0-CD2B5F5AD04A}.Release.ActiveCfg = Release|.NET
		{2D4C083C-1761-4357-9EF0-CD2B5F5AD04A}.Release.Build.0 = Release|.NET
		{51734CC6-8B47-47BA-90CE-0539A97ECAD0}.Debug.ActiveCfg = Debug|.NET
		{51734CC6-8B47-47BA-90CE-0539A97ECAD0}.Debug.Build.0 = Debug|.NET
		{51734CC6-8B47-47BA-90CE-0539A97ECAD0}.NPDebug.ActiveCfg = Debug|.NET
		{51734CC6-8B47-47BA-90CE-0539A97ECAD0}.NPDebug.Build.0 = Debug|.NET
		{51734CC6-8B47-47BA-90CE-0539A97ECAD0}.Release.ActiveCfg = Release|.NET
		{51734CC6-8B47-47BA-90CE-0539A97ECAD0}.Release.Build.0 = Release|.NET
	EndGlobalSection
	GlobalSection(ExtensibilityGlobals) = postSolution
	EndGlobalSection
	GlobalSection(ExtensibilityAddIns) = postSolution
	EndGlobalSection
EndGlobal
