
Microsoft Visual Studio Solution File, Format Version 12.00
# Visual Studio Express 2012 for Web
Project("{FAE04EC0-301F-11D3-BF4B-00C04F79EFBC}") = "JJ.Framework.Persistence", "..\Framework\JJ.Framework.Persistence\JJ.Framework.Persistence.csproj", "{7ADEDDCE-6903-4A58-94F5-D0B39B21330F}"
EndProject
Project("{FAE04EC0-301F-11D3-BF4B-00C04F79EFBC}") = "JJ.Framework.Persistence.NHibernate", "..\Framework\JJ.Framework.Persistence.NHibernate\JJ.Framework.Persistence.NHibernate.csproj", "{DB783ED9-FDE6-458F-A094-457B7F4283A0}"
EndProject
Project("{FAE04EC0-301F-11D3-BF4B-00C04F79EFBC}") = "JJ.Framework.Configuration", "..\Framework\JJ.Framework.Configuration\JJ.Framework.Configuration.csproj", "{805A8237-05ED-40AE-8D1A-9288373EA5E0}"
EndProject
Project("{FAE04EC0-301F-11D3-BF4B-00C04F79EFBC}") = "JJ.Framework.Reflection", "..\Framework\JJ.Framework.Reflection\JJ.Framework.Reflection.csproj", "{1A8E047C-7893-4918-B415-CE3928E815D8}"
EndProject
Project("{FAE04EC0-301F-11D3-BF4B-00C04F79EFBC}") = "JJ.Framework.Common", "..\Framework\JJ.Framework.Common\JJ.Framework.Common.csproj", "{44FD9133-5FE7-4824-BD35-27273706D127}"
EndProject
Project("{FAE04EC0-301F-11D3-BF4B-00C04F79EFBC}") = "JJ.Framework.Persistence.NPersist", "..\Framework\JJ.Framework.Persistence.NPersist\JJ.Framework.Persistence.NPersist.csproj", "{35FC288E-5A6F-4DB9-AE54-1B721735ED7D}"
EndProject
Project("{2150E333-8FDC-42A3-9474-1A3956D46DE8}") = "Dependencies", "Dependencies", "{E3DC759D-B004-4E6C-8381-D5D5C74A5B92}"
EndProject
Project("{FAE04EC0-301F-11D3-BF4B-00C04F79EFBC}") = "JJ.Framework.Persistence.EntityFramework5", "..\Framework\JJ.Framework.Persistence.EntityFramework5\JJ.Framework.Persistence.EntityFramework5.csproj", "{9676E4C3-1A1F-45B8-8FFD-C398F14002E7}"
EndProject
Project("{FAE04EC0-301F-11D3-BF4B-00C04F79EFBC}") = "Puzzle.NCore.Framework NET 3.5", "..\External Components\NPersist\Source Code\NCore\Framework\Puzzle.NCore.Framework NET 3.5.csproj", "{5FB1569E-253E-42A7-A4E8-B4651FC6DCA2}"
EndProject
Project("{FAE04EC0-301F-11D3-BF4B-00C04F79EFBC}") = "Puzzle.NAspect.Framework.NET 3.5", "..\External Components\NPersist\Source Code\NAspect\Framework\Puzzle.NAspect.Framework.NET 3.5.csproj", "{D08F9A33-6D4E-43E9-86F2-8E79EC115B9E}"
EndProject
Project("{FAE04EC0-301F-11D3-BF4B-00C04F79EFBC}") = "Puzzle.NPath.Framework.NET 3.5", "..\External Components\NPersist\Source Code\NPath\Framework\Puzzle.NPath.Framework.NET 3.5.csproj", "{7F415FBF-21FA-4E00-82DE-AAD8CEECC84B}"
EndProject
Project("{FAE04EC0-301F-11D3-BF4B-00C04F79EFBC}") = "Puzzle.NPersist.Framework.NET 3.5", "..\External Components\NPersist\Source Code\NPersist\Framework\Puzzle.NPersist.Framework.NET 3.5.csproj", "{E6C03D2A-D150-4473-9439-D300746A1390}"
EndProject
Project("{FAE04EC0-301F-11D3-BF4B-00C04F79EFBC}") = "JJ.Framework.Presentation.Mvc", "..\Framework\JJ.Framework.Presentation.Mvc\JJ.Framework.Presentation.Mvc.csproj", "{FED3C829-D92A-4800-9462-A175CCAC4C70}"
EndProject
Project("{FAE04EC0-301F-11D3-BF4B-00C04F79EFBC}") = "JJ.Framework.IO", "..\Framework\JJ.Framework.IO\JJ.Framework.IO.csproj", "{C600657B-7E29-44B5-83A1-747FAB30D5D0}"
EndProject
Project("{FAE04EC0-301F-11D3-BF4B-00C04F79EFBC}") = "JJ.Framework.Presentation.WinForms", "..\Framework\JJ.Framework.Presentation.WinForms\JJ.Framework.Presentation.WinForms.csproj", "{84A66716-C686-4B8E-A092-CFE38CA7DDE0}"
EndProject
Project("{FAE04EC0-301F-11D3-BF4B-00C04F79EFBC}") = "JJ.Framework.Validation", "..\Framework\JJ.Framework.Validation\JJ.Framework.Validation.csproj", "{59DDC853-62AF-4F86-A803-3D4DD491E978}"
EndProject
Project("{FAE04EC0-301F-11D3-BF4B-00C04F79EFBC}") = "JJ.Framework.Xml", "..\Framework\JJ.Framework.Xml\JJ.Framework.Xml.csproj", "{F6EA0941-40FF-4679-A1A6-EACD5C9BA42B}"
EndProject
Project("{FAE04EC0-301F-11D3-BF4B-00C04F79EFBC}") = "JJ.Models.Canonical", "..\Models\JJ.Models.Canonical\JJ.Models.Canonical.csproj", "{08EA4A4E-D815-47AE-9277-DA6672D36214}"
EndProject
Project("{FAE04EC0-301F-11D3-BF4B-00C04F79EFBC}") = "JJ.Framework.Presentation", "..\Framework\JJ.Framework.Presentation\JJ.Framework.Presentation.csproj", "{79B0EAC3-5159-4FC8-B3D8-53315B205444}"
EndProject
Project("{FAE04EC0-301F-11D3-BF4B-00C04F79EFBC}") = "JJ.Framework.Presentation.JavaScript", "..\Framework\JJ.Framework.Presentation.JavaScript\JJ.Framework.Presentation.JavaScript.csproj", "{BD4CF454-BE0B-490F-997D-665DA7EBEC96}"
EndProject
Project("{FAE04EC0-301F-11D3-BF4B-00C04F79EFBC}") = "JJ.Framework.Reflection.Tests", "..\Framework\JJ.Framework.Reflection.Tests\JJ.Framework.Reflection.Tests.csproj", "{E150EBF6-16F7-4299-B4BD-791757D6CC9E}"
EndProject
Project("{FAE04EC0-301F-11D3-BF4B-00C04F79EFBC}") = "JJ.Models.SetText", "..\Models\JJ.Models.SetText\JJ.Models.SetText.csproj", "{95449A62-9F9B-42DA-812E-92BC0C2783AA}"
EndProject
Project("{FAE04EC0-301F-11D3-BF4B-00C04F79EFBC}") = "JJ.Models.SetText.Persistence", "..\Models\JJ.Models.SetText.Persistence\JJ.Models.SetText.Persistence.csproj", "{06443309-668F-42FE-8996-D2C3FFA637F5}"
EndProject
Project("{FAE04EC0-301F-11D3-BF4B-00C04F79EFBC}") = "JJ.Models.SetText.Persistence.NHibernate", "..\Models\JJ.Models.SetText.Persistence.NHibernate\JJ.Models.SetText.Persistence.NHibernate.csproj", "{48145ED7-5BB1-4ECB-9FB0-0DBD35B80EA9}"
EndProject
Project("{FAE04EC0-301F-11D3-BF4B-00C04F79EFBC}") = "JJ.Models.SetText.Persistence.EntityFramework5", "..\Models\JJ.Models.SetText.Persistence.EntityFramework5\JJ.Models.SetText.Persistence.EntityFramework5.csproj", "{77AB85CE-6402-4AA3-A9A9-83121D5D9C6D}"
EndProject
Project("{FAE04EC0-301F-11D3-BF4B-00C04F79EFBC}") = "JJ.Models.SetText.Persistence.Xml", "..\Models\JJ.Models.SetText.Persistence.Xml\JJ.Models.SetText.Persistence.Xml.csproj", "{292046BB-5667-4231-B8AA-BAD57CD1B481}"
EndProject
Project("{FAE04EC0-301F-11D3-BF4B-00C04F79EFBC}") = "JJ.Apps.SetText", "JJ.Apps.SetText\JJ.Apps.SetText.csproj", "{44B139AB-BDF0-414A-AA01-4B7E62ADCF57}"
EndProject
Project("{FAE04EC0-301F-11D3-BF4B-00C04F79EFBC}") = "JJ.Apps.SetText.Mvc", "JJ.Apps.SetText.Mvc\JJ.Apps.SetText.Mvc.csproj", "{93E3A63D-1523-4DE4-9B9D-FC6CE7CD6AC4}"
EndProject
Project("{FAE04EC0-301F-11D3-BF4B-00C04F79EFBC}") = "JJ.Business.SetText", "..\Business\JJ.Business.SetText\JJ.Business.SetText.csproj", "{AE912326-CDA3-4CBA-B8DB-E59B36E403B3}"
EndProject
Project("{FAE04EC0-301F-11D3-BF4B-00C04F79EFBC}") = "JJ.Apps.SetText.Html", "JJ.Apps.SetText.Html\JJ.Apps.SetText.Html.csproj", "{26EEC1BC-7E27-4541-8C5C-BA993B703F2C}"
EndProject
Project("{FAE04EC0-301F-11D3-BF4B-00C04F79EFBC}") = "JJ.Apps.SetText.AppService", "JJ.Apps.SetText.AppService\JJ.Apps.SetText.AppService.csproj", "{0F59DBC8-E641-496D-9DA6-059E4EFE01EF}"
EndProject
Project("{FAE04EC0-301F-11D3-BF4B-00C04F79EFBC}") = "JJ.Framework.Persistence.Xml", "..\Framework\JJ.Framework.Persistence.Xml\JJ.Framework.Persistence.Xml.csproj", "{3EDF4C94-F84A-43B2-95A5-F47DC30F1A5C}"
EndProject
Project("{FAE04EC0-301F-11D3-BF4B-00C04F79EFBC}") = "JJ.Framework.Net4", "..\Framework\JJ.Framework.Net4\JJ.Framework.Net4.csproj", "{BE8A8BAE-8EB6-4F54-89E6-CA44AACECEB6}"
EndProject
Project("{FAE04EC0-301F-11D3-BF4B-00C04F79EFBC}") = "JJ.Framework.Net45", "..\Framework\JJ.Framework.Net45\JJ.Framework.Net45.csproj", "{E754BB24-447B-40EC-9EEB-F0C69E6EEA0E}"
EndProject
Project("{FAE04EC0-301F-11D3-BF4B-00C04F79EFBC}") = "SgmlReaderDll", "..\External Components\SgmlReader\Source Code Adapted\sgmlreaderdll\SgmlReaderDll.csproj", "{499527FF-AE52-450F-B3E3-4AD53E1712AD}"
EndProject
Project("{FAE04EC0-301F-11D3-BF4B-00C04F79EFBC}") = "JJ.Apps.SetText.Unity.DotNet", "JJ.Apps.SetText.Unity.DotNet\JJ.Apps.SetText.Unity.DotNet.csproj", "{9BC68E57-61E1-4084-9D12-749123B2B4CB}"
EndProject
Project("{FAE04EC0-301F-11D3-BF4B-00C04F79EFBC}") = "JJ.Framework.Persistence.Memory", "..\Framework\JJ.Framework.Persistence.Memory\JJ.Framework.Persistence.Memory.csproj", "{86348B50-ECA9-4849-A221-73F0ED31713B}"
EndProject
Project("{FAE04EC0-301F-11D3-BF4B-00C04F79EFBC}") = "JJ.Models.SetText.Persistence.Memory", "..\Models\JJ.Models.SetText.Persistence.Memory\JJ.Models.SetText.Persistence.Memory.csproj", "{BECFECBE-8EC2-485E-921E-2FB6FE048AAC}"
EndProject
Project("{FAE04EC0-301F-11D3-BF4B-00C04F79EFBC}") = "JJ.Framework.Services", "..\Framework\JJ.Framework.Services\JJ.Framework.Services.csproj", "{9C4C8C7E-240F-46BD-A9BF-CF1875A026F1}"
EndProject
Project("{FAE04EC0-301F-11D3-BF4B-00C04F79EFBC}") = "JJ.Apps.SetText.WinForms.Online", "JJ.Apps.SetText.WinForms.Online\JJ.Apps.SetText.WinForms.Online.csproj", "{FBBB9772-A706-4881-AA42-F3EBCA7A272B}"
	ProjectSection(ProjectDependencies) = postProject
		{0F59DBC8-E641-496D-9DA6-059E4EFE01EF} = {0F59DBC8-E641-496D-9DA6-059E4EFE01EF}
	EndProjectSection
EndProject
Project("{FAE04EC0-301F-11D3-BF4B-00C04F79EFBC}") = "JJ.Apps.SetText.WinForms.Offline", "JJ.Apps.SetText.WinForms.Offline\JJ.Apps.SetText.WinForms.Offline.csproj", "{C0871BAD-F76E-4EB8-AD78-858B794122AE}"
EndProject
Project("{FAE04EC0-301F-11D3-BF4B-00C04F79EFBC}") = "JJ.Apps.SetText.WinForms.OfflineWithSync", "JJ.Apps.SetText.WinForms.OfflineWithSync\JJ.Apps.SetText.WinForms.OfflineWithSync.csproj", "{44CECF36-B1C2-4BDA-BA63-8F66E803EF85}"
EndProject
Project("{FAE04EC0-301F-11D3-BF4B-00C04F79EFBC}") = "JJ.Apps.SetText.WinForms.OnlineOfflineSwitched", "JJ.Apps.SetText.WinForms.OnlineOfflineSwitched\JJ.Apps.SetText.WinForms.OnlineOfflineSwitched.csproj", "{59A98F56-001A-4094-B783-E7024768F425}"
EndProject
Project("{FAE04EC0-301F-11D3-BF4B-00C04F79EFBC}") = "JJ.Apps.SetText.AppService.Interface", "JJ.Apps.SetText.AppService.Interface\JJ.Apps.SetText.AppService.Interface.csproj", "{4A052265-9896-4D0B-A9B0-14D052BC95D0}"
EndProject
Global
	GlobalSection(SolutionConfigurationPlatforms) = preSolution
		Debug|Any CPU = Debug|Any CPU
		NPDebug|Any CPU = NPDebug|Any CPU
		Release|Any CPU = Release|Any CPU
	EndGlobalSection
	GlobalSection(ProjectConfigurationPlatforms) = postSolution
		{7ADEDDCE-6903-4A58-94F5-D0B39B21330F}.Debug|Any CPU.ActiveCfg = Debug|Any CPU
		{7ADEDDCE-6903-4A58-94F5-D0B39B21330F}.Debug|Any CPU.Build.0 = Debug|Any CPU
		{7ADEDDCE-6903-4A58-94F5-D0B39B21330F}.NPDebug|Any CPU.ActiveCfg = Debug|Any CPU
		{7ADEDDCE-6903-4A58-94F5-D0B39B21330F}.NPDebug|Any CPU.Build.0 = Debug|Any CPU
		{7ADEDDCE-6903-4A58-94F5-D0B39B21330F}.Release|Any CPU.ActiveCfg = Release|Any CPU
		{7ADEDDCE-6903-4A58-94F5-D0B39B21330F}.Release|Any CPU.Build.0 = Release|Any CPU
		{DB783ED9-FDE6-458F-A094-457B7F4283A0}.Debug|Any CPU.ActiveCfg = Debug|Any CPU
		{DB783ED9-FDE6-458F-A094-457B7F4283A0}.Debug|Any CPU.Build.0 = Debug|Any CPU
		{DB783ED9-FDE6-458F-A094-457B7F4283A0}.NPDebug|Any CPU.ActiveCfg = Debug|Any CPU
		{DB783ED9-FDE6-458F-A094-457B7F4283A0}.NPDebug|Any CPU.Build.0 = Debug|Any CPU
		{DB783ED9-FDE6-458F-A094-457B7F4283A0}.Release|Any CPU.ActiveCfg = Release|Any CPU
		{DB783ED9-FDE6-458F-A094-457B7F4283A0}.Release|Any CPU.Build.0 = Release|Any CPU
		{805A8237-05ED-40AE-8D1A-9288373EA5E0}.Debug|Any CPU.ActiveCfg = Debug|Any CPU
		{805A8237-05ED-40AE-8D1A-9288373EA5E0}.Debug|Any CPU.Build.0 = Debug|Any CPU
		{805A8237-05ED-40AE-8D1A-9288373EA5E0}.NPDebug|Any CPU.ActiveCfg = Debug|Any CPU
		{805A8237-05ED-40AE-8D1A-9288373EA5E0}.NPDebug|Any CPU.Build.0 = Debug|Any CPU
		{805A8237-05ED-40AE-8D1A-9288373EA5E0}.Release|Any CPU.ActiveCfg = Release|Any CPU
		{805A8237-05ED-40AE-8D1A-9288373EA5E0}.Release|Any CPU.Build.0 = Release|Any CPU
		{1A8E047C-7893-4918-B415-CE3928E815D8}.Debug|Any CPU.ActiveCfg = Debug|Any CPU
		{1A8E047C-7893-4918-B415-CE3928E815D8}.Debug|Any CPU.Build.0 = Debug|Any CPU
		{1A8E047C-7893-4918-B415-CE3928E815D8}.NPDebug|Any CPU.ActiveCfg = Debug|Any CPU
		{1A8E047C-7893-4918-B415-CE3928E815D8}.NPDebug|Any CPU.Build.0 = Debug|Any CPU
		{1A8E047C-7893-4918-B415-CE3928E815D8}.Release|Any CPU.ActiveCfg = Release|Any CPU
		{1A8E047C-7893-4918-B415-CE3928E815D8}.Release|Any CPU.Build.0 = Release|Any CPU
		{44FD9133-5FE7-4824-BD35-27273706D127}.Debug|Any CPU.ActiveCfg = Debug|Any CPU
		{44FD9133-5FE7-4824-BD35-27273706D127}.Debug|Any CPU.Build.0 = Debug|Any CPU
		{44FD9133-5FE7-4824-BD35-27273706D127}.NPDebug|Any CPU.ActiveCfg = Debug|Any CPU
		{44FD9133-5FE7-4824-BD35-27273706D127}.NPDebug|Any CPU.Build.0 = Debug|Any CPU
		{44FD9133-5FE7-4824-BD35-27273706D127}.Release|Any CPU.ActiveCfg = Release|Any CPU
		{44FD9133-5FE7-4824-BD35-27273706D127}.Release|Any CPU.Build.0 = Release|Any CPU
		{35FC288E-5A6F-4DB9-AE54-1B721735ED7D}.Debug|Any CPU.ActiveCfg = Debug|Any CPU
		{35FC288E-5A6F-4DB9-AE54-1B721735ED7D}.Debug|Any CPU.Build.0 = Debug|Any CPU
		{35FC288E-5A6F-4DB9-AE54-1B721735ED7D}.NPDebug|Any CPU.ActiveCfg = Debug|Any CPU
		{35FC288E-5A6F-4DB9-AE54-1B721735ED7D}.NPDebug|Any CPU.Build.0 = Debug|Any CPU
		{35FC288E-5A6F-4DB9-AE54-1B721735ED7D}.Release|Any CPU.ActiveCfg = Release|Any CPU
		{35FC288E-5A6F-4DB9-AE54-1B721735ED7D}.Release|Any CPU.Build.0 = Release|Any CPU
		{9676E4C3-1A1F-45B8-8FFD-C398F14002E7}.Debug|Any CPU.ActiveCfg = Debug|Any CPU
		{9676E4C3-1A1F-45B8-8FFD-C398F14002E7}.Debug|Any CPU.Build.0 = Debug|Any CPU
		{9676E4C3-1A1F-45B8-8FFD-C398F14002E7}.NPDebug|Any CPU.ActiveCfg = Debug|Any CPU
		{9676E4C3-1A1F-45B8-8FFD-C398F14002E7}.NPDebug|Any CPU.Build.0 = Debug|Any CPU
		{9676E4C3-1A1F-45B8-8FFD-C398F14002E7}.Release|Any CPU.ActiveCfg = Release|Any CPU
		{9676E4C3-1A1F-45B8-8FFD-C398F14002E7}.Release|Any CPU.Build.0 = Release|Any CPU
		{5FB1569E-253E-42A7-A4E8-B4651FC6DCA2}.Debug|Any CPU.ActiveCfg = Debug|Any CPU
		{5FB1569E-253E-42A7-A4E8-B4651FC6DCA2}.Debug|Any CPU.Build.0 = Debug|Any CPU
		{5FB1569E-253E-42A7-A4E8-B4651FC6DCA2}.NPDebug|Any CPU.ActiveCfg = Debug|Any CPU
		{5FB1569E-253E-42A7-A4E8-B4651FC6DCA2}.NPDebug|Any CPU.Build.0 = Debug|Any CPU
		{5FB1569E-253E-42A7-A4E8-B4651FC6DCA2}.Release|Any CPU.ActiveCfg = Release|Any CPU
		{5FB1569E-253E-42A7-A4E8-B4651FC6DCA2}.Release|Any CPU.Build.0 = Release|Any CPU
		{D08F9A33-6D4E-43E9-86F2-8E79EC115B9E}.Debug|Any CPU.ActiveCfg = Debug|Any CPU
		{D08F9A33-6D4E-43E9-86F2-8E79EC115B9E}.Debug|Any CPU.Build.0 = Debug|Any CPU
		{D08F9A33-6D4E-43E9-86F2-8E79EC115B9E}.NPDebug|Any CPU.ActiveCfg = Debug|Any CPU
		{D08F9A33-6D4E-43E9-86F2-8E79EC115B9E}.NPDebug|Any CPU.Build.0 = Debug|Any CPU
		{D08F9A33-6D4E-43E9-86F2-8E79EC115B9E}.Release|Any CPU.ActiveCfg = Release|Any CPU
		{D08F9A33-6D4E-43E9-86F2-8E79EC115B9E}.Release|Any CPU.Build.0 = Release|Any CPU
		{7F415FBF-21FA-4E00-82DE-AAD8CEECC84B}.Debug|Any CPU.ActiveCfg = Debug|Any CPU
		{7F415FBF-21FA-4E00-82DE-AAD8CEECC84B}.Debug|Any CPU.Build.0 = Debug|Any CPU
		{7F415FBF-21FA-4E00-82DE-AAD8CEECC84B}.NPDebug|Any CPU.ActiveCfg = Debug|Any CPU
		{7F415FBF-21FA-4E00-82DE-AAD8CEECC84B}.NPDebug|Any CPU.Build.0 = Debug|Any CPU
		{7F415FBF-21FA-4E00-82DE-AAD8CEECC84B}.Release|Any CPU.ActiveCfg = Release|Any CPU
		{7F415FBF-21FA-4E00-82DE-AAD8CEECC84B}.Release|Any CPU.Build.0 = Release|Any CPU
		{E6C03D2A-D150-4473-9439-D300746A1390}.Debug|Any CPU.ActiveCfg = Debug|Any CPU
		{E6C03D2A-D150-4473-9439-D300746A1390}.Debug|Any CPU.Build.0 = Debug|Any CPU
		{E6C03D2A-D150-4473-9439-D300746A1390}.NPDebug|Any CPU.ActiveCfg = NPDebug|Any CPU
		{E6C03D2A-D150-4473-9439-D300746A1390}.NPDebug|Any CPU.Build.0 = NPDebug|Any CPU
		{E6C03D2A-D150-4473-9439-D300746A1390}.Release|Any CPU.ActiveCfg = Release|Any CPU
		{E6C03D2A-D150-4473-9439-D300746A1390}.Release|Any CPU.Build.0 = Release|Any CPU
		{FED3C829-D92A-4800-9462-A175CCAC4C70}.Debug|Any CPU.ActiveCfg = Debug|Any CPU
		{FED3C829-D92A-4800-9462-A175CCAC4C70}.Debug|Any CPU.Build.0 = Debug|Any CPU
		{FED3C829-D92A-4800-9462-A175CCAC4C70}.NPDebug|Any CPU.ActiveCfg = Debug|Any CPU
		{FED3C829-D92A-4800-9462-A175CCAC4C70}.NPDebug|Any CPU.Build.0 = Debug|Any CPU
		{FED3C829-D92A-4800-9462-A175CCAC4C70}.Release|Any CPU.ActiveCfg = Release|Any CPU
		{FED3C829-D92A-4800-9462-A175CCAC4C70}.Release|Any CPU.Build.0 = Release|Any CPU
		{C600657B-7E29-44B5-83A1-747FAB30D5D0}.Debug|Any CPU.ActiveCfg = Debug|Any CPU
		{C600657B-7E29-44B5-83A1-747FAB30D5D0}.Debug|Any CPU.Build.0 = Debug|Any CPU
		{C600657B-7E29-44B5-83A1-747FAB30D5D0}.NPDebug|Any CPU.ActiveCfg = Debug|Any CPU
		{C600657B-7E29-44B5-83A1-747FAB30D5D0}.NPDebug|Any CPU.Build.0 = Debug|Any CPU
		{C600657B-7E29-44B5-83A1-747FAB30D5D0}.Release|Any CPU.ActiveCfg = Release|Any CPU
		{C600657B-7E29-44B5-83A1-747FAB30D5D0}.Release|Any CPU.Build.0 = Release|Any CPU
		{84A66716-C686-4B8E-A092-CFE38CA7DDE0}.Debug|Any CPU.ActiveCfg = Debug|Any CPU
		{84A66716-C686-4B8E-A092-CFE38CA7DDE0}.Debug|Any CPU.Build.0 = Debug|Any CPU
		{84A66716-C686-4B8E-A092-CFE38CA7DDE0}.NPDebug|Any CPU.ActiveCfg = Debug|Any CPU
		{84A66716-C686-4B8E-A092-CFE38CA7DDE0}.NPDebug|Any CPU.Build.0 = Debug|Any CPU
		{84A66716-C686-4B8E-A092-CFE38CA7DDE0}.Release|Any CPU.ActiveCfg = Release|Any CPU
		{84A66716-C686-4B8E-A092-CFE38CA7DDE0}.Release|Any CPU.Build.0 = Release|Any CPU
		{59DDC853-62AF-4F86-A803-3D4DD491E978}.Debug|Any CPU.ActiveCfg = Debug|Any CPU
		{59DDC853-62AF-4F86-A803-3D4DD491E978}.Debug|Any CPU.Build.0 = Debug|Any CPU
		{59DDC853-62AF-4F86-A803-3D4DD491E978}.NPDebug|Any CPU.ActiveCfg = Debug|Any CPU
		{59DDC853-62AF-4F86-A803-3D4DD491E978}.NPDebug|Any CPU.Build.0 = Debug|Any CPU
		{59DDC853-62AF-4F86-A803-3D4DD491E978}.Release|Any CPU.ActiveCfg = Release|Any CPU
		{59DDC853-62AF-4F86-A803-3D4DD491E978}.Release|Any CPU.Build.0 = Release|Any CPU
		{F6EA0941-40FF-4679-A1A6-EACD5C9BA42B}.Debug|Any CPU.ActiveCfg = Debug|Any CPU
		{F6EA0941-40FF-4679-A1A6-EACD5C9BA42B}.Debug|Any CPU.Build.0 = Debug|Any CPU
		{F6EA0941-40FF-4679-A1A6-EACD5C9BA42B}.NPDebug|Any CPU.ActiveCfg = Debug|Any CPU
		{F6EA0941-40FF-4679-A1A6-EACD5C9BA42B}.NPDebug|Any CPU.Build.0 = Debug|Any CPU
		{F6EA0941-40FF-4679-A1A6-EACD5C9BA42B}.Release|Any CPU.ActiveCfg = Release|Any CPU
		{F6EA0941-40FF-4679-A1A6-EACD5C9BA42B}.Release|Any CPU.Build.0 = Release|Any CPU
		{08EA4A4E-D815-47AE-9277-DA6672D36214}.Debug|Any CPU.ActiveCfg = Debug|Any CPU
		{08EA4A4E-D815-47AE-9277-DA6672D36214}.Debug|Any CPU.Build.0 = Debug|Any CPU
		{08EA4A4E-D815-47AE-9277-DA6672D36214}.NPDebug|Any CPU.ActiveCfg = Debug|Any CPU
		{08EA4A4E-D815-47AE-9277-DA6672D36214}.NPDebug|Any CPU.Build.0 = Debug|Any CPU
		{08EA4A4E-D815-47AE-9277-DA6672D36214}.Release|Any CPU.ActiveCfg = Release|Any CPU
		{08EA4A4E-D815-47AE-9277-DA6672D36214}.Release|Any CPU.Build.0 = Release|Any CPU
		{79B0EAC3-5159-4FC8-B3D8-53315B205444}.Debug|Any CPU.ActiveCfg = Debug|Any CPU
		{79B0EAC3-5159-4FC8-B3D8-53315B205444}.Debug|Any CPU.Build.0 = Debug|Any CPU
		{79B0EAC3-5159-4FC8-B3D8-53315B205444}.NPDebug|Any CPU.ActiveCfg = Debug|Any CPU
		{79B0EAC3-5159-4FC8-B3D8-53315B205444}.NPDebug|Any CPU.Build.0 = Debug|Any CPU
		{79B0EAC3-5159-4FC8-B3D8-53315B205444}.Release|Any CPU.ActiveCfg = Release|Any CPU
		{79B0EAC3-5159-4FC8-B3D8-53315B205444}.Release|Any CPU.Build.0 = Release|Any CPU
		{BD4CF454-BE0B-490F-997D-665DA7EBEC96}.Debug|Any CPU.ActiveCfg = Debug|Any CPU
		{BD4CF454-BE0B-490F-997D-665DA7EBEC96}.Debug|Any CPU.Build.0 = Debug|Any CPU
		{BD4CF454-BE0B-490F-997D-665DA7EBEC96}.NPDebug|Any CPU.ActiveCfg = Debug|Any CPU
		{BD4CF454-BE0B-490F-997D-665DA7EBEC96}.NPDebug|Any CPU.Build.0 = Debug|Any CPU
		{BD4CF454-BE0B-490F-997D-665DA7EBEC96}.Release|Any CPU.ActiveCfg = Release|Any CPU
		{BD4CF454-BE0B-490F-997D-665DA7EBEC96}.Release|Any CPU.Build.0 = Release|Any CPU
		{E150EBF6-16F7-4299-B4BD-791757D6CC9E}.Debug|Any CPU.ActiveCfg = Debug|Any CPU
		{E150EBF6-16F7-4299-B4BD-791757D6CC9E}.Debug|Any CPU.Build.0 = Debug|Any CPU
		{E150EBF6-16F7-4299-B4BD-791757D6CC9E}.NPDebug|Any CPU.ActiveCfg = Debug|Any CPU
		{E150EBF6-16F7-4299-B4BD-791757D6CC9E}.NPDebug|Any CPU.Build.0 = Debug|Any CPU
		{E150EBF6-16F7-4299-B4BD-791757D6CC9E}.Release|Any CPU.ActiveCfg = Release|Any CPU
		{E150EBF6-16F7-4299-B4BD-791757D6CC9E}.Release|Any CPU.Build.0 = Release|Any CPU
		{95449A62-9F9B-42DA-812E-92BC0C2783AA}.Debug|Any CPU.ActiveCfg = Debug|Any CPU
		{95449A62-9F9B-42DA-812E-92BC0C2783AA}.Debug|Any CPU.Build.0 = Debug|Any CPU
		{95449A62-9F9B-42DA-812E-92BC0C2783AA}.NPDebug|Any CPU.ActiveCfg = Debug|Any CPU
		{95449A62-9F9B-42DA-812E-92BC0C2783AA}.NPDebug|Any CPU.Build.0 = Debug|Any CPU
		{95449A62-9F9B-42DA-812E-92BC0C2783AA}.Release|Any CPU.ActiveCfg = Release|Any CPU
		{95449A62-9F9B-42DA-812E-92BC0C2783AA}.Release|Any CPU.Build.0 = Release|Any CPU
		{06443309-668F-42FE-8996-D2C3FFA637F5}.Debug|Any CPU.ActiveCfg = Debug|Any CPU
		{06443309-668F-42FE-8996-D2C3FFA637F5}.Debug|Any CPU.Build.0 = Debug|Any CPU
		{06443309-668F-42FE-8996-D2C3FFA637F5}.NPDebug|Any CPU.ActiveCfg = Debug|Any CPU
		{06443309-668F-42FE-8996-D2C3FFA637F5}.NPDebug|Any CPU.Build.0 = Debug|Any CPU
		{06443309-668F-42FE-8996-D2C3FFA637F5}.Release|Any CPU.ActiveCfg = Release|Any CPU
		{06443309-668F-42FE-8996-D2C3FFA637F5}.Release|Any CPU.Build.0 = Release|Any CPU
		{48145ED7-5BB1-4ECB-9FB0-0DBD35B80EA9}.Debug|Any CPU.ActiveCfg = Debug|Any CPU
		{48145ED7-5BB1-4ECB-9FB0-0DBD35B80EA9}.Debug|Any CPU.Build.0 = Debug|Any CPU
		{48145ED7-5BB1-4ECB-9FB0-0DBD35B80EA9}.NPDebug|Any CPU.ActiveCfg = Debug|Any CPU
		{48145ED7-5BB1-4ECB-9FB0-0DBD35B80EA9}.NPDebug|Any CPU.Build.0 = Debug|Any CPU
		{48145ED7-5BB1-4ECB-9FB0-0DBD35B80EA9}.Release|Any CPU.ActiveCfg = Release|Any CPU
		{48145ED7-5BB1-4ECB-9FB0-0DBD35B80EA9}.Release|Any CPU.Build.0 = Release|Any CPU
		{77AB85CE-6402-4AA3-A9A9-83121D5D9C6D}.Debug|Any CPU.ActiveCfg = Debug|Any CPU
		{77AB85CE-6402-4AA3-A9A9-83121D5D9C6D}.Debug|Any CPU.Build.0 = Debug|Any CPU
		{77AB85CE-6402-4AA3-A9A9-83121D5D9C6D}.NPDebug|Any CPU.ActiveCfg = Debug|Any CPU
		{77AB85CE-6402-4AA3-A9A9-83121D5D9C6D}.NPDebug|Any CPU.Build.0 = Debug|Any CPU
		{77AB85CE-6402-4AA3-A9A9-83121D5D9C6D}.Release|Any CPU.ActiveCfg = Release|Any CPU
		{77AB85CE-6402-4AA3-A9A9-83121D5D9C6D}.Release|Any CPU.Build.0 = Release|Any CPU
		{292046BB-5667-4231-B8AA-BAD57CD1B481}.Debug|Any CPU.ActiveCfg = Debug|Any CPU
		{292046BB-5667-4231-B8AA-BAD57CD1B481}.Debug|Any CPU.Build.0 = Debug|Any CPU
		{292046BB-5667-4231-B8AA-BAD57CD1B481}.NPDebug|Any CPU.ActiveCfg = Debug|Any CPU
		{292046BB-5667-4231-B8AA-BAD57CD1B481}.NPDebug|Any CPU.Build.0 = Debug|Any CPU
		{292046BB-5667-4231-B8AA-BAD57CD1B481}.Release|Any CPU.ActiveCfg = Release|Any CPU
		{292046BB-5667-4231-B8AA-BAD57CD1B481}.Release|Any CPU.Build.0 = Release|Any CPU
		{44B139AB-BDF0-414A-AA01-4B7E62ADCF57}.Debug|Any CPU.ActiveCfg = Debug|Any CPU
		{44B139AB-BDF0-414A-AA01-4B7E62ADCF57}.Debug|Any CPU.Build.0 = Debug|Any CPU
		{44B139AB-BDF0-414A-AA01-4B7E62ADCF57}.NPDebug|Any CPU.ActiveCfg = Debug|Any CPU
		{44B139AB-BDF0-414A-AA01-4B7E62ADCF57}.NPDebug|Any CPU.Build.0 = Debug|Any CPU
		{44B139AB-BDF0-414A-AA01-4B7E62ADCF57}.Release|Any CPU.ActiveCfg = Release|Any CPU
		{44B139AB-BDF0-414A-AA01-4B7E62ADCF57}.Release|Any CPU.Build.0 = Release|Any CPU
		{93E3A63D-1523-4DE4-9B9D-FC6CE7CD6AC4}.Debug|Any CPU.ActiveCfg = Debug|Any CPU
		{93E3A63D-1523-4DE4-9B9D-FC6CE7CD6AC4}.Debug|Any CPU.Build.0 = Debug|Any CPU
		{93E3A63D-1523-4DE4-9B9D-FC6CE7CD6AC4}.NPDebug|Any CPU.ActiveCfg = Debug|Any CPU
		{93E3A63D-1523-4DE4-9B9D-FC6CE7CD6AC4}.NPDebug|Any CPU.Build.0 = Debug|Any CPU
		{93E3A63D-1523-4DE4-9B9D-FC6CE7CD6AC4}.Release|Any CPU.ActiveCfg = Release|Any CPU
		{93E3A63D-1523-4DE4-9B9D-FC6CE7CD6AC4}.Release|Any CPU.Build.0 = Release|Any CPU
		{AE912326-CDA3-4CBA-B8DB-E59B36E403B3}.Debug|Any CPU.ActiveCfg = Debug|Any CPU
		{AE912326-CDA3-4CBA-B8DB-E59B36E403B3}.Debug|Any CPU.Build.0 = Debug|Any CPU
		{AE912326-CDA3-4CBA-B8DB-E59B36E403B3}.NPDebug|Any CPU.ActiveCfg = Debug|Any CPU
		{AE912326-CDA3-4CBA-B8DB-E59B36E403B3}.NPDebug|Any CPU.Build.0 = Debug|Any CPU
		{AE912326-CDA3-4CBA-B8DB-E59B36E403B3}.Release|Any CPU.ActiveCfg = Release|Any CPU
		{AE912326-CDA3-4CBA-B8DB-E59B36E403B3}.Release|Any CPU.Build.0 = Release|Any CPU
		{26EEC1BC-7E27-4541-8C5C-BA993B703F2C}.Debug|Any CPU.ActiveCfg = Debug|Any CPU
		{26EEC1BC-7E27-4541-8C5C-BA993B703F2C}.Debug|Any CPU.Build.0 = Debug|Any CPU
		{26EEC1BC-7E27-4541-8C5C-BA993B703F2C}.NPDebug|Any CPU.ActiveCfg = Debug|Any CPU
		{26EEC1BC-7E27-4541-8C5C-BA993B703F2C}.NPDebug|Any CPU.Build.0 = Debug|Any CPU
		{26EEC1BC-7E27-4541-8C5C-BA993B703F2C}.Release|Any CPU.ActiveCfg = Release|Any CPU
		{26EEC1BC-7E27-4541-8C5C-BA993B703F2C}.Release|Any CPU.Build.0 = Release|Any CPU
		{0F59DBC8-E641-496D-9DA6-059E4EFE01EF}.Debug|Any CPU.ActiveCfg = Debug|Any CPU
		{0F59DBC8-E641-496D-9DA6-059E4EFE01EF}.Debug|Any CPU.Build.0 = Debug|Any CPU
		{0F59DBC8-E641-496D-9DA6-059E4EFE01EF}.NPDebug|Any CPU.ActiveCfg = Debug|Any CPU
		{0F59DBC8-E641-496D-9DA6-059E4EFE01EF}.NPDebug|Any CPU.Build.0 = Debug|Any CPU
		{0F59DBC8-E641-496D-9DA6-059E4EFE01EF}.Release|Any CPU.ActiveCfg = Release|Any CPU
		{0F59DBC8-E641-496D-9DA6-059E4EFE01EF}.Release|Any CPU.Build.0 = Release|Any CPU
		{3EDF4C94-F84A-43B2-95A5-F47DC30F1A5C}.Debug|Any CPU.ActiveCfg = Debug|Any CPU
		{3EDF4C94-F84A-43B2-95A5-F47DC30F1A5C}.Debug|Any CPU.Build.0 = Debug|Any CPU
		{3EDF4C94-F84A-43B2-95A5-F47DC30F1A5C}.NPDebug|Any CPU.ActiveCfg = Debug|Any CPU
		{3EDF4C94-F84A-43B2-95A5-F47DC30F1A5C}.NPDebug|Any CPU.Build.0 = Debug|Any CPU
		{3EDF4C94-F84A-43B2-95A5-F47DC30F1A5C}.Release|Any CPU.ActiveCfg = Release|Any CPU
		{3EDF4C94-F84A-43B2-95A5-F47DC30F1A5C}.Release|Any CPU.Build.0 = Release|Any CPU
		{BE8A8BAE-8EB6-4F54-89E6-CA44AACECEB6}.Debug|Any CPU.ActiveCfg = Debug|Any CPU
		{BE8A8BAE-8EB6-4F54-89E6-CA44AACECEB6}.Debug|Any CPU.Build.0 = Debug|Any CPU
		{BE8A8BAE-8EB6-4F54-89E6-CA44AACECEB6}.NPDebug|Any CPU.ActiveCfg = Debug|Any CPU
		{BE8A8BAE-8EB6-4F54-89E6-CA44AACECEB6}.NPDebug|Any CPU.Build.0 = Debug|Any CPU
		{BE8A8BAE-8EB6-4F54-89E6-CA44AACECEB6}.Release|Any CPU.ActiveCfg = Release|Any CPU
		{BE8A8BAE-8EB6-4F54-89E6-CA44AACECEB6}.Release|Any CPU.Build.0 = Release|Any CPU
		{E754BB24-447B-40EC-9EEB-F0C69E6EEA0E}.Debug|Any CPU.ActiveCfg = Debug|Any CPU
		{E754BB24-447B-40EC-9EEB-F0C69E6EEA0E}.Debug|Any CPU.Build.0 = Debug|Any CPU
		{E754BB24-447B-40EC-9EEB-F0C69E6EEA0E}.NPDebug|Any CPU.ActiveCfg = Debug|Any CPU
		{E754BB24-447B-40EC-9EEB-F0C69E6EEA0E}.NPDebug|Any CPU.Build.0 = Debug|Any CPU
		{E754BB24-447B-40EC-9EEB-F0C69E6EEA0E}.Release|Any CPU.ActiveCfg = Release|Any CPU
		{E754BB24-447B-40EC-9EEB-F0C69E6EEA0E}.Release|Any CPU.Build.0 = Release|Any CPU
		{499527FF-AE52-450F-B3E3-4AD53E1712AD}.Debug|Any CPU.ActiveCfg = Debug|Any CPU
		{499527FF-AE52-450F-B3E3-4AD53E1712AD}.Debug|Any CPU.Build.0 = Debug|Any CPU
		{499527FF-AE52-450F-B3E3-4AD53E1712AD}.NPDebug|Any CPU.ActiveCfg = Debug|Any CPU
		{499527FF-AE52-450F-B3E3-4AD53E1712AD}.NPDebug|Any CPU.Build.0 = Debug|Any CPU
		{499527FF-AE52-450F-B3E3-4AD53E1712AD}.Release|Any CPU.ActiveCfg = Release|Any CPU
		{499527FF-AE52-450F-B3E3-4AD53E1712AD}.Release|Any CPU.Build.0 = Release|Any CPU
		{9BC68E57-61E1-4084-9D12-749123B2B4CB}.Debug|Any CPU.ActiveCfg = Debug|Any CPU
		{9BC68E57-61E1-4084-9D12-749123B2B4CB}.Debug|Any CPU.Build.0 = Debug|Any CPU
		{9BC68E57-61E1-4084-9D12-749123B2B4CB}.NPDebug|Any CPU.ActiveCfg = Debug|Any CPU
		{9BC68E57-61E1-4084-9D12-749123B2B4CB}.NPDebug|Any CPU.Build.0 = Debug|Any CPU
		{9BC68E57-61E1-4084-9D12-749123B2B4CB}.Release|Any CPU.ActiveCfg = Release|Any CPU
		{9BC68E57-61E1-4084-9D12-749123B2B4CB}.Release|Any CPU.Build.0 = Release|Any CPU
		{86348B50-ECA9-4849-A221-73F0ED31713B}.Debug|Any CPU.ActiveCfg = Debug|Any CPU
		{86348B50-ECA9-4849-A221-73F0ED31713B}.Debug|Any CPU.Build.0 = Debug|Any CPU
		{86348B50-ECA9-4849-A221-73F0ED31713B}.NPDebug|Any CPU.ActiveCfg = Debug|Any CPU
		{86348B50-ECA9-4849-A221-73F0ED31713B}.NPDebug|Any CPU.Build.0 = Debug|Any CPU
		{86348B50-ECA9-4849-A221-73F0ED31713B}.Release|Any CPU.ActiveCfg = Release|Any CPU
		{86348B50-ECA9-4849-A221-73F0ED31713B}.Release|Any CPU.Build.0 = Release|Any CPU
		{BECFECBE-8EC2-485E-921E-2FB6FE048AAC}.Debug|Any CPU.ActiveCfg = Debug|Any CPU
		{BECFECBE-8EC2-485E-921E-2FB6FE048AAC}.Debug|Any CPU.Build.0 = Debug|Any CPU
		{BECFECBE-8EC2-485E-921E-2FB6FE048AAC}.NPDebug|Any CPU.ActiveCfg = Debug|Any CPU
		{BECFECBE-8EC2-485E-921E-2FB6FE048AAC}.NPDebug|Any CPU.Build.0 = Debug|Any CPU
		{BECFECBE-8EC2-485E-921E-2FB6FE048AAC}.Release|Any CPU.ActiveCfg = Release|Any CPU
		{BECFECBE-8EC2-485E-921E-2FB6FE048AAC}.Release|Any CPU.Build.0 = Release|Any CPU
		{9C4C8C7E-240F-46BD-A9BF-CF1875A026F1}.Debug|Any CPU.ActiveCfg = Debug|Any CPU
		{9C4C8C7E-240F-46BD-A9BF-CF1875A026F1}.Debug|Any CPU.Build.0 = Debug|Any CPU
		{9C4C8C7E-240F-46BD-A9BF-CF1875A026F1}.NPDebug|Any CPU.ActiveCfg = Debug|Any CPU
		{9C4C8C7E-240F-46BD-A9BF-CF1875A026F1}.NPDebug|Any CPU.Build.0 = Debug|Any CPU
		{9C4C8C7E-240F-46BD-A9BF-CF1875A026F1}.Release|Any CPU.ActiveCfg = Release|Any CPU
		{9C4C8C7E-240F-46BD-A9BF-CF1875A026F1}.Release|Any CPU.Build.0 = Release|Any CPU
		{FBBB9772-A706-4881-AA42-F3EBCA7A272B}.Debug|Any CPU.ActiveCfg = Debug|Any CPU
		{FBBB9772-A706-4881-AA42-F3EBCA7A272B}.Debug|Any CPU.Build.0 = Debug|Any CPU
		{FBBB9772-A706-4881-AA42-F3EBCA7A272B}.NPDebug|Any CPU.ActiveCfg = Debug|Any CPU
		{FBBB9772-A706-4881-AA42-F3EBCA7A272B}.NPDebug|Any CPU.Build.0 = Debug|Any CPU
		{FBBB9772-A706-4881-AA42-F3EBCA7A272B}.Release|Any CPU.ActiveCfg = Release|Any CPU
		{FBBB9772-A706-4881-AA42-F3EBCA7A272B}.Release|Any CPU.Build.0 = Release|Any CPU
		{C0871BAD-F76E-4EB8-AD78-858B794122AE}.Debug|Any CPU.ActiveCfg = Debug|Any CPU
		{C0871BAD-F76E-4EB8-AD78-858B794122AE}.Debug|Any CPU.Build.0 = Debug|Any CPU
		{C0871BAD-F76E-4EB8-AD78-858B794122AE}.NPDebug|Any CPU.ActiveCfg = Debug|Any CPU
		{C0871BAD-F76E-4EB8-AD78-858B794122AE}.NPDebug|Any CPU.Build.0 = Debug|Any CPU
		{C0871BAD-F76E-4EB8-AD78-858B794122AE}.Release|Any CPU.ActiveCfg = Release|Any CPU
		{C0871BAD-F76E-4EB8-AD78-858B794122AE}.Release|Any CPU.Build.0 = Release|Any CPU
		{44CECF36-B1C2-4BDA-BA63-8F66E803EF85}.Debug|Any CPU.ActiveCfg = Debug|Any CPU
		{44CECF36-B1C2-4BDA-BA63-8F66E803EF85}.Debug|Any CPU.Build.0 = Debug|Any CPU
		{44CECF36-B1C2-4BDA-BA63-8F66E803EF85}.NPDebug|Any CPU.ActiveCfg = Debug|Any CPU
		{44CECF36-B1C2-4BDA-BA63-8F66E803EF85}.NPDebug|Any CPU.Build.0 = Debug|Any CPU
		{44CECF36-B1C2-4BDA-BA63-8F66E803EF85}.Release|Any CPU.ActiveCfg = Release|Any CPU
		{44CECF36-B1C2-4BDA-BA63-8F66E803EF85}.Release|Any CPU.Build.0 = Release|Any CPU
		{59A98F56-001A-4094-B783-E7024768F425}.Debug|Any CPU.ActiveCfg = Debug|Any CPU
		{59A98F56-001A-4094-B783-E7024768F425}.Debug|Any CPU.Build.0 = Debug|Any CPU
		{59A98F56-001A-4094-B783-E7024768F425}.NPDebug|Any CPU.ActiveCfg = Debug|Any CPU
		{59A98F56-001A-4094-B783-E7024768F425}.NPDebug|Any CPU.Build.0 = Debug|Any CPU
		{59A98F56-001A-4094-B783-E7024768F425}.Release|Any CPU.ActiveCfg = Release|Any CPU
		{59A98F56-001A-4094-B783-E7024768F425}.Release|Any CPU.Build.0 = Release|Any CPU
		{4A052265-9896-4D0B-A9B0-14D052BC95D0}.Debug|Any CPU.ActiveCfg = Debug|Any CPU
		{4A052265-9896-4D0B-A9B0-14D052BC95D0}.Debug|Any CPU.Build.0 = Debug|Any CPU
		{4A052265-9896-4D0B-A9B0-14D052BC95D0}.NPDebug|Any CPU.ActiveCfg = Debug|Any CPU
		{4A052265-9896-4D0B-A9B0-14D052BC95D0}.NPDebug|Any CPU.Build.0 = Debug|Any CPU
		{4A052265-9896-4D0B-A9B0-14D052BC95D0}.Release|Any CPU.ActiveCfg = Release|Any CPU
		{4A052265-9896-4D0B-A9B0-14D052BC95D0}.Release|Any CPU.Build.0 = Release|Any CPU
	EndGlobalSection
	GlobalSection(SolutionProperties) = preSolution
		HideSolutionNode = FALSE
	EndGlobalSection
	GlobalSection(NestedProjects) = preSolution
		{DB783ED9-FDE6-458F-A094-457B7F4283A0} = {E3DC759D-B004-4E6C-8381-D5D5C74A5B92}
		{805A8237-05ED-40AE-8D1A-9288373EA5E0} = {E3DC759D-B004-4E6C-8381-D5D5C74A5B92}
		{1A8E047C-7893-4918-B415-CE3928E815D8} = {E3DC759D-B004-4E6C-8381-D5D5C74A5B92}
		{44FD9133-5FE7-4824-BD35-27273706D127} = {E3DC759D-B004-4E6C-8381-D5D5C74A5B92}
		{35FC288E-5A6F-4DB9-AE54-1B721735ED7D} = {E3DC759D-B004-4E6C-8381-D5D5C74A5B92}
		{7ADEDDCE-6903-4A58-94F5-D0B39B21330F} = {E3DC759D-B004-4E6C-8381-D5D5C74A5B92}
		{9676E4C3-1A1F-45B8-8FFD-C398F14002E7} = {E3DC759D-B004-4E6C-8381-D5D5C74A5B92}
		{5FB1569E-253E-42A7-A4E8-B4651FC6DCA2} = {E3DC759D-B004-4E6C-8381-D5D5C74A5B92}
		{D08F9A33-6D4E-43E9-86F2-8E79EC115B9E} = {E3DC759D-B004-4E6C-8381-D5D5C74A5B92}
		{7F415FBF-21FA-4E00-82DE-AAD8CEECC84B} = {E3DC759D-B004-4E6C-8381-D5D5C74A5B92}
		{E6C03D2A-D150-4473-9439-D300746A1390} = {E3DC759D-B004-4E6C-8381-D5D5C74A5B92}
		{FED3C829-D92A-4800-9462-A175CCAC4C70} = {E3DC759D-B004-4E6C-8381-D5D5C74A5B92}
		{C600657B-7E29-44B5-83A1-747FAB30D5D0} = {E3DC759D-B004-4E6C-8381-D5D5C74A5B92}
		{84A66716-C686-4B8E-A092-CFE38CA7DDE0} = {E3DC759D-B004-4E6C-8381-D5D5C74A5B92}
		{59DDC853-62AF-4F86-A803-3D4DD491E978} = {E3DC759D-B004-4E6C-8381-D5D5C74A5B92}
		{F6EA0941-40FF-4679-A1A6-EACD5C9BA42B} = {E3DC759D-B004-4E6C-8381-D5D5C74A5B92}
		{08EA4A4E-D815-47AE-9277-DA6672D36214} = {E3DC759D-B004-4E6C-8381-D5D5C74A5B92}
		{79B0EAC3-5159-4FC8-B3D8-53315B205444} = {E3DC759D-B004-4E6C-8381-D5D5C74A5B92}
		{BD4CF454-BE0B-490F-997D-665DA7EBEC96} = {E3DC759D-B004-4E6C-8381-D5D5C74A5B92}
		{E150EBF6-16F7-4299-B4BD-791757D6CC9E} = {E3DC759D-B004-4E6C-8381-D5D5C74A5B92}
		{3EDF4C94-F84A-43B2-95A5-F47DC30F1A5C} = {E3DC759D-B004-4E6C-8381-D5D5C74A5B92}
		{BE8A8BAE-8EB6-4F54-89E6-CA44AACECEB6} = {E3DC759D-B004-4E6C-8381-D5D5C74A5B92}
		{E754BB24-447B-40EC-9EEB-F0C69E6EEA0E} = {E3DC759D-B004-4E6C-8381-D5D5C74A5B92}
		{499527FF-AE52-450F-B3E3-4AD53E1712AD} = {E3DC759D-B004-4E6C-8381-D5D5C74A5B92}
		{86348B50-ECA9-4849-A221-73F0ED31713B} = {E3DC759D-B004-4E6C-8381-D5D5C74A5B92}
		{9C4C8C7E-240F-46BD-A9BF-CF1875A026F1} = {E3DC759D-B004-4E6C-8381-D5D5C74A5B92}
	EndGlobalSection
EndGlobal
